
Microsoft Visual Studio Solution File, Format Version 12.00
# Visual Studio 15
VisualStudioVersion = 15.0.27428.2037
MinimumVisualStudioVersion = 10.0.40219.1
Project("{8BC9CEB8-8B4A-11D0-8D11-00A0C91BC942}") = "TrasaAuth", "TrasaAuth\TrasaAuth.vcxproj", "{B037BB9A-4CEA-4F0D-9E2F-59A8C5E81FEB}"
EndProject
Global
	GlobalSection(SolutionConfigurationPlatforms) = preSolution
		Debug|x64 = Debug|x64
		Debug|x86 = Debug|x86
		Release|x64 = Release|x64
		Release|x86 = Release|x86
	EndGlobalSection
	GlobalSection(ProjectConfigurationPlatforms) = postSolution
		{B037BB9A-4CEA-4F0D-9E2F-59A8C5E81FEB}.Debug|x64.ActiveCfg = Debug|x64
		{B037BB9A-4CEA-4F0D-9E2F-59A8C5E81FEB}.Debug|x64.Build.0 = Debug|x64
		{B037BB9A-4CEA-4F0D-9E2F-59A8C5E81FEB}.Debug|x86.ActiveCfg = Debug|Win32
		{B037BB9A-4CEA-4F0D-9E2F-59A8C5E81FEB}.Debug|x86.Build.0 = Debug|Win32
		{B037BB9A-4CEA-4F0D-9E2F-59A8C5E81FEB}.Release|x64.ActiveCfg = Release|x64
		{B037BB9A-4CEA-4F0D-9E2F-59A8C5E81FEB}.Release|x64.Build.0 = Release|x64
		{B037BB9A-4CEA-4F0D-9E2F-59A8C5E81FEB}.Release|x86.ActiveCfg = Release|Win32
		{B037BB9A-4CEA-4F0D-9E2F-59A8C5E81FEB}.Release|x86.Build.0 = Release|Win32
	EndGlobalSection
	GlobalSection(SolutionProperties) = preSolution
		HideSolutionNode = FALSE
	EndGlobalSection
	GlobalSection(ExtensibilityGlobals) = postSolution
		SolutionGuid = {757BE2CA-B6DA-42FE-97D6-4A21B90086AF}
	EndGlobalSection
EndGlobal
