PODS:
  - boost-for-react-native (1.63.0)
  - CocoaAsyncSocket (7.6.4)
  - CocoaLibEvent (1.0.0)
  - DoubleConversion (1.1.6)
  - EXAppLoaderProvider (8.0.0)
  - EXConstants (9.1.1):
    - UMConstantsInterface
    - UMCore
  - EXDevice (2.2.1):
    - UMCore
  - EXErrorRecovery (1.2.1):
    - UMCore
  - EXFileSystem (9.0.1):
    - UMCore
    - UMFileSystemInterface
  - EXFont (8.2.1):
    - UMCore
    - UMFontInterface
  - EXKeepAwake (8.2.1):
    - UMCore
  - EXLinearGradient (8.2.1):
    - UMCore
  - EXLocation (8.2.1):
    - UMCore
    - UMPermissionsInterface
    - UMTaskManagerInterface
  - EXPermissions (9.0.1):
    - UMCore
    - UMPermissionsInterface
  - EXSecureStore (9.0.1):
    - UMCore
  - EXSplashScreen (0.3.1):
    - UMCore
  - EXSQLite (8.2.1):
    - UMCore
    - UMFileSystemInterface
  - FBLazyVector (0.63.1)
  - FBReactNativeSpec (0.63.1):
    - Folly (= 2020.01.13.00)
    - RCTRequired (= 0.63.1)
    - RCTTypeSafety (= 0.63.1)
    - React-Core (= 0.63.1)
    - React-jsi (= 0.63.1)
    - ReactCommon/turbomodule/core (= 0.63.1)
  - Firebase/Analytics (6.27.1):
    - Firebase/Core
  - Firebase/Core (6.27.1):
    - Firebase/CoreOnly
    - FirebaseAnalytics (= 6.6.2)
  - Firebase/CoreOnly (6.27.1):
    - FirebaseCore (= 6.8.1)
  - Firebase/Messaging (6.27.1):
    - Firebase/CoreOnly
    - FirebaseMessaging (~> 4.5.0)
  - Firebase/MLVision (6.27.1):
    - Firebase/CoreOnly
    - FirebaseMLVision (~> 0.20.1)
  - Firebase/MLVisionBarcodeModel (6.27.1):
    - Firebase/CoreOnly
    - FirebaseMLVisionBarcodeModel (~> 0.20.0)
  - Firebase/MLVisionFaceModel (6.27.1):
    - Firebase/CoreOnly
    - FirebaseMLVisionFaceModel (~> 0.20.0)
  - FirebaseAnalytics (6.6.2):
    - FirebaseCore (~> 6.8)
    - FirebaseInstallations (~> 1.4)
    - GoogleAppMeasurement (= 6.6.2)
    - GoogleUtilities/AppDelegateSwizzler (~> 6.0)
    - GoogleUtilities/MethodSwizzler (~> 6.0)
    - GoogleUtilities/Network (~> 6.0)
    - "GoogleUtilities/NSData+zlib (~> 6.0)"
    - nanopb (~> 1.30905.0)
  - FirebaseCore (6.8.1):
    - FirebaseCoreDiagnostics (~> 1.3)
    - GoogleUtilities/Environment (~> 6.5)
    - GoogleUtilities/Logger (~> 6.5)
  - FirebaseCoreDiagnostics (1.5.0):
    - GoogleDataTransport (~> 7.0)
    - GoogleUtilities/Environment (~> 6.7)
    - GoogleUtilities/Logger (~> 6.7)
    - nanopb (~> 1.30905.0)
  - FirebaseInstallations (1.5.0):
    - FirebaseCore (~> 6.8)
    - GoogleUtilities/Environment (~> 6.7)
    - GoogleUtilities/UserDefaults (~> 6.7)
    - PromisesObjC (~> 1.2)
  - FirebaseInstanceID (4.5.0):
    - FirebaseCore (~> 6.8)
    - FirebaseInstallations (~> 1.0)
    - GoogleUtilities/Environment (~> 6.7)
    - GoogleUtilities/UserDefaults (~> 6.7)
  - FirebaseMessaging (4.5.0):
    - FirebaseCore (~> 6.8)
    - FirebaseInstanceID (~> 4.3)
    - GoogleUtilities/AppDelegateSwizzler (~> 6.5)
    - GoogleUtilities/Environment (~> 6.5)
    - GoogleUtilities/Reachability (~> 6.5)
    - GoogleUtilities/UserDefaults (~> 6.5)
    - Protobuf (>= 3.9.2, ~> 3.9)
  - FirebaseMLCommon (0.20.1):
    - FirebaseCore (~> 6.7)
    - FirebaseInstanceID (~> 4.3)
    - GoogleToolboxForMac/Logger (~> 2.1)
    - "GoogleToolboxForMac/NSData+zlib (~> 2.1)"
    - "GoogleToolboxForMac/NSDictionary+URLArguments (~> 2.1)"
    - GoogleUtilities/UserDefaults (~> 6.0)
    - GTMSessionFetcher/Core (~> 1.1)
    - Protobuf (~> 3.12)
  - FirebaseMLVision (0.20.1):
    - FirebaseCore (~> 6.7)
    - FirebaseMLCommon (~> 0.20)
    - GoogleAPIClientForREST/Core (~> 1.3)
    - GoogleAPIClientForREST/Vision (~> 1.3)
    - GoogleToolboxForMac/Logger (~> 2.1)
    - "GoogleToolboxForMac/NSData+zlib (~> 2.1)"
    - GTMSessionFetcher/Core (~> 1.1)
    - Protobuf (~> 3.12)
  - FirebaseMLVisionBarcodeModel (0.20.0):
    - FirebaseMLVision (~> 0.20)
  - FirebaseMLVisionFaceModel (0.20.0):
    - FirebaseMLVision (~> 0.20)
  - Flipper (0.41.5):
    - Flipper-Folly (~> 2.2)
    - Flipper-RSocket (~> 1.1)
  - Flipper-DoubleConversion (1.1.7)
  - Flipper-Folly (2.2.0):
    - boost-for-react-native
    - CocoaLibEvent (~> 1.0)
    - Flipper-DoubleConversion
    - Flipper-Glog
    - OpenSSL-Universal (= 1.0.2.19)
  - Flipper-Glog (0.3.6)
  - Flipper-PeerTalk (0.0.4)
  - Flipper-RSocket (1.1.0):
    - Flipper-Folly (~> 2.2)
  - FlipperKit (0.41.5):
    - FlipperKit/Core (= 0.41.5)
  - FlipperKit/Core (0.41.5):
    - Flipper (~> 0.41.5)
    - FlipperKit/CppBridge
    - FlipperKit/FBCxxFollyDynamicConvert
    - FlipperKit/FBDefines
    - FlipperKit/FKPortForwarding
  - FlipperKit/CppBridge (0.41.5):
    - Flipper (~> 0.41.5)
  - FlipperKit/FBCxxFollyDynamicConvert (0.41.5):
    - Flipper-Folly (~> 2.2)
  - FlipperKit/FBDefines (0.41.5)
  - FlipperKit/FKPortForwarding (0.41.5):
    - CocoaAsyncSocket (~> 7.6)
    - Flipper-PeerTalk (~> 0.0.4)
  - FlipperKit/FlipperKitHighlightOverlay (0.41.5)
  - FlipperKit/FlipperKitLayoutPlugin (0.41.5):
    - FlipperKit/Core
    - FlipperKit/FlipperKitHighlightOverlay
    - FlipperKit/FlipperKitLayoutTextSearchable
    - YogaKit (~> 1.18)
  - FlipperKit/FlipperKitLayoutTextSearchable (0.41.5)
  - FlipperKit/FlipperKitNetworkPlugin (0.41.5):
    - FlipperKit/Core
  - FlipperKit/FlipperKitReactPlugin (0.41.5):
    - FlipperKit/Core
  - FlipperKit/FlipperKitUserDefaultsPlugin (0.41.5):
    - FlipperKit/Core
  - FlipperKit/SKIOSNetworkPlugin (0.41.5):
    - FlipperKit/Core
    - FlipperKit/FlipperKitNetworkPlugin
  - Folly (2020.01.13.00):
    - boost-for-react-native
    - DoubleConversion
    - Folly/Default (= 2020.01.13.00)
    - glog
  - Folly/Default (2020.01.13.00):
    - boost-for-react-native
    - DoubleConversion
    - glog
  - glog (0.3.5)
  - GoogleAPIClientForREST/Core (1.4.2):
    - GTMSessionFetcher (>= 1.1.7)
  - GoogleAPIClientForREST/Vision (1.4.2):
    - GoogleAPIClientForREST/Core
    - GTMSessionFetcher (>= 1.1.7)
  - GoogleAppMeasurement (6.6.2):
    - GoogleUtilities/AppDelegateSwizzler (~> 6.0)
    - GoogleUtilities/MethodSwizzler (~> 6.0)
    - GoogleUtilities/Network (~> 6.0)
    - "GoogleUtilities/NSData+zlib (~> 6.0)"
    - nanopb (~> 1.30905.0)
  - GoogleDataTransport (7.0.0):
    - nanopb (~> 1.30905.0)
  - GoogleToolboxForMac/DebugUtils (2.2.2):
    - GoogleToolboxForMac/Defines (= 2.2.2)
  - GoogleToolboxForMac/Defines (2.2.2)
  - GoogleToolboxForMac/Logger (2.2.2):
    - GoogleToolboxForMac/Defines (= 2.2.2)
  - "GoogleToolboxForMac/NSData+zlib (2.2.2)":
    - GoogleToolboxForMac/Defines (= 2.2.2)
  - "GoogleToolboxForMac/NSDictionary+URLArguments (2.2.2)":
    - GoogleToolboxForMac/DebugUtils (= 2.2.2)
    - GoogleToolboxForMac/Defines (= 2.2.2)
    - "GoogleToolboxForMac/NSString+URLArguments (= 2.2.2)"
  - "GoogleToolboxForMac/NSString+URLArguments (2.2.2)"
  - GoogleUtilities/AppDelegateSwizzler (6.7.1):
    - GoogleUtilities/Environment
    - GoogleUtilities/Logger
    - GoogleUtilities/Network
  - GoogleUtilities/Environment (6.7.1):
    - PromisesObjC (~> 1.2)
  - GoogleUtilities/Logger (6.7.1):
    - GoogleUtilities/Environment
  - GoogleUtilities/MethodSwizzler (6.7.1):
    - GoogleUtilities/Logger
  - GoogleUtilities/Network (6.7.1):
    - GoogleUtilities/Logger
    - "GoogleUtilities/NSData+zlib"
    - GoogleUtilities/Reachability
  - "GoogleUtilities/NSData+zlib (6.7.1)"
  - GoogleUtilities/Reachability (6.7.1):
    - GoogleUtilities/Logger
  - GoogleUtilities/UserDefaults (6.7.1):
    - GoogleUtilities/Logger
  - GTMSessionFetcher (1.4.0):
    - GTMSessionFetcher/Full (= 1.4.0)
  - GTMSessionFetcher/Core (1.4.0)
  - GTMSessionFetcher/Full (1.4.0):
    - GTMSessionFetcher/Core (= 1.4.0)
  - jail-monkey (2.3.2):
    - React
  - nanopb (1.30905.0):
    - nanopb/decode (= 1.30905.0)
    - nanopb/encode (= 1.30905.0)
  - nanopb/decode (1.30905.0)
  - nanopb/encode (1.30905.0)
  - OpenSSL-Universal (1.0.2.19):
    - OpenSSL-Universal/Static (= 1.0.2.19)
  - OpenSSL-Universal/Static (1.0.2.19)
  - Permission-Camera (2.1.5):
    - RNPermissions
  - Permission-Notifications (2.1.5):
    - RNPermissions
  - PromisesObjC (1.2.9)
  - Protobuf (3.12.0)
  - RCTRequired (0.63.1)
  - RCTTypeSafety (0.63.1):
    - FBLazyVector (= 0.63.1)
    - Folly (= 2020.01.13.00)
    - RCTRequired (= 0.63.1)
    - React-Core (= 0.63.1)
  - React (0.63.1):
    - React-Core (= 0.63.1)
    - React-Core/DevSupport (= 0.63.1)
    - React-Core/RCTWebSocket (= 0.63.1)
    - React-RCTActionSheet (= 0.63.1)
    - React-RCTAnimation (= 0.63.1)
    - React-RCTBlob (= 0.63.1)
    - React-RCTImage (= 0.63.1)
    - React-RCTLinking (= 0.63.1)
    - React-RCTNetwork (= 0.63.1)
    - React-RCTSettings (= 0.63.1)
    - React-RCTText (= 0.63.1)
    - React-RCTVibration (= 0.63.1)
  - React-callinvoker (0.63.1)
  - React-Core (0.63.1):
    - Folly (= 2020.01.13.00)
    - glog
    - React-Core/Default (= 0.63.1)
    - React-cxxreact (= 0.63.1)
    - React-jsi (= 0.63.1)
    - React-jsiexecutor (= 0.63.1)
    - Yoga
  - React-Core/CoreModulesHeaders (0.63.1):
    - Folly (= 2020.01.13.00)
    - glog
    - React-Core/Default
    - React-cxxreact (= 0.63.1)
    - React-jsi (= 0.63.1)
    - React-jsiexecutor (= 0.63.1)
    - Yoga
  - React-Core/Default (0.63.1):
    - Folly (= 2020.01.13.00)
    - glog
    - React-cxxreact (= 0.63.1)
    - React-jsi (= 0.63.1)
    - React-jsiexecutor (= 0.63.1)
    - Yoga
  - React-Core/DevSupport (0.63.1):
    - Folly (= 2020.01.13.00)
    - glog
    - React-Core/Default (= 0.63.1)
    - React-Core/RCTWebSocket (= 0.63.1)
    - React-cxxreact (= 0.63.1)
    - React-jsi (= 0.63.1)
    - React-jsiexecutor (= 0.63.1)
    - React-jsinspector (= 0.63.1)
    - Yoga
  - React-Core/RCTActionSheetHeaders (0.63.1):
    - Folly (= 2020.01.13.00)
    - glog
    - React-Core/Default
    - React-cxxreact (= 0.63.1)
    - React-jsi (= 0.63.1)
    - React-jsiexecutor (= 0.63.1)
    - Yoga
  - React-Core/RCTAnimationHeaders (0.63.1):
    - Folly (= 2020.01.13.00)
    - glog
    - React-Core/Default
    - React-cxxreact (= 0.63.1)
    - React-jsi (= 0.63.1)
    - React-jsiexecutor (= 0.63.1)
    - Yoga
  - React-Core/RCTBlobHeaders (0.63.1):
    - Folly (= 2020.01.13.00)
    - glog
    - React-Core/Default
    - React-cxxreact (= 0.63.1)
    - React-jsi (= 0.63.1)
    - React-jsiexecutor (= 0.63.1)
    - Yoga
  - React-Core/RCTImageHeaders (0.63.1):
    - Folly (= 2020.01.13.00)
    - glog
    - React-Core/Default
    - React-cxxreact (= 0.63.1)
    - React-jsi (= 0.63.1)
    - React-jsiexecutor (= 0.63.1)
    - Yoga
  - React-Core/RCTLinkingHeaders (0.63.1):
    - Folly (= 2020.01.13.00)
    - glog
    - React-Core/Default
    - React-cxxreact (= 0.63.1)
    - React-jsi (= 0.63.1)
    - React-jsiexecutor (= 0.63.1)
    - Yoga
  - React-Core/RCTNetworkHeaders (0.63.1):
    - Folly (= 2020.01.13.00)
    - glog
    - React-Core/Default
    - React-cxxreact (= 0.63.1)
    - React-jsi (= 0.63.1)
    - React-jsiexecutor (= 0.63.1)
    - Yoga
  - React-Core/RCTSettingsHeaders (0.63.1):
    - Folly (= 2020.01.13.00)
    - glog
    - React-Core/Default
    - React-cxxreact (= 0.63.1)
    - React-jsi (= 0.63.1)
    - React-jsiexecutor (= 0.63.1)
    - Yoga
  - React-Core/RCTTextHeaders (0.63.1):
    - Folly (= 2020.01.13.00)
    - glog
    - React-Core/Default
    - React-cxxreact (= 0.63.1)
    - React-jsi (= 0.63.1)
    - React-jsiexecutor (= 0.63.1)
    - Yoga
  - React-Core/RCTVibrationHeaders (0.63.1):
    - Folly (= 2020.01.13.00)
    - glog
    - React-Core/Default
    - React-cxxreact (= 0.63.1)
    - React-jsi (= 0.63.1)
    - React-jsiexecutor (= 0.63.1)
    - Yoga
  - React-Core/RCTWebSocket (0.63.1):
    - Folly (= 2020.01.13.00)
    - glog
    - React-Core/Default (= 0.63.1)
    - React-cxxreact (= 0.63.1)
    - React-jsi (= 0.63.1)
    - React-jsiexecutor (= 0.63.1)
    - Yoga
  - React-CoreModules (0.63.1):
    - FBReactNativeSpec (= 0.63.1)
    - Folly (= 2020.01.13.00)
    - RCTTypeSafety (= 0.63.1)
    - React-Core/CoreModulesHeaders (= 0.63.1)
    - React-jsi (= 0.63.1)
    - React-RCTImage (= 0.63.1)
    - ReactCommon/turbomodule/core (= 0.63.1)
  - React-cxxreact (0.63.1):
    - boost-for-react-native (= 1.63.0)
    - DoubleConversion
    - Folly (= 2020.01.13.00)
    - glog
    - React-callinvoker (= 0.63.1)
    - React-jsinspector (= 0.63.1)
  - React-jsi (0.63.1):
    - boost-for-react-native (= 1.63.0)
    - DoubleConversion
    - Folly (= 2020.01.13.00)
    - glog
    - React-jsi/Default (= 0.63.1)
  - React-jsi/Default (0.63.1):
    - boost-for-react-native (= 1.63.0)
    - DoubleConversion
    - Folly (= 2020.01.13.00)
    - glog
  - React-jsiexecutor (0.63.1):
    - DoubleConversion
    - Folly (= 2020.01.13.00)
    - glog
    - React-cxxreact (= 0.63.1)
    - React-jsi (= 0.63.1)
  - React-jsinspector (0.63.1)
  - react-native-blur (0.8.0):
    - React
  - react-native-camera (3.35.0):
    - React
    - react-native-camera/RCT (= 3.35.0)
    - react-native-camera/RN (= 3.35.0)
  - react-native-camera/BarcodeDetectorMLKit (3.35.0):
    - Firebase/MLVision
    - Firebase/MLVisionBarcodeModel
    - React
    - react-native-camera/RCT
    - react-native-camera/RN
  - react-native-camera/FaceDetectorMLKit (3.35.0):
    - Firebase/MLVision
    - Firebase/MLVisionFaceModel
    - React
    - react-native-camera/RCT
    - react-native-camera/RN
  - react-native-camera/RCT (3.35.0):
    - React
  - react-native-camera/RN (3.35.0):
    - React
  - react-native-document-picker (3.5.4):
    - React
  - react-native-netinfo (5.9.5):
    - React
  - react-native-rsa-native (1.1.4):
    - React
  - react-native-safe-area-context (3.1.1):
    - React
  - React-RCTActionSheet (0.63.1):
    - React-Core/RCTActionSheetHeaders (= 0.63.1)
  - React-RCTAnimation (0.63.1):
    - FBReactNativeSpec (= 0.63.1)
    - Folly (= 2020.01.13.00)
    - RCTTypeSafety (= 0.63.1)
    - React-Core/RCTAnimationHeaders (= 0.63.1)
    - React-jsi (= 0.63.1)
    - ReactCommon/turbomodule/core (= 0.63.1)
  - React-RCTBlob (0.63.1):
    - FBReactNativeSpec (= 0.63.1)
    - Folly (= 2020.01.13.00)
    - React-Core/RCTBlobHeaders (= 0.63.1)
    - React-Core/RCTWebSocket (= 0.63.1)
    - React-jsi (= 0.63.1)
    - React-RCTNetwork (= 0.63.1)
    - ReactCommon/turbomodule/core (= 0.63.1)
  - React-RCTImage (0.63.1):
    - FBReactNativeSpec (= 0.63.1)
    - Folly (= 2020.01.13.00)
    - RCTTypeSafety (= 0.63.1)
    - React-Core/RCTImageHeaders (= 0.63.1)
    - React-jsi (= 0.63.1)
    - React-RCTNetwork (= 0.63.1)
    - ReactCommon/turbomodule/core (= 0.63.1)
  - React-RCTLinking (0.63.1):
    - FBReactNativeSpec (= 0.63.1)
    - React-Core/RCTLinkingHeaders (= 0.63.1)
    - React-jsi (= 0.63.1)
    - ReactCommon/turbomodule/core (= 0.63.1)
  - React-RCTNetwork (0.63.1):
    - FBReactNativeSpec (= 0.63.1)
    - Folly (= 2020.01.13.00)
    - RCTTypeSafety (= 0.63.1)
    - React-Core/RCTNetworkHeaders (= 0.63.1)
    - React-jsi (= 0.63.1)
    - ReactCommon/turbomodule/core (= 0.63.1)
  - React-RCTSettings (0.63.1):
    - FBReactNativeSpec (= 0.63.1)
    - Folly (= 2020.01.13.00)
    - RCTTypeSafety (= 0.63.1)
    - React-Core/RCTSettingsHeaders (= 0.63.1)
    - React-jsi (= 0.63.1)
    - ReactCommon/turbomodule/core (= 0.63.1)
  - React-RCTText (0.63.1):
    - React-Core/RCTTextHeaders (= 0.63.1)
  - React-RCTVibration (0.63.1):
    - FBReactNativeSpec (= 0.63.1)
    - Folly (= 2020.01.13.00)
    - React-Core/RCTVibrationHeaders (= 0.63.1)
    - React-jsi (= 0.63.1)
    - ReactCommon/turbomodule/core (= 0.63.1)
  - ReactCommon/turbomodule/core (0.63.1):
    - DoubleConversion
    - Folly (= 2020.01.13.00)
    - glog
    - React-callinvoker (= 0.63.1)
    - React-Core (= 0.63.1)
    - React-cxxreact (= 0.63.1)
    - React-jsi (= 0.63.1)
  - RNBootSplash (2.2.5):
    - React
  - RNCAsyncStorage (1.11.0):
    - React
  - RNCMaskedView (0.1.10):
    - React
  - RNDeviceInfo (4.0.1):
    - React
  - RNFBApp (8.2.0):
    - Firebase/CoreOnly (~> 6.27.0)
    - React
  - RNFBMessaging (7.5.0):
    - Firebase/Analytics (~> 6.27.0)
    - Firebase/Messaging (~> 6.27.0)
    - React
    - RNFBApp
  - RNFS (2.16.6):
    - React
  - RNGestureHandler (1.7.0):
    - React
  - RNPermissions (2.1.5):
    - React
  - RNReanimated (1.10.1):
    - React
  - RNScreens (2.9.0):
    - React
  - RNSVG (9.13.6):
    - React
  - RNVectorIcons (6.7.0):
    - React
  - toolbar-android (0.1.0-rc.2):
    - React
  - UMAppLoader (1.2.0)
  - UMBarCodeScannerInterface (5.2.1)
  - UMCameraInterface (5.2.1)
  - UMConstantsInterface (5.2.1)
  - UMCore (5.3.0)
  - UMFaceDetectorInterface (5.2.1)
  - UMFileSystemInterface (5.2.1)
  - UMFontInterface (5.2.1)
  - UMImageLoaderInterface (5.2.1)
  - UMPermissionsInterface (5.2.1):
    - UMCore
  - UMReactNativeAdapter (5.4.0):
    - React-Core
    - UMCore
    - UMFontInterface
  - UMSensorsInterface (5.2.1)
  - UMTaskManagerInterface (5.2.1)
  - Yoga (1.14.0)
  - YogaKit (1.18.1):
    - Yoga (~> 1.14)

DEPENDENCIES:
  - DoubleConversion (from `/Users/bhrg3se/seknox/code/trasa/trasa-native/node_modules/react-native/third-party-podspecs/DoubleConversion.podspec`)
  - EXAppLoaderProvider (from `../node_modules/expo-app-loader-provider/ios`)
  - EXConstants (from `../node_modules/expo-constants/ios`)
  - EXDevice (from `../node_modules/expo-device/ios`)
  - EXErrorRecovery (from `../node_modules/expo-error-recovery/ios`)
  - EXFileSystem (from `../node_modules/expo-file-system/ios`)
  - EXFont (from `../node_modules/expo-font/ios`)
  - EXKeepAwake (from `../node_modules/expo-keep-awake/ios`)
  - EXLinearGradient (from `../node_modules/expo-linear-gradient/ios`)
  - EXLocation (from `../node_modules/expo-location/ios`)
  - EXPermissions (from `../node_modules/expo-permissions/ios`)
  - EXSecureStore (from `../node_modules/expo-secure-store/ios`)
  - EXSplashScreen (from `../node_modules/expo-splash-screen/ios`)
  - EXSQLite (from `../node_modules/expo-sqlite/ios`)
  - FBLazyVector (from `/Users/bhrg3se/seknox/code/trasa/trasa-native/node_modules/react-native/Libraries/FBLazyVector`)
  - FBReactNativeSpec (from `/Users/bhrg3se/seknox/code/trasa/trasa-native/node_modules/react-native/Libraries/FBReactNativeSpec`)
  - Flipper (~> 0.41.1)
  - Flipper-DoubleConversion (= 1.1.7)
  - Flipper-Folly (~> 2.2)
  - Flipper-Glog (= 0.3.6)
  - Flipper-PeerTalk (~> 0.0.4)
  - Flipper-RSocket (~> 1.1)
  - FlipperKit (~> 0.41.1)
  - FlipperKit/Core (~> 0.41.1)
  - FlipperKit/CppBridge (~> 0.41.1)
  - FlipperKit/FBCxxFollyDynamicConvert (~> 0.41.1)
  - FlipperKit/FBDefines (~> 0.41.1)
  - FlipperKit/FKPortForwarding (~> 0.41.1)
  - FlipperKit/FlipperKitHighlightOverlay (~> 0.41.1)
  - FlipperKit/FlipperKitLayoutPlugin (~> 0.41.1)
  - FlipperKit/FlipperKitLayoutTextSearchable (~> 0.41.1)
  - FlipperKit/FlipperKitNetworkPlugin (~> 0.41.1)
  - FlipperKit/FlipperKitReactPlugin (~> 0.41.1)
  - FlipperKit/FlipperKitUserDefaultsPlugin (~> 0.41.1)
  - FlipperKit/SKIOSNetworkPlugin (~> 0.41.1)
  - Folly (from `/Users/bhrg3se/seknox/code/trasa/trasa-native/node_modules/react-native/third-party-podspecs/Folly.podspec`)
  - glog (from `/Users/bhrg3se/seknox/code/trasa/trasa-native/node_modules/react-native/third-party-podspecs/glog.podspec`)
  - jail-monkey (from `../node_modules/jail-monkey`)
  - Permission-Camera (from `../node_modules/react-native-permissions/ios/Camera.podspec`)
  - Permission-Notifications (from `../node_modules/react-native-permissions/ios/Notifications.podspec`)
  - RCTRequired (from `/Users/bhrg3se/seknox/code/trasa/trasa-native/node_modules/react-native/Libraries/RCTRequired`)
  - RCTTypeSafety (from `/Users/bhrg3se/seknox/code/trasa/trasa-native/node_modules/react-native/Libraries/TypeSafety`)
  - React (from `/Users/bhrg3se/seknox/code/trasa/trasa-native/node_modules/react-native/`)
  - React-callinvoker (from `/Users/bhrg3se/seknox/code/trasa/trasa-native/node_modules/react-native/ReactCommon/callinvoker`)
  - React-Core (from `/Users/bhrg3se/seknox/code/trasa/trasa-native/node_modules/react-native/`)
  - React-Core/DevSupport (from `/Users/bhrg3se/seknox/code/trasa/trasa-native/node_modules/react-native/`)
  - React-Core/RCTWebSocket (from `/Users/bhrg3se/seknox/code/trasa/trasa-native/node_modules/react-native/`)
  - React-CoreModules (from `/Users/bhrg3se/seknox/code/trasa/trasa-native/node_modules/react-native/React/CoreModules`)
  - React-cxxreact (from `/Users/bhrg3se/seknox/code/trasa/trasa-native/node_modules/react-native/ReactCommon/cxxreact`)
  - React-jsi (from `/Users/bhrg3se/seknox/code/trasa/trasa-native/node_modules/react-native/ReactCommon/jsi`)
  - React-jsiexecutor (from `/Users/bhrg3se/seknox/code/trasa/trasa-native/node_modules/react-native/ReactCommon/jsiexecutor`)
  - React-jsinspector (from `/Users/bhrg3se/seknox/code/trasa/trasa-native/node_modules/react-native/ReactCommon/jsinspector`)
  - "react-native-blur (from `../node_modules/@react-native-community/blur`)"
  - react-native-camera (from `../node_modules/react-native-camera`)
  - react-native-camera/BarcodeDetectorMLKit (from `../node_modules/react-native-camera`)
  - react-native-camera/FaceDetectorMLKit (from `../node_modules/react-native-camera`)
  - react-native-document-picker (from `../node_modules/react-native-document-picker`)
  - "react-native-netinfo (from `../node_modules/@react-native-community/netinfo`)"
  - react-native-rsa-native (from `../node_modules/react-native-rsa-native`)
  - react-native-safe-area-context (from `../node_modules/react-native-safe-area-context`)
  - React-RCTActionSheet (from `/Users/bhrg3se/seknox/code/trasa/trasa-native/node_modules/react-native/Libraries/ActionSheetIOS`)
  - React-RCTAnimation (from `/Users/bhrg3se/seknox/code/trasa/trasa-native/node_modules/react-native/Libraries/NativeAnimation`)
  - React-RCTBlob (from `/Users/bhrg3se/seknox/code/trasa/trasa-native/node_modules/react-native/Libraries/Blob`)
  - React-RCTImage (from `/Users/bhrg3se/seknox/code/trasa/trasa-native/node_modules/react-native/Libraries/Image`)
  - React-RCTLinking (from `/Users/bhrg3se/seknox/code/trasa/trasa-native/node_modules/react-native/Libraries/LinkingIOS`)
  - React-RCTNetwork (from `/Users/bhrg3se/seknox/code/trasa/trasa-native/node_modules/react-native/Libraries/Network`)
  - React-RCTSettings (from `/Users/bhrg3se/seknox/code/trasa/trasa-native/node_modules/react-native/Libraries/Settings`)
  - React-RCTText (from `/Users/bhrg3se/seknox/code/trasa/trasa-native/node_modules/react-native/Libraries/Text`)
  - React-RCTVibration (from `/Users/bhrg3se/seknox/code/trasa/trasa-native/node_modules/react-native/Libraries/Vibration`)
  - ReactCommon/turbomodule/core (from `/Users/bhrg3se/seknox/code/trasa/trasa-native/node_modules/react-native/ReactCommon`)
  - RNBootSplash (from `../node_modules/react-native-bootsplash`)
  - "RNCAsyncStorage (from `../node_modules/@react-native-community/async-storage`)"
  - "RNCMaskedView (from `../node_modules/@react-native-community/masked-view`)"
  - RNDeviceInfo (from `../node_modules/react-native-device-info`)
  - "RNFBApp (from `../node_modules/@react-native-firebase/app`)"
  - "RNFBMessaging (from `../node_modules/@react-native-firebase/messaging`)"
  - RNFS (from `../node_modules/react-native-fs`)
  - RNGestureHandler (from `../node_modules/react-native-gesture-handler`)
  - RNPermissions (from `../node_modules/react-native-permissions`)
  - RNReanimated (from `../node_modules/react-native-reanimated`)
  - RNScreens (from `../node_modules/react-native-screens`)
  - RNSVG (from `../node_modules/react-native-svg`)
  - RNVectorIcons (from `../node_modules/react-native-vector-icons`)
  - "toolbar-android (from `../node_modules/@react-native-community/toolbar-android`)"
  - UMAppLoader (from `../node_modules/unimodules-app-loader/ios`)
  - UMBarCodeScannerInterface (from `../node_modules/unimodules-barcode-scanner-interface/ios`)
  - UMCameraInterface (from `../node_modules/unimodules-camera-interface/ios`)
  - UMConstantsInterface (from `../node_modules/unimodules-constants-interface/ios`)
  - "UMCore (from `../node_modules/@unimodules/core/ios`)"
  - UMFaceDetectorInterface (from `../node_modules/unimodules-face-detector-interface/ios`)
  - UMFileSystemInterface (from `../node_modules/unimodules-file-system-interface/ios`)
  - UMFontInterface (from `../node_modules/unimodules-font-interface/ios`)
  - UMImageLoaderInterface (from `../node_modules/unimodules-image-loader-interface/ios`)
  - UMPermissionsInterface (from `../node_modules/unimodules-permissions-interface/ios`)
  - "UMReactNativeAdapter (from `../node_modules/@unimodules/react-native-adapter/ios`)"
  - UMSensorsInterface (from `../node_modules/unimodules-sensors-interface/ios`)
  - UMTaskManagerInterface (from `../node_modules/unimodules-task-manager-interface/ios`)
  - Yoga (from `/Users/bhrg3se/seknox/code/trasa/trasa-native/node_modules/react-native/ReactCommon/yoga`)

SPEC REPOS:
  trunk:
    - boost-for-react-native
    - CocoaAsyncSocket
    - CocoaLibEvent
    - Firebase
    - FirebaseAnalytics
    - FirebaseCore
    - FirebaseCoreDiagnostics
    - FirebaseInstallations
    - FirebaseInstanceID
    - FirebaseMessaging
    - FirebaseMLCommon
    - FirebaseMLVision
    - FirebaseMLVisionBarcodeModel
    - FirebaseMLVisionFaceModel
    - Flipper
    - Flipper-DoubleConversion
    - Flipper-Folly
    - Flipper-Glog
    - Flipper-PeerTalk
    - Flipper-RSocket
    - FlipperKit
    - GoogleAPIClientForREST
    - GoogleAppMeasurement
    - GoogleDataTransport
    - GoogleToolboxForMac
    - GoogleUtilities
    - GTMSessionFetcher
    - nanopb
    - OpenSSL-Universal
    - PromisesObjC
    - Protobuf
    - YogaKit

EXTERNAL SOURCES:
  DoubleConversion:
    :podspec: "/Users/bhrg3se/seknox/code/trasa/trasa-native/node_modules/react-native/third-party-podspecs/DoubleConversion.podspec"
  EXAppLoaderProvider:
    :path: !ruby/object:Pathname
    path: "../node_modules/expo-app-loader-provider/ios"
  EXConstants:
    :path: !ruby/object:Pathname
    path: "../node_modules/expo-constants/ios"
  EXDevice:
    :path: !ruby/object:Pathname
    path: "../node_modules/expo-device/ios"
  EXErrorRecovery:
    :path: !ruby/object:Pathname
    path: "../node_modules/expo-error-recovery/ios"
  EXFileSystem:
    :path: !ruby/object:Pathname
    path: "../node_modules/expo-file-system/ios"
  EXFont:
    :path: !ruby/object:Pathname
    path: "../node_modules/expo-font/ios"
  EXKeepAwake:
    :path: !ruby/object:Pathname
    path: "../node_modules/expo-keep-awake/ios"
  EXLinearGradient:
    :path: !ruby/object:Pathname
    path: "../node_modules/expo-linear-gradient/ios"
  EXLocation:
    :path: !ruby/object:Pathname
    path: "../node_modules/expo-location/ios"
  EXPermissions:
    :path: !ruby/object:Pathname
    path: "../node_modules/expo-permissions/ios"
  EXSecureStore:
    :path: !ruby/object:Pathname
    path: "../node_modules/expo-secure-store/ios"
  EXSplashScreen:
    :path: !ruby/object:Pathname
    path: "../node_modules/expo-splash-screen/ios"
  EXSQLite:
    :path: !ruby/object:Pathname
    path: "../node_modules/expo-sqlite/ios"
  FBLazyVector:
    :path: "/Users/bhrg3se/seknox/code/trasa/trasa-native/node_modules/react-native/Libraries/FBLazyVector"
  FBReactNativeSpec:
    :path: "/Users/bhrg3se/seknox/code/trasa/trasa-native/node_modules/react-native/Libraries/FBReactNativeSpec"
  Folly:
    :podspec: "/Users/bhrg3se/seknox/code/trasa/trasa-native/node_modules/react-native/third-party-podspecs/Folly.podspec"
  glog:
    :podspec: "/Users/bhrg3se/seknox/code/trasa/trasa-native/node_modules/react-native/third-party-podspecs/glog.podspec"
  jail-monkey:
    :path: "../node_modules/jail-monkey"
  Permission-Camera:
    :path: "../node_modules/react-native-permissions/ios/Camera.podspec"
  Permission-Notifications:
    :path: "../node_modules/react-native-permissions/ios/Notifications.podspec"
  RCTRequired:
    :path: "/Users/bhrg3se/seknox/code/trasa/trasa-native/node_modules/react-native/Libraries/RCTRequired"
  RCTTypeSafety:
    :path: "/Users/bhrg3se/seknox/code/trasa/trasa-native/node_modules/react-native/Libraries/TypeSafety"
  React:
    :path: "/Users/bhrg3se/seknox/code/trasa/trasa-native/node_modules/react-native/"
  React-callinvoker:
    :path: "/Users/bhrg3se/seknox/code/trasa/trasa-native/node_modules/react-native/ReactCommon/callinvoker"
  React-Core:
    :path: "/Users/bhrg3se/seknox/code/trasa/trasa-native/node_modules/react-native/"
  React-CoreModules:
    :path: "/Users/bhrg3se/seknox/code/trasa/trasa-native/node_modules/react-native/React/CoreModules"
  React-cxxreact:
    :path: "/Users/bhrg3se/seknox/code/trasa/trasa-native/node_modules/react-native/ReactCommon/cxxreact"
  React-jsi:
    :path: "/Users/bhrg3se/seknox/code/trasa/trasa-native/node_modules/react-native/ReactCommon/jsi"
  React-jsiexecutor:
    :path: "/Users/bhrg3se/seknox/code/trasa/trasa-native/node_modules/react-native/ReactCommon/jsiexecutor"
  React-jsinspector:
    :path: "/Users/bhrg3se/seknox/code/trasa/trasa-native/node_modules/react-native/ReactCommon/jsinspector"
  react-native-blur:
    :path: "../node_modules/@react-native-community/blur"
  react-native-camera:
    :path: "../node_modules/react-native-camera"
  react-native-document-picker:
    :path: "../node_modules/react-native-document-picker"
  react-native-netinfo:
    :path: "../node_modules/@react-native-community/netinfo"
  react-native-rsa-native:
    :path: "../node_modules/react-native-rsa-native"
  react-native-safe-area-context:
    :path: "../node_modules/react-native-safe-area-context"
  React-RCTActionSheet:
    :path: "/Users/bhrg3se/seknox/code/trasa/trasa-native/node_modules/react-native/Libraries/ActionSheetIOS"
  React-RCTAnimation:
    :path: "/Users/bhrg3se/seknox/code/trasa/trasa-native/node_modules/react-native/Libraries/NativeAnimation"
  React-RCTBlob:
    :path: "/Users/bhrg3se/seknox/code/trasa/trasa-native/node_modules/react-native/Libraries/Blob"
  React-RCTImage:
    :path: "/Users/bhrg3se/seknox/code/trasa/trasa-native/node_modules/react-native/Libraries/Image"
  React-RCTLinking:
    :path: "/Users/bhrg3se/seknox/code/trasa/trasa-native/node_modules/react-native/Libraries/LinkingIOS"
  React-RCTNetwork:
    :path: "/Users/bhrg3se/seknox/code/trasa/trasa-native/node_modules/react-native/Libraries/Network"
  React-RCTSettings:
    :path: "/Users/bhrg3se/seknox/code/trasa/trasa-native/node_modules/react-native/Libraries/Settings"
  React-RCTText:
    :path: "/Users/bhrg3se/seknox/code/trasa/trasa-native/node_modules/react-native/Libraries/Text"
  React-RCTVibration:
    :path: "/Users/bhrg3se/seknox/code/trasa/trasa-native/node_modules/react-native/Libraries/Vibration"
  ReactCommon:
    :path: "/Users/bhrg3se/seknox/code/trasa/trasa-native/node_modules/react-native/ReactCommon"
  RNBootSplash:
    :path: "../node_modules/react-native-bootsplash"
  RNCAsyncStorage:
    :path: "../node_modules/@react-native-community/async-storage"
  RNCMaskedView:
    :path: "../node_modules/@react-native-community/masked-view"
  RNDeviceInfo:
    :path: "../node_modules/react-native-device-info"
  RNFBApp:
    :path: "../node_modules/@react-native-firebase/app"
  RNFBMessaging:
    :path: "../node_modules/@react-native-firebase/messaging"
  RNFS:
    :path: "../node_modules/react-native-fs"
  RNGestureHandler:
    :path: "../node_modules/react-native-gesture-handler"
  RNPermissions:
    :path: "../node_modules/react-native-permissions"
  RNReanimated:
    :path: "../node_modules/react-native-reanimated"
  RNScreens:
    :path: "../node_modules/react-native-screens"
  RNSVG:
    :path: "../node_modules/react-native-svg"
  RNVectorIcons:
    :path: "../node_modules/react-native-vector-icons"
  toolbar-android:
    :path: "../node_modules/@react-native-community/toolbar-android"
  UMAppLoader:
    :path: !ruby/object:Pathname
    path: "../node_modules/unimodules-app-loader/ios"
  UMBarCodeScannerInterface:
    :path: !ruby/object:Pathname
    path: "../node_modules/unimodules-barcode-scanner-interface/ios"
  UMCameraInterface:
    :path: !ruby/object:Pathname
    path: "../node_modules/unimodules-camera-interface/ios"
  UMConstantsInterface:
    :path: !ruby/object:Pathname
    path: "../node_modules/unimodules-constants-interface/ios"
  UMCore:
    :path: !ruby/object:Pathname
    path: "../node_modules/@unimodules/core/ios"
  UMFaceDetectorInterface:
    :path: !ruby/object:Pathname
    path: "../node_modules/unimodules-face-detector-interface/ios"
  UMFileSystemInterface:
    :path: !ruby/object:Pathname
    path: "../node_modules/unimodules-file-system-interface/ios"
  UMFontInterface:
    :path: !ruby/object:Pathname
    path: "../node_modules/unimodules-font-interface/ios"
  UMImageLoaderInterface:
    :path: !ruby/object:Pathname
    path: "../node_modules/unimodules-image-loader-interface/ios"
  UMPermissionsInterface:
    :path: !ruby/object:Pathname
    path: "../node_modules/unimodules-permissions-interface/ios"
  UMReactNativeAdapter:
    :path: !ruby/object:Pathname
    path: "../node_modules/@unimodules/react-native-adapter/ios"
  UMSensorsInterface:
    :path: !ruby/object:Pathname
    path: "../node_modules/unimodules-sensors-interface/ios"
  UMTaskManagerInterface:
    :path: !ruby/object:Pathname
    path: "../node_modules/unimodules-task-manager-interface/ios"
  Yoga:
    :path: "/Users/bhrg3se/seknox/code/trasa/trasa-native/node_modules/react-native/ReactCommon/yoga"

SPEC CHECKSUMS:
  boost-for-react-native: 39c7adb57c4e60d6c5479dd8623128eb5b3f0f2c
  CocoaAsyncSocket: 694058e7c0ed05a9e217d1b3c7ded962f4180845
  CocoaLibEvent: 2fab71b8bd46dd33ddb959f7928ec5909f838e3f
  DoubleConversion: cde416483dac037923206447da6e1454df403714
  EXAppLoaderProvider: f6aeb45ee81887811b34eee5c5f235a6111d58d0
  EXConstants: c2c6d5805520a34f274e09b778404310c52b118f
  EXDevice: 841e1078d98529b176119fecfa524faf5e9d3379
  EXErrorRecovery: 59499558ff624ba190bc3c3ff9d5b8e983edcb18
  EXFileSystem: 8d1dc2924d62046275c84d70b88fa3aa7daeb116
  EXFont: 363ab50f9e9a1cd2b990c7d74e5ad168743bc62b
  EXKeepAwake: 1c77f2d31eafaea3410c00957669f306f340b843
  EXLinearGradient: d25940ede1e798882f57715cff9edb4075d95e2d
  EXLocation: c50022a5a829bad7a621d42eaecc60e171d8efa7
  EXPermissions: b6d7134b7215c33420318c2bbb5d362c20ac9726
  EXSecureStore: 4e2f86185b51da130beb67572e27dcab4428d4d1
  EXSplashScreen: 820fada8feff48f1d7504ee842240572b825a88f
  EXSQLite: b001ba35deb3001bd6e4b256581a558ae745ef2f
  FBLazyVector: a50434c875bd42f2b1c99c712bda892a1dc659c7
  FBReactNativeSpec: 393853a536428e05a9da00b6290042f09809b15b
  Firebase: 919186c8e119dd9372a45fd1dd17a8a942bc1892
  FirebaseAnalytics: 5fa308e1b13f838d0f6dc74719ac2a72e8c5afc4
  FirebaseCore: 8cd4f8ea22075e0ee582849b1cf79d8816506085
  FirebaseCoreDiagnostics: 7535fe695737f8c5b350584292a70b7f8ff0357b
  FirebaseInstallations: 3c520c951305cbf9ca54eb891ff9e6d1fd384881
  FirebaseInstanceID: 358d5cb393d2750a745569ede06827c35aea530b
  FirebaseMessaging: ad9e1a80ea64905e01a0ce1b3eb76a2944544151
  FirebaseMLCommon: 5e1184cfdddbd097f55cad75b598881d348d900f
  FirebaseMLVision: 485358b97d3332669ecc4fed55ee360aaef2813d
  FirebaseMLVisionBarcodeModel: 62e3dcf160ea8b5bbf1b89884e645bffb5847d3f
  FirebaseMLVisionFaceModel: 13f05fea219443a222c21523f6e7d13c842cd1e3
  Flipper: 33585e2d9810fe5528346be33bcf71b37bb7ae13
  Flipper-DoubleConversion: 38631e41ef4f9b12861c67d17cb5518d06badc41
  Flipper-Folly: c12092ea368353b58e992843a990a3225d4533c3
  Flipper-Glog: 1dfd6abf1e922806c52ceb8701a3599a79a200a6
  Flipper-PeerTalk: 116d8f857dc6ef55c7a5a75ea3ceaafe878aadc9
  Flipper-RSocket: 64e7431a55835eb953b0bf984ef3b90ae9fdddd7
  FlipperKit: bc68102cd4952a258a23c9c1b316c7bec1fecf83
  Folly: b73c3869541e86821df3c387eb0af5f65addfab4
  glog: 40a13f7840415b9a77023fbcae0f1e6f43192af3
  GoogleAPIClientForREST: 9f49df9fac7867b459187e687fed3066b2be049a
  GoogleAppMeasurement: 8cd1f289d60e629cf16ab03363b9e89c776b9651
  GoogleDataTransport: 8a40cb194ad242b6f6dfe72c14fe40fc67c4dcd7
  GoogleToolboxForMac: 800648f8b3127618c1b59c7f97684427630c5ea3
  GoogleUtilities: e121a3867449ce16b0e35ddf1797ea7a389ffdf2
  GTMSessionFetcher: 6f5c8abbab8a9bce4bb3f057e317728ec6182b10
  jail-monkey: d7c5048b2336f22ee9c9e0efa145f1f917338ea9
  nanopb: c43f40fadfe79e8b8db116583945847910cbabc9
  OpenSSL-Universal: 8b48cc0d10c1b2923617dfe5c178aa9ed2689355
  Permission-Camera: 53d46bd722aea28d796e20f05fb3cbe6cde6ccb6
  Permission-Notifications: 5ecb0f433b585c5621dc30b168772d60ae8574c2
  PromisesObjC: b48e0338dbbac2207e611750777895f7a5811b75
  Protobuf: 2793fcd0622a00b546c60e7cbbcc493e043e9bb9
  RCTRequired: d9b1a9e6fa097744ca3ede59f86a35096df7202b
  RCTTypeSafety: c227cd061983e9e964115afbc4e8730d6a6f1395
  React: 86e972a20967ee4137aa19dc48319405927c2e94
  React-callinvoker: 87ee376c25277d74e164ff036b27084e343f3e69
  React-Core: f5ec03baf7ed58d9f3ee04a8f84e4c97ee8bf4c9
  React-CoreModules: 958898aa8c069280e866e35a2f29480a81fcf335
  React-cxxreact: 90de76b9b51575668ad7fd4e33a5a8c143beecc2
  React-jsi: b32a31da32e030f30bbf9a8d3a9c8325df9e793f
  React-jsiexecutor: 7ab9cdcdd18d57652fb041f8a147fe9658d4e00a
  React-jsinspector: 2e28bb487e42dda6c94dbfa0c648d1343767a0fb
  react-native-blur: cad4d93b364f91e7b7931b3fa935455487e5c33c
  react-native-camera: 9dd96065b956306de03ef2a2efc3583019f95941
  react-native-document-picker: c5752781fbc0c126c627c1549b037c139444a4cf
  react-native-netinfo: 7f3f3ed9e8f0e7ab3e7cac00cbfdc6997e25ecaf
  react-native-rsa-native: 60d16ab8c080ea0b6f623f1ce0d5ea276fb34655
  react-native-safe-area-context: 4c3249e4840225c61fcd215b136af0a737bccb79
  React-RCTActionSheet: 1702a1a85e550b5c36e2e03cb2bd3adea053de95
  React-RCTAnimation: ddda576010a878865a4eab83a78acd92176ef6a1
  React-RCTBlob: 34334384284c81577409d5205bd2b9ff594d8ab6
  React-RCTImage: e2a661266dca295cffb33909cc64675a2efedb26
  React-RCTLinking: cd39b9b5e9cbb9e827854e30dfa92d7db074cea8
  React-RCTNetwork: 16939b7e4058d6f662b304a1f61689e249a2bfcc
  React-RCTSettings: 24726a62de0c326f9ebfc3838898a501b87ce711
  React-RCTText: 4f95d322b7e6da72817284abf8a2cdcec18b9cd8
  React-RCTVibration: f3a9123c244f35c40d3c9f3ec3f0b9e5717bb292
  ReactCommon: 2905859f84a94a381bb0d8dd3921ccb1a0047cb8
  RNBootSplash: 53246dde82e8c2d2c46b15b0106933ee4115c00e
  RNCAsyncStorage: db711e29e5e0500d9bd21aa0c2e397efa45302b1
  RNCMaskedView: f5c7d14d6847b7b44853f7acb6284c1da30a3459
  RNDeviceInfo: 12faae605ba42a1a5041c3c41a77834bc23f049d
  RNFBApp: 6fd8a7e757135d4168bf033a8812c241af7363a0
  RNFBMessaging: 3e457bb1889607510ad80575c2afaf8080744703
  RNFS: 2bd9eb49dc82fa9676382f0585b992c424cd59df
  RNGestureHandler: b6b359bb800ae399a9c8b27032bdbf7c18f08a08
  RNPermissions: 1888705aebcc81714efa5dbff94351e4388ae012
  RNReanimated: c2bb7438b57a3d987bb2e4e6e4bca94787e30b02
  RNScreens: c526239bbe0e957b988dacc8d75ac94ec9cb19da
  RNSVG: 8ba35cbeb385a52fd960fd28db9d7d18b4c2974f
  RNVectorIcons: 368d6d8b8301224e5ffb6254191f4f8876c2be0d
  toolbar-android: 404f4450b203597e7b417f714ff417bed562a1be
  UMAppLoader: 98b77b58fac12abab963f79f762ceef008c50505
  UMBarCodeScannerInterface: e1299aafa3bede8ba674e84199e9f319a0195cad
  UMCameraInterface: 68da359d6fe7423d7b114b96ea0df268a84da39f
  UMConstantsInterface: 2569e83b7f70a0844737e1f6c2dfd1bc0c8a34d6
  UMCore: ef0c10289950b51d0c1dae75c37fba116f2327ac
  UMFaceDetectorInterface: b0f3be22a524053f29d71c50bfdf51dc9553f7aa
  UMFileSystemInterface: 29a555288008c9fa9be7d781c84f58ef51d41de6
  UMFontInterface: 5ece8ea0e3c5753a87a558dcd7e79dcf38a6cab6
  UMImageLoaderInterface: c440e3cd54c060cb2f9a278a923e28c6fe0ec116
  UMPermissionsInterface: d6be0aea537754c92648e3d7100c58dd72c01142
  UMReactNativeAdapter: 5973dd1e4374cd1db4549b6bc714ccbbde9615c0
  UMSensorsInterface: 7bc27058e00af99695e16f74c092582698be964d
  UMTaskManagerInterface: 8b337c26b828b3e50d26776966981f4cb2ee76e4
  Yoga: d5bd05a2b6b94c52323745c2c2b64557c8c66f64
  YogaKit: f782866e155069a2cca2517aafea43200b01fd5a

PODFILE CHECKSUM: 40c8d5b90b69bcd452256071170968adad17a8f7

COCOAPODS: 1.9.3
