PODS:
  - boost-for-react-native (1.63.0)
  - CocoaAsyncSocket (7.6.4)
  - CocoaLibEvent (1.0.0)
  - DoubleConversion (1.1.6)
  - EXAppLoaderProvider (8.0.0)
  - EXConstants (9.2.0):
    - UMConstantsInterface
    - UMCore
  - EXDevice (2.2.1):
    - UMCore
  - EXErrorRecovery (1.2.2):
    - UMCore
  - EXFileSystem (9.0.1):
    - UMCore
    - UMFileSystemInterface
  - EXFont (8.2.2):
    - UMCore
    - UMFontInterface
  - EXKeepAwake (8.2.1):
    - UMCore
  - EXLinearGradient (8.2.2):
    - UMCore
  - EXLocation (8.2.1):
    - UMCore
    - UMPermissionsInterface
    - UMTaskManagerInterface
  - EXPermissions (9.0.1):
    - UMCore
    - UMPermissionsInterface
  - EXSecureStore (9.0.1):
    - UMCore
  - EXSplashScreen (0.5.0):
    - React
    - UMCore
  - EXSQLite (8.2.1):
    - UMCore
    - UMFileSystemInterface
  - FBLazyVector (0.63.1)
  - FBReactNativeSpec (0.63.1):
    - Folly (= 2020.01.13.00)
    - RCTRequired (= 0.63.1)
    - RCTTypeSafety (= 0.63.1)
    - React-Core (= 0.63.1)
    - React-jsi (= 0.63.1)
    - ReactCommon/turbomodule/core (= 0.63.1)
  - Firebase/CoreOnly (6.30.0):
    - FirebaseCore (= 6.10.0)
  - Firebase/Messaging (6.30.0):
    - Firebase/CoreOnly
    - FirebaseMessaging (~> 4.6.1)
  - Firebase/MLVision (6.30.0):
    - Firebase/CoreOnly
    - FirebaseMLVision (~> 0.21.0)
  - Firebase/MLVisionBarcodeModel (6.30.0):
    - Firebase/CoreOnly
    - FirebaseMLVisionBarcodeModel (~> 0.21.0)
  - Firebase/MLVisionFaceModel (6.30.0):
    - Firebase/CoreOnly
    - FirebaseMLVisionFaceModel (~> 0.21.0)
  - FirebaseCore (6.10.0):
    - FirebaseCoreDiagnostics (~> 1.3)
    - GoogleUtilities/Environment (~> 6.7)
    - GoogleUtilities/Logger (~> 6.7)
  - FirebaseCoreDiagnostics (1.6.0):
    - GoogleDataTransport (~> 7.2)
    - GoogleUtilities/Environment (~> 6.7)
    - GoogleUtilities/Logger (~> 6.7)
    - nanopb (~> 1.30906.0)
  - FirebaseInstallations (1.7.0):
    - FirebaseCore (~> 6.10)
    - GoogleUtilities/Environment (~> 6.7)
    - GoogleUtilities/UserDefaults (~> 6.7)
    - PromisesObjC (~> 1.2)
  - FirebaseInstanceID (4.6.0):
    - FirebaseCore (~> 6.10)
    - FirebaseInstallations (~> 1.6)
    - GoogleUtilities/Environment (~> 6.7)
    - GoogleUtilities/UserDefaults (~> 6.7)
  - FirebaseMessaging (4.6.2):
    - FirebaseCore (~> 6.10)
    - FirebaseInstanceID (~> 4.6)
    - GoogleUtilities/AppDelegateSwizzler (~> 6.7)
    - GoogleUtilities/Environment (~> 6.7)
    - GoogleUtilities/Reachability (~> 6.7)
    - GoogleUtilities/UserDefaults (~> 6.7)
    - Protobuf (>= 3.9.2, ~> 3.9)
  - FirebaseMLCommon (0.21.0):
    - FirebaseCore (~> 6.9)
    - FirebaseInstallations (~> 1.5)
    - GoogleToolboxForMac/Logger (~> 2.1)
    - "GoogleToolboxForMac/NSData+zlib (~> 2.1)"
    - "GoogleToolboxForMac/NSDictionary+URLArguments (~> 2.1)"
    - GoogleUtilities/UserDefaults (~> 6.0)
    - GTMSessionFetcher/Core (~> 1.1)
    - Protobuf (~> 3.12)
  - FirebaseMLVision (0.21.0):
    - FirebaseCore (~> 6.9)
    - FirebaseMLCommon (~> 0.21)
    - GoogleAPIClientForREST/Core (~> 1.3)
    - GoogleAPIClientForREST/Vision (~> 1.3)
    - GoogleToolboxForMac/Logger (~> 2.1)
    - "GoogleToolboxForMac/NSData+zlib (~> 2.1)"
    - GTMSessionFetcher/Core (~> 1.1)
    - Protobuf (~> 3.12)
  - FirebaseMLVisionBarcodeModel (0.21.0):
    - FirebaseMLVision (~> 0.21)
  - FirebaseMLVisionFaceModel (0.21.0):
    - FirebaseMLVision (~> 0.21)
  - Flipper (0.41.5):
    - Flipper-Folly (~> 2.2)
    - Flipper-RSocket (~> 1.1)
  - Flipper-DoubleConversion (1.1.7)
  - Flipper-Folly (2.2.0):
    - boost-for-react-native
    - CocoaLibEvent (~> 1.0)
    - Flipper-DoubleConversion
    - Flipper-Glog
    - OpenSSL-Universal (= 1.0.2.19)
  - Flipper-Glog (0.3.6)
  - Flipper-PeerTalk (0.0.4)
  - Flipper-RSocket (1.1.0):
    - Flipper-Folly (~> 2.2)
  - FlipperKit (0.41.5):
    - FlipperKit/Core (= 0.41.5)
  - FlipperKit/Core (0.41.5):
    - Flipper (~> 0.41.5)
    - FlipperKit/CppBridge
    - FlipperKit/FBCxxFollyDynamicConvert
    - FlipperKit/FBDefines
    - FlipperKit/FKPortForwarding
  - FlipperKit/CppBridge (0.41.5):
    - Flipper (~> 0.41.5)
  - FlipperKit/FBCxxFollyDynamicConvert (0.41.5):
    - Flipper-Folly (~> 2.2)
  - FlipperKit/FBDefines (0.41.5)
  - FlipperKit/FKPortForwarding (0.41.5):
    - CocoaAsyncSocket (~> 7.6)
    - Flipper-PeerTalk (~> 0.0.4)
  - FlipperKit/FlipperKitHighlightOverlay (0.41.5)
  - FlipperKit/FlipperKitLayoutPlugin (0.41.5):
    - FlipperKit/Core
    - FlipperKit/FlipperKitHighlightOverlay
    - FlipperKit/FlipperKitLayoutTextSearchable
    - YogaKit (~> 1.18)
  - FlipperKit/FlipperKitLayoutTextSearchable (0.41.5)
  - FlipperKit/FlipperKitNetworkPlugin (0.41.5):
    - FlipperKit/Core
  - FlipperKit/FlipperKitReactPlugin (0.41.5):
    - FlipperKit/Core
  - FlipperKit/FlipperKitUserDefaultsPlugin (0.41.5):
    - FlipperKit/Core
  - FlipperKit/SKIOSNetworkPlugin (0.41.5):
    - FlipperKit/Core
    - FlipperKit/FlipperKitNetworkPlugin
  - Folly (2020.01.13.00):
    - boost-for-react-native
    - DoubleConversion
    - Folly/Default (= 2020.01.13.00)
    - glog
  - Folly/Default (2020.01.13.00):
    - boost-for-react-native
    - DoubleConversion
    - glog
  - glog (0.3.5)
  - GoogleAPIClientForREST/Core (1.4.3):
    - GTMSessionFetcher (>= 1.1.7)
  - GoogleAPIClientForREST/Vision (1.4.3):
    - GoogleAPIClientForREST/Core
    - GTMSessionFetcher (>= 1.1.7)
  - GoogleDataTransport (7.3.0):
    - nanopb (~> 1.30906.0)
  - GoogleToolboxForMac/DebugUtils (2.2.2):
    - GoogleToolboxForMac/Defines (= 2.2.2)
  - GoogleToolboxForMac/Defines (2.2.2)
  - GoogleToolboxForMac/Logger (2.2.2):
    - GoogleToolboxForMac/Defines (= 2.2.2)
  - "GoogleToolboxForMac/NSData+zlib (2.2.2)":
    - GoogleToolboxForMac/Defines (= 2.2.2)
  - "GoogleToolboxForMac/NSDictionary+URLArguments (2.2.2)":
    - GoogleToolboxForMac/DebugUtils (= 2.2.2)
    - GoogleToolboxForMac/Defines (= 2.2.2)
    - "GoogleToolboxForMac/NSString+URLArguments (= 2.2.2)"
  - "GoogleToolboxForMac/NSString+URLArguments (2.2.2)"
  - GoogleUtilities/AppDelegateSwizzler (6.7.2):
    - GoogleUtilities/Environment
    - GoogleUtilities/Logger
    - GoogleUtilities/Network
  - GoogleUtilities/Environment (6.7.2):
    - PromisesObjC (~> 1.2)
  - GoogleUtilities/Logger (6.7.2):
    - GoogleUtilities/Environment
  - GoogleUtilities/Network (6.7.2):
    - GoogleUtilities/Logger
    - "GoogleUtilities/NSData+zlib"
    - GoogleUtilities/Reachability
  - "GoogleUtilities/NSData+zlib (6.7.2)"
  - GoogleUtilities/Reachability (6.7.2):
    - GoogleUtilities/Logger
  - GoogleUtilities/UserDefaults (6.7.2):
    - GoogleUtilities/Logger
  - GTMSessionFetcher (1.4.0):
    - GTMSessionFetcher/Full (= 1.4.0)
  - GTMSessionFetcher/Core (1.4.0)
  - GTMSessionFetcher/Full (1.4.0):
    - GTMSessionFetcher/Core (= 1.4.0)
  - jail-monkey (2.3.3):
    - React
  - nanopb (1.30906.0):
    - nanopb/decode (= 1.30906.0)
    - nanopb/encode (= 1.30906.0)
  - nanopb/decode (1.30906.0)
  - nanopb/encode (1.30906.0)
  - OpenSSL-Universal (1.0.2.19):
    - OpenSSL-Universal/Static (= 1.0.2.19)
  - OpenSSL-Universal/Static (1.0.2.19)
  - Permission-Camera (2.2.2):
    - RNPermissions
  - Permission-Notifications (2.2.2):
    - RNPermissions
  - PromisesObjC (1.2.10)
  - Protobuf (3.13.0)
  - RCTRequired (0.63.1)
  - RCTTypeSafety (0.63.1):
    - FBLazyVector (= 0.63.1)
    - Folly (= 2020.01.13.00)
    - RCTRequired (= 0.63.1)
    - React-Core (= 0.63.1)
  - React (0.63.1):
    - React-Core (= 0.63.1)
    - React-Core/DevSupport (= 0.63.1)
    - React-Core/RCTWebSocket (= 0.63.1)
    - React-RCTActionSheet (= 0.63.1)
    - React-RCTAnimation (= 0.63.1)
    - React-RCTBlob (= 0.63.1)
    - React-RCTImage (= 0.63.1)
    - React-RCTLinking (= 0.63.1)
    - React-RCTNetwork (= 0.63.1)
    - React-RCTSettings (= 0.63.1)
    - React-RCTText (= 0.63.1)
    - React-RCTVibration (= 0.63.1)
  - React-callinvoker (0.63.1)
  - React-Core (0.63.1):
    - Folly (= 2020.01.13.00)
    - glog
    - React-Core/Default (= 0.63.1)
    - React-cxxreact (= 0.63.1)
    - React-jsi (= 0.63.1)
    - React-jsiexecutor (= 0.63.1)
    - Yoga
  - React-Core/CoreModulesHeaders (0.63.1):
    - Folly (= 2020.01.13.00)
    - glog
    - React-Core/Default
    - React-cxxreact (= 0.63.1)
    - React-jsi (= 0.63.1)
    - React-jsiexecutor (= 0.63.1)
    - Yoga
  - React-Core/Default (0.63.1):
    - Folly (= 2020.01.13.00)
    - glog
    - React-cxxreact (= 0.63.1)
    - React-jsi (= 0.63.1)
    - React-jsiexecutor (= 0.63.1)
    - Yoga
  - React-Core/DevSupport (0.63.1):
    - Folly (= 2020.01.13.00)
    - glog
    - React-Core/Default (= 0.63.1)
    - React-Core/RCTWebSocket (= 0.63.1)
    - React-cxxreact (= 0.63.1)
    - React-jsi (= 0.63.1)
    - React-jsiexecutor (= 0.63.1)
    - React-jsinspector (= 0.63.1)
    - Yoga
  - React-Core/RCTActionSheetHeaders (0.63.1):
    - Folly (= 2020.01.13.00)
    - glog
    - React-Core/Default
    - React-cxxreact (= 0.63.1)
    - React-jsi (= 0.63.1)
    - React-jsiexecutor (= 0.63.1)
    - Yoga
  - React-Core/RCTAnimationHeaders (0.63.1):
    - Folly (= 2020.01.13.00)
    - glog
    - React-Core/Default
    - React-cxxreact (= 0.63.1)
    - React-jsi (= 0.63.1)
    - React-jsiexecutor (= 0.63.1)
    - Yoga
  - React-Core/RCTBlobHeaders (0.63.1):
    - Folly (= 2020.01.13.00)
    - glog
    - React-Core/Default
    - React-cxxreact (= 0.63.1)
    - React-jsi (= 0.63.1)
    - React-jsiexecutor (= 0.63.1)
    - Yoga
  - React-Core/RCTImageHeaders (0.63.1):
    - Folly (= 2020.01.13.00)
    - glog
    - React-Core/Default
    - React-cxxreact (= 0.63.1)
    - React-jsi (= 0.63.1)
    - React-jsiexecutor (= 0.63.1)
    - Yoga
  - React-Core/RCTLinkingHeaders (0.63.1):
    - Folly (= 2020.01.13.00)
    - glog
    - React-Core/Default
    - React-cxxreact (= 0.63.1)
    - React-jsi (= 0.63.1)
    - React-jsiexecutor (= 0.63.1)
    - Yoga
  - React-Core/RCTNetworkHeaders (0.63.1):
    - Folly (= 2020.01.13.00)
    - glog
    - React-Core/Default
    - React-cxxreact (= 0.63.1)
    - React-jsi (= 0.63.1)
    - React-jsiexecutor (= 0.63.1)
    - Yoga
  - React-Core/RCTSettingsHeaders (0.63.1):
    - Folly (= 2020.01.13.00)
    - glog
    - React-Core/Default
    - React-cxxreact (= 0.63.1)
    - React-jsi (= 0.63.1)
    - React-jsiexecutor (= 0.63.1)
    - Yoga
  - React-Core/RCTTextHeaders (0.63.1):
    - Folly (= 2020.01.13.00)
    - glog
    - React-Core/Default
    - React-cxxreact (= 0.63.1)
    - React-jsi (= 0.63.1)
    - React-jsiexecutor (= 0.63.1)
    - Yoga
  - React-Core/RCTVibrationHeaders (0.63.1):
    - Folly (= 2020.01.13.00)
    - glog
    - React-Core/Default
    - React-cxxreact (= 0.63.1)
    - React-jsi (= 0.63.1)
    - React-jsiexecutor (= 0.63.1)
    - Yoga
  - React-Core/RCTWebSocket (0.63.1):
    - Folly (= 2020.01.13.00)
    - glog
    - React-Core/Default (= 0.63.1)
    - React-cxxreact (= 0.63.1)
    - React-jsi (= 0.63.1)
    - React-jsiexecutor (= 0.63.1)
    - Yoga
  - React-CoreModules (0.63.1):
    - FBReactNativeSpec (= 0.63.1)
    - Folly (= 2020.01.13.00)
    - RCTTypeSafety (= 0.63.1)
    - React-Core/CoreModulesHeaders (= 0.63.1)
    - React-jsi (= 0.63.1)
    - React-RCTImage (= 0.63.1)
    - ReactCommon/turbomodule/core (= 0.63.1)
  - React-cxxreact (0.63.1):
    - boost-for-react-native (= 1.63.0)
    - DoubleConversion
    - Folly (= 2020.01.13.00)
    - glog
    - React-callinvoker (= 0.63.1)
    - React-jsinspector (= 0.63.1)
  - React-jsi (0.63.1):
    - boost-for-react-native (= 1.63.0)
    - DoubleConversion
    - Folly (= 2020.01.13.00)
    - glog
    - React-jsi/Default (= 0.63.1)
  - React-jsi/Default (0.63.1):
    - boost-for-react-native (= 1.63.0)
    - DoubleConversion
    - Folly (= 2020.01.13.00)
    - glog
  - React-jsiexecutor (0.63.1):
    - DoubleConversion
    - Folly (= 2020.01.13.00)
    - glog
    - React-cxxreact (= 0.63.1)
    - React-jsi (= 0.63.1)
  - React-jsinspector (0.63.1)
  - react-native-blur (0.8.0):
    - React
  - react-native-camera (3.40.0):
    - React-Core
    - react-native-camera/RCT (= 3.40.0)
    - react-native-camera/RN (= 3.40.0)
  - react-native-camera/BarcodeDetectorMLKit (3.40.0):
    - Firebase/MLVision
    - Firebase/MLVisionBarcodeModel
    - React-Core
    - react-native-camera/RCT
    - react-native-camera/RN
  - react-native-camera/FaceDetectorMLKit (3.40.0):
    - Firebase/MLVision
    - Firebase/MLVisionFaceModel
    - React-Core
    - react-native-camera/RCT
    - react-native-camera/RN
  - react-native-camera/RCT (3.40.0):
    - React-Core
  - react-native-camera/RN (3.40.0):
    - React-Core
  - react-native-document-picker (3.5.4):
    - React
  - react-native-netinfo (5.9.7):
    - React-Core
  - react-native-rsa-native (1.1.4):
    - React
  - react-native-safe-area-context (3.1.8):
    - React-Core
  - React-RCTActionSheet (0.63.1):
    - React-Core/RCTActionSheetHeaders (= 0.63.1)
  - React-RCTAnimation (0.63.1):
    - FBReactNativeSpec (= 0.63.1)
    - Folly (= 2020.01.13.00)
    - RCTTypeSafety (= 0.63.1)
    - React-Core/RCTAnimationHeaders (= 0.63.1)
    - React-jsi (= 0.63.1)
    - ReactCommon/turbomodule/core (= 0.63.1)
  - React-RCTBlob (0.63.1):
    - FBReactNativeSpec (= 0.63.1)
    - Folly (= 2020.01.13.00)
    - React-Core/RCTBlobHeaders (= 0.63.1)
    - React-Core/RCTWebSocket (= 0.63.1)
    - React-jsi (= 0.63.1)
    - React-RCTNetwork (= 0.63.1)
    - ReactCommon/turbomodule/core (= 0.63.1)
  - React-RCTImage (0.63.1):
    - FBReactNativeSpec (= 0.63.1)
    - Folly (= 2020.01.13.00)
    - RCTTypeSafety (= 0.63.1)
    - React-Core/RCTImageHeaders (= 0.63.1)
    - React-jsi (= 0.63.1)
    - React-RCTNetwork (= 0.63.1)
    - ReactCommon/turbomodule/core (= 0.63.1)
  - React-RCTLinking (0.63.1):
    - FBReactNativeSpec (= 0.63.1)
    - React-Core/RCTLinkingHeaders (= 0.63.1)
    - React-jsi (= 0.63.1)
    - ReactCommon/turbomodule/core (= 0.63.1)
  - React-RCTNetwork (0.63.1):
    - FBReactNativeSpec (= 0.63.1)
    - Folly (= 2020.01.13.00)
    - RCTTypeSafety (= 0.63.1)
    - React-Core/RCTNetworkHeaders (= 0.63.1)
    - React-jsi (= 0.63.1)
    - ReactCommon/turbomodule/core (= 0.63.1)
  - React-RCTSettings (0.63.1):
    - FBReactNativeSpec (= 0.63.1)
    - Folly (= 2020.01.13.00)
    - RCTTypeSafety (= 0.63.1)
    - React-Core/RCTSettingsHeaders (= 0.63.1)
    - React-jsi (= 0.63.1)
    - ReactCommon/turbomodule/core (= 0.63.1)
  - React-RCTText (0.63.1):
    - React-Core/RCTTextHeaders (= 0.63.1)
  - React-RCTVibration (0.63.1):
    - FBReactNativeSpec (= 0.63.1)
    - Folly (= 2020.01.13.00)
    - React-Core/RCTVibrationHeaders (= 0.63.1)
    - React-jsi (= 0.63.1)
    - ReactCommon/turbomodule/core (= 0.63.1)
  - ReactCommon/turbomodule/core (0.63.1):
    - DoubleConversion
    - Folly (= 2020.01.13.00)
    - glog
    - React-callinvoker (= 0.63.1)
    - React-Core (= 0.63.1)
    - React-cxxreact (= 0.63.1)
    - React-jsi (= 0.63.1)
  - RNBootSplash (2.2.6):
    - React-Core
  - RNCAsyncStorage (1.12.1):
    - React-Core
  - RNCMaskedView (0.1.10):
    - React
  - RNDeviceInfo (4.0.1):
    - React
  - RNFBApp (8.4.5):
    - Firebase/CoreOnly (~> 6.30.0)
    - React-Core
  - RNFBMessaging (7.9.0):
    - Firebase/Messaging (~> 6.30.0)
    - React-Core
    - RNFBApp
  - RNFS (2.16.6):
    - React
  - RNGestureHandler (1.8.0):
    - React
  - RNPermissions (2.2.2):
    - React-Core
  - RNReanimated (1.13.1):
    - React
  - RNScreens (2.11.0):
    - React
  - RNSVG (9.13.6):
    - React
  - RNVectorIcons (6.7.0):
    - React
  - toolbar-android (0.1.0-rc.2):
    - React
  - UMAppLoader (1.2.0)
  - UMBarCodeScannerInterface (5.2.1)
  - UMCameraInterface (5.2.1)
  - UMConstantsInterface (5.2.1)
  - UMCore (5.3.0)
  - UMFaceDetectorInterface (5.2.1)
  - UMFileSystemInterface (5.2.1)
  - UMFontInterface (5.2.1)
  - UMImageLoaderInterface (5.2.1)
  - UMPermissionsInterface (5.2.1):
    - UMCore
  - UMReactNativeAdapter (5.4.0):
    - React-Core
    - UMCore
    - UMFontInterface
  - UMSensorsInterface (5.2.1)
  - UMTaskManagerInterface (5.2.1)
  - Yoga (1.14.0)
  - YogaKit (1.18.1):
    - Yoga (~> 1.14)

DEPENDENCIES:
  - DoubleConversion (from `../node_modules/react-native/third-party-podspecs/DoubleConversion.podspec`)
  - EXAppLoaderProvider (from `../node_modules/expo-app-loader-provider/ios`)
  - EXConstants (from `../node_modules/expo-linking/node_modules/expo-constants/ios`)
  - EXDevice (from `../node_modules/expo-device/ios`)
  - EXErrorRecovery (from `../node_modules/expo-error-recovery/ios`)
  - EXFileSystem (from `../node_modules/expo/node_modules/expo-file-system/ios`)
  - EXFont (from `../node_modules/expo-font/ios`)
  - EXKeepAwake (from `../node_modules/expo-keep-awake/ios`)
  - EXLinearGradient (from `../node_modules/expo-linear-gradient/ios`)
  - EXLocation (from `../node_modules/expo-location/ios`)
  - EXPermissions (from `../node_modules/expo/node_modules/expo-permissions/ios`)
  - EXSecureStore (from `../node_modules/expo-secure-store/ios`)
  - EXSplashScreen (from `../node_modules/expo-splash-screen/ios`)
  - EXSQLite (from `../node_modules/expo-sqlite/ios`)
  - FBLazyVector (from `../node_modules/react-native/Libraries/FBLazyVector`)
  - FBReactNativeSpec (from `../node_modules/react-native/Libraries/FBReactNativeSpec`)
  - Flipper (~> 0.41.1)
  - Flipper-DoubleConversion (= 1.1.7)
  - Flipper-Folly (~> 2.2)
  - Flipper-Glog (= 0.3.6)
  - Flipper-PeerTalk (~> 0.0.4)
  - Flipper-RSocket (~> 1.1)
  - FlipperKit (~> 0.41.1)
  - FlipperKit/Core (~> 0.41.1)
  - FlipperKit/CppBridge (~> 0.41.1)
  - FlipperKit/FBCxxFollyDynamicConvert (~> 0.41.1)
  - FlipperKit/FBDefines (~> 0.41.1)
  - FlipperKit/FKPortForwarding (~> 0.41.1)
  - FlipperKit/FlipperKitHighlightOverlay (~> 0.41.1)
  - FlipperKit/FlipperKitLayoutPlugin (~> 0.41.1)
  - FlipperKit/FlipperKitLayoutTextSearchable (~> 0.41.1)
  - FlipperKit/FlipperKitNetworkPlugin (~> 0.41.1)
  - FlipperKit/FlipperKitReactPlugin (~> 0.41.1)
  - FlipperKit/FlipperKitUserDefaultsPlugin (~> 0.41.1)
  - FlipperKit/SKIOSNetworkPlugin (~> 0.41.1)
  - Folly (from `../node_modules/react-native/third-party-podspecs/Folly.podspec`)
  - glog (from `../node_modules/react-native/third-party-podspecs/glog.podspec`)
  - jail-monkey (from `../node_modules/jail-monkey`)
  - Permission-Camera (from `../node_modules/react-native-permissions/ios/Camera.podspec`)
  - Permission-Notifications (from `../node_modules/react-native-permissions/ios/Notifications.podspec`)
  - RCTRequired (from `../node_modules/react-native/Libraries/RCTRequired`)
  - RCTTypeSafety (from `../node_modules/react-native/Libraries/TypeSafety`)
  - React (from `../node_modules/react-native/`)
  - React-callinvoker (from `../node_modules/react-native/ReactCommon/callinvoker`)
  - React-Core (from `../node_modules/react-native/`)
  - React-Core/DevSupport (from `../node_modules/react-native/`)
  - React-Core/RCTWebSocket (from `../node_modules/react-native/`)
  - React-CoreModules (from `../node_modules/react-native/React/CoreModules`)
  - React-cxxreact (from `../node_modules/react-native/ReactCommon/cxxreact`)
  - React-jsi (from `../node_modules/react-native/ReactCommon/jsi`)
  - React-jsiexecutor (from `../node_modules/react-native/ReactCommon/jsiexecutor`)
  - React-jsinspector (from `../node_modules/react-native/ReactCommon/jsinspector`)
  - "react-native-blur (from `../node_modules/@react-native-community/blur`)"
  - react-native-camera (from `../node_modules/react-native-camera`)
  - react-native-camera/BarcodeDetectorMLKit (from `../node_modules/react-native-camera`)
  - react-native-camera/FaceDetectorMLKit (from `../node_modules/react-native-camera`)
  - react-native-document-picker (from `../node_modules/react-native-document-picker`)
  - "react-native-netinfo (from `../node_modules/@react-native-community/netinfo`)"
  - react-native-rsa-native (from `../node_modules/react-native-rsa-native`)
  - react-native-safe-area-context (from `../node_modules/react-native-safe-area-context`)
  - React-RCTActionSheet (from `../node_modules/react-native/Libraries/ActionSheetIOS`)
  - React-RCTAnimation (from `../node_modules/react-native/Libraries/NativeAnimation`)
  - React-RCTBlob (from `../node_modules/react-native/Libraries/Blob`)
  - React-RCTImage (from `../node_modules/react-native/Libraries/Image`)
  - React-RCTLinking (from `../node_modules/react-native/Libraries/LinkingIOS`)
  - React-RCTNetwork (from `../node_modules/react-native/Libraries/Network`)
  - React-RCTSettings (from `../node_modules/react-native/Libraries/Settings`)
  - React-RCTText (from `../node_modules/react-native/Libraries/Text`)
  - React-RCTVibration (from `../node_modules/react-native/Libraries/Vibration`)
  - ReactCommon/turbomodule/core (from `../node_modules/react-native/ReactCommon`)
  - RNBootSplash (from `../node_modules/react-native-bootsplash`)
  - "RNCAsyncStorage (from `../node_modules/@react-native-community/async-storage`)"
  - "RNCMaskedView (from `../node_modules/@react-native-community/masked-view`)"
  - RNDeviceInfo (from `../node_modules/react-native-device-info`)
  - "RNFBApp (from `../node_modules/@react-native-firebase/app`)"
  - "RNFBMessaging (from `../node_modules/@react-native-firebase/messaging`)"
  - RNFS (from `../node_modules/react-native-fs`)
  - RNGestureHandler (from `../node_modules/react-native-gesture-handler`)
  - RNPermissions (from `../node_modules/react-native-permissions`)
  - RNReanimated (from `../node_modules/react-native-reanimated`)
  - RNScreens (from `../node_modules/react-native-screens`)
  - RNSVG (from `../node_modules/react-native-svg`)
  - RNVectorIcons (from `../node_modules/react-native-vector-icons`)
  - "toolbar-android (from `../node_modules/@react-native-community/toolbar-android`)"
  - UMAppLoader (from `../node_modules/unimodules-app-loader/ios`)
  - UMBarCodeScannerInterface (from `../node_modules/expo/node_modules/unimodules-barcode-scanner-interface/ios`)
  - UMCameraInterface (from `../node_modules/expo/node_modules/unimodules-camera-interface/ios`)
  - UMConstantsInterface (from `../node_modules/expo/node_modules/unimodules-constants-interface/ios`)
  - "UMCore (from `../node_modules/expo/node_modules/@unimodules/core/ios`)"
  - UMFaceDetectorInterface (from `../node_modules/expo/node_modules/unimodules-face-detector-interface/ios`)
  - UMFileSystemInterface (from `../node_modules/expo/node_modules/unimodules-file-system-interface/ios`)
  - UMFontInterface (from `../node_modules/expo/node_modules/unimodules-font-interface/ios`)
  - UMImageLoaderInterface (from `../node_modules/expo/node_modules/unimodules-image-loader-interface/ios`)
  - UMPermissionsInterface (from `../node_modules/expo/node_modules/unimodules-permissions-interface/ios`)
  - "UMReactNativeAdapter (from `../node_modules/expo/node_modules/@unimodules/react-native-adapter/ios`)"
  - UMSensorsInterface (from `../node_modules/expo/node_modules/unimodules-sensors-interface/ios`)
  - UMTaskManagerInterface (from `../node_modules/expo/node_modules/unimodules-task-manager-interface/ios`)
  - Yoga (from `../node_modules/react-native/ReactCommon/yoga`)

SPEC REPOS:
  trunk:
    - boost-for-react-native
    - CocoaAsyncSocket
    - CocoaLibEvent
    - Firebase
    - FirebaseCore
    - FirebaseCoreDiagnostics
    - FirebaseInstallations
    - FirebaseInstanceID
    - FirebaseMessaging
    - FirebaseMLCommon
    - FirebaseMLVision
    - FirebaseMLVisionBarcodeModel
    - FirebaseMLVisionFaceModel
    - Flipper
    - Flipper-DoubleConversion
    - Flipper-Folly
    - Flipper-Glog
    - Flipper-PeerTalk
    - Flipper-RSocket
    - FlipperKit
    - GoogleAPIClientForREST
    - GoogleDataTransport
    - GoogleToolboxForMac
    - GoogleUtilities
    - GTMSessionFetcher
    - nanopb
    - OpenSSL-Universal
    - PromisesObjC
    - Protobuf
    - YogaKit

EXTERNAL SOURCES:
  DoubleConversion:
    :podspec: "../node_modules/react-native/third-party-podspecs/DoubleConversion.podspec"
  EXAppLoaderProvider:
    :path: !ruby/object:Pathname
    path: "../node_modules/expo-app-loader-provider/ios"
  EXConstants:
    :path: !ruby/object:Pathname
    path: "../node_modules/expo-linking/node_modules/expo-constants/ios"
  EXDevice:
    :path: !ruby/object:Pathname
    path: "../node_modules/expo-device/ios"
  EXErrorRecovery:
    :path: !ruby/object:Pathname
    path: "../node_modules/expo-error-recovery/ios"
  EXFileSystem:
    :path: !ruby/object:Pathname
    path: "../node_modules/expo/node_modules/expo-file-system/ios"
  EXFont:
    :path: !ruby/object:Pathname
    path: "../node_modules/expo-font/ios"
  EXKeepAwake:
    :path: !ruby/object:Pathname
    path: "../node_modules/expo-keep-awake/ios"
  EXLinearGradient:
    :path: !ruby/object:Pathname
    path: "../node_modules/expo-linear-gradient/ios"
  EXLocation:
    :path: !ruby/object:Pathname
    path: "../node_modules/expo-location/ios"
  EXPermissions:
    :path: !ruby/object:Pathname
    path: "../node_modules/expo/node_modules/expo-permissions/ios"
  EXSecureStore:
    :path: !ruby/object:Pathname
    path: "../node_modules/expo-secure-store/ios"
  EXSplashScreen:
    :path: !ruby/object:Pathname
    path: "../node_modules/expo-splash-screen/ios"
  EXSQLite:
    :path: !ruby/object:Pathname
    path: "../node_modules/expo-sqlite/ios"
  FBLazyVector:
    :path: "../node_modules/react-native/Libraries/FBLazyVector"
  FBReactNativeSpec:
    :path: "../node_modules/react-native/Libraries/FBReactNativeSpec"
  Folly:
    :podspec: "../node_modules/react-native/third-party-podspecs/Folly.podspec"
  glog:
    :podspec: "../node_modules/react-native/third-party-podspecs/glog.podspec"
  jail-monkey:
    :path: "../node_modules/jail-monkey"
  Permission-Camera:
    :path: "../node_modules/react-native-permissions/ios/Camera.podspec"
  Permission-Notifications:
    :path: "../node_modules/react-native-permissions/ios/Notifications.podspec"
  RCTRequired:
    :path: "../node_modules/react-native/Libraries/RCTRequired"
  RCTTypeSafety:
    :path: "../node_modules/react-native/Libraries/TypeSafety"
  React:
    :path: "../node_modules/react-native/"
  React-callinvoker:
    :path: "../node_modules/react-native/ReactCommon/callinvoker"
  React-Core:
    :path: "../node_modules/react-native/"
  React-CoreModules:
    :path: "../node_modules/react-native/React/CoreModules"
  React-cxxreact:
    :path: "../node_modules/react-native/ReactCommon/cxxreact"
  React-jsi:
    :path: "../node_modules/react-native/ReactCommon/jsi"
  React-jsiexecutor:
    :path: "../node_modules/react-native/ReactCommon/jsiexecutor"
  React-jsinspector:
    :path: "../node_modules/react-native/ReactCommon/jsinspector"
  react-native-blur:
    :path: "../node_modules/@react-native-community/blur"
  react-native-camera:
    :path: "../node_modules/react-native-camera"
  react-native-document-picker:
    :path: "../node_modules/react-native-document-picker"
  react-native-netinfo:
    :path: "../node_modules/@react-native-community/netinfo"
  react-native-rsa-native:
    :path: "../node_modules/react-native-rsa-native"
  react-native-safe-area-context:
    :path: "../node_modules/react-native-safe-area-context"
  React-RCTActionSheet:
    :path: "../node_modules/react-native/Libraries/ActionSheetIOS"
  React-RCTAnimation:
    :path: "../node_modules/react-native/Libraries/NativeAnimation"
  React-RCTBlob:
    :path: "../node_modules/react-native/Libraries/Blob"
  React-RCTImage:
    :path: "../node_modules/react-native/Libraries/Image"
  React-RCTLinking:
    :path: "../node_modules/react-native/Libraries/LinkingIOS"
  React-RCTNetwork:
    :path: "../node_modules/react-native/Libraries/Network"
  React-RCTSettings:
    :path: "../node_modules/react-native/Libraries/Settings"
  React-RCTText:
    :path: "../node_modules/react-native/Libraries/Text"
  React-RCTVibration:
    :path: "../node_modules/react-native/Libraries/Vibration"
  ReactCommon:
    :path: "../node_modules/react-native/ReactCommon"
  RNBootSplash:
    :path: "../node_modules/react-native-bootsplash"
  RNCAsyncStorage:
    :path: "../node_modules/@react-native-community/async-storage"
  RNCMaskedView:
    :path: "../node_modules/@react-native-community/masked-view"
  RNDeviceInfo:
    :path: "../node_modules/react-native-device-info"
  RNFBApp:
    :path: "../node_modules/@react-native-firebase/app"
  RNFBMessaging:
    :path: "../node_modules/@react-native-firebase/messaging"
  RNFS:
    :path: "../node_modules/react-native-fs"
  RNGestureHandler:
    :path: "../node_modules/react-native-gesture-handler"
  RNPermissions:
    :path: "../node_modules/react-native-permissions"
  RNReanimated:
    :path: "../node_modules/react-native-reanimated"
  RNScreens:
    :path: "../node_modules/react-native-screens"
  RNSVG:
    :path: "../node_modules/react-native-svg"
  RNVectorIcons:
    :path: "../node_modules/react-native-vector-icons"
  toolbar-android:
    :path: "../node_modules/@react-native-community/toolbar-android"
  UMAppLoader:
    :path: !ruby/object:Pathname
    path: "../node_modules/unimodules-app-loader/ios"
  UMBarCodeScannerInterface:
    :path: !ruby/object:Pathname
    path: "../node_modules/expo/node_modules/unimodules-barcode-scanner-interface/ios"
  UMCameraInterface:
    :path: !ruby/object:Pathname
    path: "../node_modules/expo/node_modules/unimodules-camera-interface/ios"
  UMConstantsInterface:
    :path: !ruby/object:Pathname
    path: "../node_modules/expo/node_modules/unimodules-constants-interface/ios"
  UMCore:
    :path: !ruby/object:Pathname
    path: "../node_modules/expo/node_modules/@unimodules/core/ios"
  UMFaceDetectorInterface:
    :path: !ruby/object:Pathname
    path: "../node_modules/expo/node_modules/unimodules-face-detector-interface/ios"
  UMFileSystemInterface:
    :path: !ruby/object:Pathname
    path: "../node_modules/expo/node_modules/unimodules-file-system-interface/ios"
  UMFontInterface:
    :path: !ruby/object:Pathname
    path: "../node_modules/expo/node_modules/unimodules-font-interface/ios"
  UMImageLoaderInterface:
    :path: !ruby/object:Pathname
    path: "../node_modules/expo/node_modules/unimodules-image-loader-interface/ios"
  UMPermissionsInterface:
    :path: !ruby/object:Pathname
    path: "../node_modules/expo/node_modules/unimodules-permissions-interface/ios"
  UMReactNativeAdapter:
    :path: !ruby/object:Pathname
    path: "../node_modules/expo/node_modules/@unimodules/react-native-adapter/ios"
  UMSensorsInterface:
    :path: !ruby/object:Pathname
    path: "../node_modules/expo/node_modules/unimodules-sensors-interface/ios"
  UMTaskManagerInterface:
    :path: !ruby/object:Pathname
    path: "../node_modules/expo/node_modules/unimodules-task-manager-interface/ios"
  Yoga:
    :path: "../node_modules/react-native/ReactCommon/yoga"

SPEC CHECKSUMS:
  boost-for-react-native: 39c7adb57c4e60d6c5479dd8623128eb5b3f0f2c
  CocoaAsyncSocket: 694058e7c0ed05a9e217d1b3c7ded962f4180845
  CocoaLibEvent: 2fab71b8bd46dd33ddb959f7928ec5909f838e3f
  DoubleConversion: cde416483dac037923206447da6e1454df403714
  EXAppLoaderProvider: ebdb6bc2632c1ccadbe49f5e4104d8d690969c49
  EXConstants: f486f6b4a36b86e47ab258d4d2b7b2699786fdce
  EXDevice: befd3b2619915e615c3753c9f83309808aa0cdf5
  EXErrorRecovery: ff58873bf2714fcd5290935d49b74d9fc589d575
  EXFileSystem: 76875135b61708b9afa7e6a89b72a60ba0fdfa20
  EXFont: e583875d5d37a9e272d1cdba7f383bd576952919
  EXKeepAwake: 8b0f68242f036b971f9f8976341823cbe6f50812
  EXLinearGradient: fd56f6e9fca133329f190d75bfa28dc57ed7a1dc
  EXLocation: e93020e255f52a1cc031e0f45b0a24eb20fc4b55
  EXPermissions: 80ac3acbdb145930079810fe5b08c022b3428aa8
  EXSecureStore: 908934a8b02301997fee88e3f4c05eea4e2a9ffb
  EXSplashScreen: 9423d258b71afa5bf128a83dcb57b636d9900a74
  EXSQLite: 64611c1b369c0f1e9cae4e551d0aa4478a58cadf
  FBLazyVector: a50434c875bd42f2b1c99c712bda892a1dc659c7
  FBReactNativeSpec: 393853a536428e05a9da00b6290042f09809b15b
  Firebase: 210f41ca352067d83b1ba4fd2e7fb49a0c017397
  FirebaseCore: 9a41e2de78fef10f63cee30ab10e2945266bc1fc
  FirebaseCoreDiagnostics: 7415bfb3883b3500c5a95c42b6ba66baae78f600
  FirebaseInstallations: 466c7b4d1f58fe16707693091da253726a731ed2
  FirebaseInstanceID: 84f5f5762f1bee94ca2254f693bbf5aec6666504
  FirebaseMessaging: 82d75b3770a78bbce470769a6980429608b4c407
  FirebaseMLCommon: d218d75dd1c6c4e447f731ac22da56b88cb79431
  FirebaseMLVision: 68dd092b4c52a7ac163ec0d4f541d5711fc9fec6
  FirebaseMLVisionBarcodeModel: 394cd61c52dc03558088caf82b0dade8028f57d5
  FirebaseMLVisionFaceModel: a67b2bf9b8407127a0bdb0ba98eb265637d1dc9d
  Flipper: 33585e2d9810fe5528346be33bcf71b37bb7ae13
  Flipper-DoubleConversion: 38631e41ef4f9b12861c67d17cb5518d06badc41
  Flipper-Folly: c12092ea368353b58e992843a990a3225d4533c3
  Flipper-Glog: 1dfd6abf1e922806c52ceb8701a3599a79a200a6
  Flipper-PeerTalk: 116d8f857dc6ef55c7a5a75ea3ceaafe878aadc9
  Flipper-RSocket: 64e7431a55835eb953b0bf984ef3b90ae9fdddd7
  FlipperKit: bc68102cd4952a258a23c9c1b316c7bec1fecf83
  Folly: b73c3869541e86821df3c387eb0af5f65addfab4
  glog: 40a13f7840415b9a77023fbcae0f1e6f43192af3
  GoogleAPIClientForREST: e2d95a611ac06a90d143c93bfd8597719f8b0938
  GoogleDataTransport: e85fb700c9b027079ce182c3d08e12e0f9618bb4
  GoogleToolboxForMac: 800648f8b3127618c1b59c7f97684427630c5ea3
  GoogleUtilities: 7f2f5a07f888cdb145101d6042bc4422f57e70b3
  GTMSessionFetcher: 6f5c8abbab8a9bce4bb3f057e317728ec6182b10
  jail-monkey: 80c9e34da2cd54023e5ad08bf7051ec75bd43d5b
  nanopb: 59317e09cf1f1a0af72f12af412d54edf52603fc
  OpenSSL-Universal: 8b48cc0d10c1b2923617dfe5c178aa9ed2689355
  Permission-Camera: 5d2aaf95592660b6dcb5e8d1d90ed5d0156cad02
  Permission-Notifications: 9c6b5cc4f0e6599e9fc3395b77cebddc48f1be41
  PromisesObjC: b14b1c6b68e306650688599de8a45e49fae81151
  Protobuf: 3dac39b34a08151c6d949560efe3f86134a3f748
  RCTRequired: d9b1a9e6fa097744ca3ede59f86a35096df7202b
  RCTTypeSafety: c227cd061983e9e964115afbc4e8730d6a6f1395
  React: 86e972a20967ee4137aa19dc48319405927c2e94
  React-callinvoker: 87ee376c25277d74e164ff036b27084e343f3e69
  React-Core: f5ec03baf7ed58d9f3ee04a8f84e4c97ee8bf4c9
  React-CoreModules: 958898aa8c069280e866e35a2f29480a81fcf335
  React-cxxreact: 90de76b9b51575668ad7fd4e33a5a8c143beecc2
  React-jsi: b32a31da32e030f30bbf9a8d3a9c8325df9e793f
  React-jsiexecutor: 7ab9cdcdd18d57652fb041f8a147fe9658d4e00a
  React-jsinspector: 2e28bb487e42dda6c94dbfa0c648d1343767a0fb
  react-native-blur: cad4d93b364f91e7b7931b3fa935455487e5c33c
  react-native-camera: 35854c4f764a4a6cf61c1c3525888b92f0fe4b31
  react-native-document-picker: 4921045c5c6c78243010f784eae0a3f4b2af7799
  react-native-netinfo: 250dc0ca126512f618a8a2ca6a936577e1f66586
  react-native-rsa-native: 348b5057073920db0e154724c3a49e6b34e1da6b
  react-native-safe-area-context: 79fea126c6830c85f65947c223a5e3058a666937
  React-RCTActionSheet: 1702a1a85e550b5c36e2e03cb2bd3adea053de95
  React-RCTAnimation: ddda576010a878865a4eab83a78acd92176ef6a1
  React-RCTBlob: 34334384284c81577409d5205bd2b9ff594d8ab6
  React-RCTImage: e2a661266dca295cffb33909cc64675a2efedb26
  React-RCTLinking: cd39b9b5e9cbb9e827854e30dfa92d7db074cea8
  React-RCTNetwork: 16939b7e4058d6f662b304a1f61689e249a2bfcc
  React-RCTSettings: 24726a62de0c326f9ebfc3838898a501b87ce711
  React-RCTText: 4f95d322b7e6da72817284abf8a2cdcec18b9cd8
  React-RCTVibration: f3a9123c244f35c40d3c9f3ec3f0b9e5717bb292
  ReactCommon: 2905859f84a94a381bb0d8dd3921ccb1a0047cb8
  RNBootSplash: 6c2a4f7cf8a2d2f18043e11da177c95395da9f4b
  RNCAsyncStorage: b03032fdbdb725bea0bd9e5ec5a7272865ae7398
  RNCMaskedView: 5a8ec07677aa885546a0d98da336457e2bea557f
  RNDeviceInfo: 687c1b2ab6d86ff1ca1208783320cd144138c7f2
  RNFBApp: 570b136767f588b7eef0ab918284e9fe364d0c3e
  RNFBMessaging: dc3849747c2c61bfcd3c1ce6b5390f27ff4f7756
  RNFS: 2bd9eb49dc82fa9676382f0585b992c424cd59df
  RNGestureHandler: 7a5833d0f788dbd107fbb913e09aa0c1ff333c39
  RNPermissions: 5df468064df661a4c8c017e2791ce90d7695eea5
  RNReanimated: dd8c286ab5dd4ba36d3a7fef8bff7e08711b5476
  RNScreens: 0e91da98ab26d5d04c7b59a9b6bd694124caf88c
  RNSVG: 8ba35cbeb385a52fd960fd28db9d7d18b4c2974f
  RNVectorIcons: 368d6d8b8301224e5ffb6254191f4f8876c2be0d
  toolbar-android: 85f3ef4d691469f2d304e7dee4bca013aa1ba1ff
  UMAppLoader: 61049c8d55590b74e9ae1d5429bf68d96b4a2528
  UMBarCodeScannerInterface: e5e4c87797d3d01214e25cd1618866caf5d4f17f
  UMCameraInterface: 415ac060034edecacdbbaa739c223e3f276e0056
  UMConstantsInterface: 1a52f2d884c95e8829439da13e36b7669a1a8fb4
  UMCore: d98083b522b08c0a8ba3992bc263c624ae5d887c
  UMFaceDetectorInterface: 67c6c82451338da01a4bc00ec46365a2a8ea9057
  UMFileSystemInterface: 303d696ede28102a7e11d111808bd2ed2c5eb62f
  UMFontInterface: 6edf1ee8bc55d2030766f8cf0a7b20a5d5a913b0
  UMImageLoaderInterface: 9cdbf3bab6a513bddd88505cb2340fe02d6a11c0
  UMPermissionsInterface: 019170ad655f464e3f8d23d2a8bcbda2e645cde4
  UMReactNativeAdapter: 538efe92e781b5d7678cf95b34c46f2d0989a557
  UMSensorsInterface: cb5bf31d52c4349f0ff9e3c049bbe4df0d80d383
  UMTaskManagerInterface: 80653f25c55d9e6d79d6a0a65589fa213feaee11
  Yoga: d5bd05a2b6b94c52323745c2c2b64557c8c66f64
  YogaKit: f782866e155069a2cca2517aafea43200b01fd5a

PODFILE CHECKSUM: e64a27ebbdb8acf839cafe266c34312e10314de7

COCOAPODS: 1.9.3
