// !$*UTF8*$!
{
	archiveVersion = 1;
	classes = {
	};
	objectVersion = 46;
	objects = {

/* Begin PBXBuildFile section */
		00E356F31AD99517003FC87E /* mobileappTests.m in Sources */ = {isa = PBXBuildFile; fileRef = 00E356F21AD99517003FC87E /* mobileappTests.m */; };
		10F0410BC483D1BD76198746 /* libPods-mobileapp-tvOS.a in Frameworks */ = {isa = PBXBuildFile; fileRef = 285F4E80D18A396292354EB1 /* libPods-mobileapp-tvOS.a */; };
		13B07FBC1A68108700A75B9A /* AppDelegate.m in Sources */ = {isa = PBXBuildFile; fileRef = 13B07FB01A68108700A75B9A /* AppDelegate.m */; };
		13B07FBF1A68108700A75B9A /* Images.xcassets in Resources */ = {isa = PBXBuildFile; fileRef = 13B07FB51A68108700A75B9A /* Images.xcassets */; };
		13B07FC11A68108700A75B9A /* main.m in Sources */ = {isa = PBXBuildFile; fileRef = 13B07FB71A68108700A75B9A /* main.m */; };
		2D02E4BC1E0B4A80006451C7 /* AppDelegate.m in Sources */ = {isa = PBXBuildFile; fileRef = 13B07FB01A68108700A75B9A /* AppDelegate.m */; };
		2D02E4BD1E0B4A84006451C7 /* Images.xcassets in Resources */ = {isa = PBXBuildFile; fileRef = 13B07FB51A68108700A75B9A /* Images.xcassets */; };
		2D02E4BF1E0B4AB3006451C7 /* main.m in Sources */ = {isa = PBXBuildFile; fileRef = 13B07FB71A68108700A75B9A /* main.m */; };
		2DCD954D1E0B4F2C00145EB5 /* mobileappTests.m in Sources */ = {isa = PBXBuildFile; fileRef = 00E356F21AD99517003FC87E /* mobileappTests.m */; };
		4E796C7D2279B5139B36782B /* libPods-mobileapp.a in Frameworks */ = {isa = PBXBuildFile; fileRef = 7255AC4417705B571E8431C1 /* libPods-mobileapp.a */; };
		4FAB963A29142E9E7C322248 /* libPods-mobileapp-tvOSTests.a in Frameworks */ = {isa = PBXBuildFile; fileRef = A00959C53601ED2E82D06E02 /* libPods-mobileapp-tvOSTests.a */; };
		5200C5D924CC312700159F9E /* Rajdhani-Medium.ttf in Resources */ = {isa = PBXBuildFile; fileRef = 5200C5D324CC312700159F9E /* Rajdhani-Medium.ttf */; };
		5200C5DA24CC312700159F9E /* Rajdhani-SemiBold.ttf in Resources */ = {isa = PBXBuildFile; fileRef = 5200C5D424CC312700159F9E /* Rajdhani-SemiBold.ttf */; };
		5200C5DB24CC312700159F9E /* Rajdhani-Light.ttf in Resources */ = {isa = PBXBuildFile; fileRef = 5200C5D524CC312700159F9E /* Rajdhani-Light.ttf */; };
		5200C5DC24CC312700159F9E /* Rajdhani-Bold.ttf in Resources */ = {isa = PBXBuildFile; fileRef = 5200C5D624CC312700159F9E /* Rajdhani-Bold.ttf */; };
		5200C5DD24CC312700159F9E /* OFL.txt in Resources */ = {isa = PBXBuildFile; fileRef = 5200C5D724CC312700159F9E /* OFL.txt */; };
		5200C5DE24CC312700159F9E /* Rajdhani-Regular.ttf in Resources */ = {isa = PBXBuildFile; fileRef = 5200C5D824CC312700159F9E /* Rajdhani-Regular.ttf */; };
		5248FA4724C3F35C00BEA35E /* GoogleService-Info.plist in Resources */ = {isa = PBXBuildFile; fileRef = 5248FA4624C3F35C00BEA35E /* GoogleService-Info.plist */; };
		52C22C9324C5793C008DEA1E /* icon.png in Resources */ = {isa = PBXBuildFile; fileRef = 52C22C7A24C5793C008DEA1E /* icon.png */; };
		52C22C9424C5793C008DEA1E /* icon-76@2x.png in Resources */ = {isa = PBXBuildFile; fileRef = 52C22C7B24C5793C008DEA1E /* icon-76@2x.png */; };
		52C22C9524C5793C008DEA1E /* icon-40@2x.png in Resources */ = {isa = PBXBuildFile; fileRef = 52C22C7C24C5793C008DEA1E /* icon-40@2x.png */; };
		52C22C9624C5793C008DEA1E /* icon-40@3x.png in Resources */ = {isa = PBXBuildFile; fileRef = 52C22C7D24C5793C008DEA1E /* icon-40@3x.png */; };
		52C22C9724C5793C008DEA1E /* icon-50@2x.png in Resources */ = {isa = PBXBuildFile; fileRef = 52C22C7E24C5793C008DEA1E /* icon-50@2x.png */; };
		52C22C9824C5793C008DEA1E /* icon-83.5@2x.png in Resources */ = {isa = PBXBuildFile; fileRef = 52C22C7F24C5793C008DEA1E /* icon-83.5@2x.png */; };
		52C22C9924C5793C008DEA1E /* icon-small.png in Resources */ = {isa = PBXBuildFile; fileRef = 52C22C8024C5793C008DEA1E /* icon-small.png */; };
		52C22C9A24C5793C008DEA1E /* icon-60@3x.png in Resources */ = {isa = PBXBuildFile; fileRef = 52C22C8124C5793C008DEA1E /* icon-60@3x.png */; };
		52C22C9B24C5793C008DEA1E /* icon-76.png in Resources */ = {isa = PBXBuildFile; fileRef = 52C22C8224C5793C008DEA1E /* icon-76.png */; };
		52C22C9C24C5793C008DEA1E /* icon-60.png in Resources */ = {isa = PBXBuildFile; fileRef = 52C22C8324C5793C008DEA1E /* icon-60.png */; };
		52C22C9D24C5793C008DEA1E /* icon-1024.png in Resources */ = {isa = PBXBuildFile; fileRef = 52C22C8424C5793C008DEA1E /* icon-1024.png */; };
		52C22C9E24C5793C008DEA1E /* icon-72.png in Resources */ = {isa = PBXBuildFile; fileRef = 52C22C8524C5793C008DEA1E /* icon-72.png */; };
		52C22C9F24C5793C008DEA1E /* icon-44@2x.png in Resources */ = {isa = PBXBuildFile; fileRef = 52C22C8624C5793C008DEA1E /* icon-44@2x.png */; };
		52C22CA024C5793C008DEA1E /* icon-72@2x.png in Resources */ = {isa = PBXBuildFile; fileRef = 52C22C8724C5793C008DEA1E /* icon-72@2x.png */; };
		52C22CA124C5793C008DEA1E /* icon-60@2x.png in Resources */ = {isa = PBXBuildFile; fileRef = 52C22C8824C5793C008DEA1E /* icon-60@2x.png */; };
		52C22CA224C5793C008DEA1E /* icon@2x.png in Resources */ = {isa = PBXBuildFile; fileRef = 52C22C8924C5793C008DEA1E /* icon@2x.png */; };
		52C22CA324C5793C008DEA1E /* icon-27.5@2x.png in Resources */ = {isa = PBXBuildFile; fileRef = 52C22C8A24C5793C008DEA1E /* icon-27.5@2x.png */; };
		52C22CA424C5793C008DEA1E /* icon-40.png in Resources */ = {isa = PBXBuildFile; fileRef = 52C22C8B24C5793C008DEA1E /* icon-40.png */; };
		52C22CA524C5793C008DEA1E /* icon-50.png in Resources */ = {isa = PBXBuildFile; fileRef = 52C22C8C24C5793C008DEA1E /* icon-50.png */; };
		52C22CA624C5793C008DEA1E /* icon-86@2x.png in Resources */ = {isa = PBXBuildFile; fileRef = 52C22C8D24C5793C008DEA1E /* icon-86@2x.png */; };
		52C22CA724C5793C008DEA1E /* icon-98@2x.png in Resources */ = {isa = PBXBuildFile; fileRef = 52C22C8E24C5793C008DEA1E /* icon-98@2x.png */; };
		52C22CA824C5793C008DEA1E /* icon-small@3x.png in Resources */ = {isa = PBXBuildFile; fileRef = 52C22C8F24C5793C008DEA1E /* icon-small@3x.png */; };
		52C22CA924C5793C008DEA1E /* icon-20.png in Resources */ = {isa = PBXBuildFile; fileRef = 52C22C9024C5793C008DEA1E /* icon-20.png */; };
		52C22CAA24C5793C008DEA1E /* icon-24@2x.png in Resources */ = {isa = PBXBuildFile; fileRef = 52C22C9124C5793C008DEA1E /* icon-24@2x.png */; };
		52C22CAB24C5793C008DEA1E /* icon-small@2x.png in Resources */ = {isa = PBXBuildFile; fileRef = 52C22C9224C5793C008DEA1E /* icon-small@2x.png */; };
		52C22CBC24C57948008DEA1E /* Icon-marketing-1024x1024.png in Resources */ = {isa = PBXBuildFile; fileRef = 52C22CAD24C57948008DEA1E /* Icon-marketing-1024x1024.png */; };
		52C22CBD24C57948008DEA1E /* Icon-20x20@1x.png in Resources */ = {isa = PBXBuildFile; fileRef = 52C22CAE24C57948008DEA1E /* Icon-20x20@1x.png */; };
		52C22CBE24C57948008DEA1E /* Icon-83.5@2x.png in Resources */ = {isa = PBXBuildFile; fileRef = 52C22CAF24C57948008DEA1E /* Icon-83.5@2x.png */; };
		52C22CBF24C57948008DEA1E /* Icon-29x29@1x.png in Resources */ = {isa = PBXBuildFile; fileRef = 52C22CB024C57948008DEA1E /* Icon-29x29@1x.png */; };
		52C22CC024C57948008DEA1E /* Icon-76x76@2x.png in Resources */ = {isa = PBXBuildFile; fileRef = 52C22CB124C57948008DEA1E /* Icon-76x76@2x.png */; };
		52C22CC124C57948008DEA1E /* Icon-60x60@3x.png in Resources */ = {isa = PBXBuildFile; fileRef = 52C22CB224C57948008DEA1E /* Icon-60x60@3x.png */; };
		52C22CC224C57948008DEA1E /* Icon-40x40@2x.png in Resources */ = {isa = PBXBuildFile; fileRef = 52C22CB324C57948008DEA1E /* Icon-40x40@2x.png */; };
		52C22CC324C57948008DEA1E /* Icon-29x29@3x.png in Resources */ = {isa = PBXBuildFile; fileRef = 52C22CB424C57948008DEA1E /* Icon-29x29@3x.png */; };
		52C22CC424C57948008DEA1E /* Icon-29x29@2x.png in Resources */ = {isa = PBXBuildFile; fileRef = 52C22CB524C57948008DEA1E /* Icon-29x29@2x.png */; };
		52C22CC524C57948008DEA1E /* Icon-76x76@1x.png in Resources */ = {isa = PBXBuildFile; fileRef = 52C22CB624C57948008DEA1E /* Icon-76x76@1x.png */; };
		52C22CC624C57948008DEA1E /* Icon-40x40@3x.png in Resources */ = {isa = PBXBuildFile; fileRef = 52C22CB724C57948008DEA1E /* Icon-40x40@3x.png */; };
		52C22CC724C57948008DEA1E /* Contents.json in Resources */ = {isa = PBXBuildFile; fileRef = 52C22CB824C57948008DEA1E /* Contents.json */; };
		52C22CC824C57948008DEA1E /* Icon-60x60@2x.png in Resources */ = {isa = PBXBuildFile; fileRef = 52C22CB924C57948008DEA1E /* Icon-60x60@2x.png */; };
		52C22CC924C57948008DEA1E /* Icon-20x20@3x.png in Resources */ = {isa = PBXBuildFile; fileRef = 52C22CBA24C57948008DEA1E /* Icon-20x20@3x.png */; };
		52C22CCA24C57948008DEA1E /* Icon-20x20@2x.png in Resources */ = {isa = PBXBuildFile; fileRef = 52C22CBB24C57948008DEA1E /* Icon-20x20@2x.png */; };
		52E9F29824D287FA00C0B729 /* splashscreen.png in Resources */ = {isa = PBXBuildFile; fileRef = 52E9F29724D287FA00C0B729 /* splashscreen.png */; };
		52E9F2A224D289F800C0B729 /* Launch Screen.storyboard in Resources */ = {isa = PBXBuildFile; fileRef = 52E9F2A124D289F800C0B729 /* Launch Screen.storyboard */; };
		848A8335CAB32D46E6C8E0E0 /* libPods-mobileapp-mobileappTests.a in Frameworks */ = {isa = PBXBuildFile; fileRef = 662692EA225C9BEB18E08637 /* libPods-mobileapp-mobileappTests.a */; };
/* End PBXBuildFile section */

/* Begin PBXContainerItemProxy section */
		00E356F41AD99517003FC87E /* PBXContainerItemProxy */ = {
			isa = PBXContainerItemProxy;
			containerPortal = 83CBB9F71A601CBA00E9B192 /* Project object */;
			proxyType = 1;
			remoteGlobalIDString = 13B07F861A680F5B00A75B9A;
			remoteInfo = mobileapp;
		};
		2D02E4911E0B4A5D006451C7 /* PBXContainerItemProxy */ = {
			isa = PBXContainerItemProxy;
			containerPortal = 83CBB9F71A601CBA00E9B192 /* Project object */;
			proxyType = 1;
			remoteGlobalIDString = 2D02E47A1E0B4A5D006451C7;
			remoteInfo = "mobileapp-tvOS";
		};
/* End PBXContainerItemProxy section */

/* Begin PBXFileReference section */
		008F07F21AC5B25A0029DE68 /* main.jsbundle */ = {isa = PBXFileReference; fileEncoding = 4; lastKnownFileType = text; path = main.jsbundle; sourceTree = "<group>"; };
		00E356EE1AD99517003FC87E /* mobileappTests.xctest */ = {isa = PBXFileReference; explicitFileType = wrapper.cfbundle; includeInIndex = 0; path = mobileappTests.xctest; sourceTree = BUILT_PRODUCTS_DIR; };
		00E356F11AD99517003FC87E /* Info.plist */ = {isa = PBXFileReference; lastKnownFileType = text.plist.xml; path = Info.plist; sourceTree = "<group>"; };
		00E356F21AD99517003FC87E /* mobileappTests.m */ = {isa = PBXFileReference; lastKnownFileType = sourcecode.c.objc; path = mobileappTests.m; sourceTree = "<group>"; };
		13B07F961A680F5B00A75B9A /* trasa.app */ = {isa = PBXFileReference; explicitFileType = wrapper.application; includeInIndex = 0; path = trasa.app; sourceTree = BUILT_PRODUCTS_DIR; };
		13B07FAF1A68108700A75B9A /* AppDelegate.h */ = {isa = PBXFileReference; fileEncoding = 4; lastKnownFileType = sourcecode.c.h; name = AppDelegate.h; path = mobileapp/AppDelegate.h; sourceTree = "<group>"; };
		13B07FB01A68108700A75B9A /* AppDelegate.m */ = {isa = PBXFileReference; fileEncoding = 4; lastKnownFileType = sourcecode.c.objc; name = AppDelegate.m; path = mobileapp/AppDelegate.m; sourceTree = "<group>"; };
		13B07FB51A68108700A75B9A /* Images.xcassets */ = {isa = PBXFileReference; lastKnownFileType = folder.assetcatalog; name = Images.xcassets; path = mobileapp/Images.xcassets; sourceTree = "<group>"; };
		13B07FB61A68108700A75B9A /* Info.plist */ = {isa = PBXFileReference; fileEncoding = 4; lastKnownFileType = text.plist.xml; name = Info.plist; path = mobileapp/Info.plist; sourceTree = "<group>"; };
		13B07FB71A68108700A75B9A /* main.m */ = {isa = PBXFileReference; fileEncoding = 4; lastKnownFileType = sourcecode.c.objc; name = main.m; path = mobileapp/main.m; sourceTree = "<group>"; };
		18725C7CD041B37446A6D618 /* Pods-mobileapp-tvOS.debug.xcconfig */ = {isa = PBXFileReference; includeInIndex = 1; lastKnownFileType = text.xcconfig; name = "Pods-mobileapp-tvOS.debug.xcconfig"; path = "Target Support Files/Pods-mobileapp-tvOS/Pods-mobileapp-tvOS.debug.xcconfig"; sourceTree = "<group>"; };
		285F4E80D18A396292354EB1 /* libPods-mobileapp-tvOS.a */ = {isa = PBXFileReference; explicitFileType = archive.ar; includeInIndex = 0; path = "libPods-mobileapp-tvOS.a"; sourceTree = BUILT_PRODUCTS_DIR; };
		2D02E47B1E0B4A5D006451C7 /* mobileapp-tvOS.app */ = {isa = PBXFileReference; explicitFileType = wrapper.application; includeInIndex = 0; path = "mobileapp-tvOS.app"; sourceTree = BUILT_PRODUCTS_DIR; };
		2D02E4901E0B4A5D006451C7 /* mobileapp-tvOSTests.xctest */ = {isa = PBXFileReference; explicitFileType = wrapper.cfbundle; includeInIndex = 0; path = "mobileapp-tvOSTests.xctest"; sourceTree = BUILT_PRODUCTS_DIR; };
		2FDE0A7944F911BAE07103E6 /* Pods-mobileapp-tvOSTests.release.xcconfig */ = {isa = PBXFileReference; includeInIndex = 1; lastKnownFileType = text.xcconfig; name = "Pods-mobileapp-tvOSTests.release.xcconfig"; path = "Target Support Files/Pods-mobileapp-tvOSTests/Pods-mobileapp-tvOSTests.release.xcconfig"; sourceTree = "<group>"; };
		4858785A3DFC10940C4B273A /* Pods-mobileapp.release.xcconfig */ = {isa = PBXFileReference; includeInIndex = 1; lastKnownFileType = text.xcconfig; name = "Pods-mobileapp.release.xcconfig"; path = "Target Support Files/Pods-mobileapp/Pods-mobileapp.release.xcconfig"; sourceTree = "<group>"; };
		5200C5D324CC312700159F9E /* Rajdhani-Medium.ttf */ = {isa = PBXFileReference; lastKnownFileType = file; path = "Rajdhani-Medium.ttf"; sourceTree = "<group>"; };
		5200C5D424CC312700159F9E /* Rajdhani-SemiBold.ttf */ = {isa = PBXFileReference; lastKnownFileType = file; path = "Rajdhani-SemiBold.ttf"; sourceTree = "<group>"; };
		5200C5D524CC312700159F9E /* Rajdhani-Light.ttf */ = {isa = PBXFileReference; lastKnownFileType = file; path = "Rajdhani-Light.ttf"; sourceTree = "<group>"; };
		5200C5D624CC312700159F9E /* Rajdhani-Bold.ttf */ = {isa = PBXFileReference; lastKnownFileType = file; path = "Rajdhani-Bold.ttf"; sourceTree = "<group>"; };
		5200C5D724CC312700159F9E /* OFL.txt */ = {isa = PBXFileReference; fileEncoding = 4; lastKnownFileType = text; path = OFL.txt; sourceTree = "<group>"; };
		5200C5D824CC312700159F9E /* Rajdhani-Regular.ttf */ = {isa = PBXFileReference; lastKnownFileType = file; path = "Rajdhani-Regular.ttf"; sourceTree = "<group>"; };
		5230939B24C29AD300C3FB9B /* mobileapp.entitlements */ = {isa = PBXFileReference; lastKnownFileType = text.plist.entitlements; name = mobileapp.entitlements; path = mobileapp/mobileapp.entitlements; sourceTree = "<group>"; };
		5248FA4624C3F35C00BEA35E /* GoogleService-Info.plist */ = {isa = PBXFileReference; fileEncoding = 4; lastKnownFileType = text.plist.xml; name = "GoogleService-Info.plist"; path = "mobileapp/GoogleService-Info.plist"; sourceTree = "<group>"; };
		52C22C7A24C5793C008DEA1E /* icon.png */ = {isa = PBXFileReference; lastKnownFileType = image.png; path = icon.png; sourceTree = "<group>"; };
		52C22C7B24C5793C008DEA1E /* icon-76@2x.png */ = {isa = PBXFileReference; lastKnownFileType = image.png; path = "icon-76@2x.png"; sourceTree = "<group>"; };
		52C22C7C24C5793C008DEA1E /* icon-40@2x.png */ = {isa = PBXFileReference; lastKnownFileType = image.png; path = "icon-40@2x.png"; sourceTree = "<group>"; };
		52C22C7D24C5793C008DEA1E /* icon-40@3x.png */ = {isa = PBXFileReference; lastKnownFileType = image.png; path = "icon-40@3x.png"; sourceTree = "<group>"; };
		52C22C7E24C5793C008DEA1E /* icon-50@2x.png */ = {isa = PBXFileReference; lastKnownFileType = image.png; path = "icon-50@2x.png"; sourceTree = "<group>"; };
		52C22C7F24C5793C008DEA1E /* icon-83.5@2x.png */ = {isa = PBXFileReference; lastKnownFileType = image.png; path = "icon-83.5@2x.png"; sourceTree = "<group>"; };
		52C22C8024C5793C008DEA1E /* icon-small.png */ = {isa = PBXFileReference; lastKnownFileType = image.png; path = "icon-small.png"; sourceTree = "<group>"; };
		52C22C8124C5793C008DEA1E /* icon-60@3x.png */ = {isa = PBXFileReference; lastKnownFileType = image.png; path = "icon-60@3x.png"; sourceTree = "<group>"; };
		52C22C8224C5793C008DEA1E /* icon-76.png */ = {isa = PBXFileReference; lastKnownFileType = image.png; path = "icon-76.png"; sourceTree = "<group>"; };
		52C22C8324C5793C008DEA1E /* icon-60.png */ = {isa = PBXFileReference; lastKnownFileType = image.png; path = "icon-60.png"; sourceTree = "<group>"; };
		52C22C8424C5793C008DEA1E /* icon-1024.png */ = {isa = PBXFileReference; lastKnownFileType = image.png; path = "icon-1024.png"; sourceTree = "<group>"; };
		52C22C8524C5793C008DEA1E /* icon-72.png */ = {isa = PBXFileReference; lastKnownFileType = image.png; path = "icon-72.png"; sourceTree = "<group>"; };
		52C22C8624C5793C008DEA1E /* icon-44@2x.png */ = {isa = PBXFileReference; lastKnownFileType = image.png; path = "icon-44@2x.png"; sourceTree = "<group>"; };
		52C22C8724C5793C008DEA1E /* icon-72@2x.png */ = {isa = PBXFileReference; lastKnownFileType = image.png; path = "icon-72@2x.png"; sourceTree = "<group>"; };
		52C22C8824C5793C008DEA1E /* icon-60@2x.png */ = {isa = PBXFileReference; lastKnownFileType = image.png; path = "icon-60@2x.png"; sourceTree = "<group>"; };
		52C22C8924C5793C008DEA1E /* icon@2x.png */ = {isa = PBXFileReference; lastKnownFileType = image.png; path = "icon@2x.png"; sourceTree = "<group>"; };
		52C22C8A24C5793C008DEA1E /* icon-27.5@2x.png */ = {isa = PBXFileReference; lastKnownFileType = image.png; path = "icon-27.5@2x.png"; sourceTree = "<group>"; };
		52C22C8B24C5793C008DEA1E /* icon-40.png */ = {isa = PBXFileReference; lastKnownFileType = image.png; path = "icon-40.png"; sourceTree = "<group>"; };
		52C22C8C24C5793C008DEA1E /* icon-50.png */ = {isa = PBXFileReference; lastKnownFileType = image.png; path = "icon-50.png"; sourceTree = "<group>"; };
		52C22C8D24C5793C008DEA1E /* icon-86@2x.png */ = {isa = PBXFileReference; lastKnownFileType = image.png; path = "icon-86@2x.png"; sourceTree = "<group>"; };
		52C22C8E24C5793C008DEA1E /* icon-98@2x.png */ = {isa = PBXFileReference; lastKnownFileType = image.png; path = "icon-98@2x.png"; sourceTree = "<group>"; };
		52C22C8F24C5793C008DEA1E /* icon-small@3x.png */ = {isa = PBXFileReference; lastKnownFileType = image.png; path = "icon-small@3x.png"; sourceTree = "<group>"; };
		52C22C9024C5793C008DEA1E /* icon-20.png */ = {isa = PBXFileReference; lastKnownFileType = image.png; path = "icon-20.png"; sourceTree = "<group>"; };
		52C22C9124C5793C008DEA1E /* icon-24@2x.png */ = {isa = PBXFileReference; lastKnownFileType = image.png; path = "icon-24@2x.png"; sourceTree = "<group>"; };
		52C22C9224C5793C008DEA1E /* icon-small@2x.png */ = {isa = PBXFileReference; lastKnownFileType = image.png; path = "icon-small@2x.png"; sourceTree = "<group>"; };
		52C22CAD24C57948008DEA1E /* Icon-marketing-1024x1024.png */ = {isa = PBXFileReference; lastKnownFileType = image.png; path = "Icon-marketing-1024x1024.png"; sourceTree = "<group>"; };
		52C22CAE24C57948008DEA1E /* Icon-20x20@1x.png */ = {isa = PBXFileReference; lastKnownFileType = image.png; path = "Icon-20x20@1x.png"; sourceTree = "<group>"; };
		52C22CAF24C57948008DEA1E /* Icon-83.5@2x.png */ = {isa = PBXFileReference; lastKnownFileType = image.png; path = "Icon-83.5@2x.png"; sourceTree = "<group>"; };
		52C22CB024C57948008DEA1E /* Icon-29x29@1x.png */ = {isa = PBXFileReference; lastKnownFileType = image.png; path = "Icon-29x29@1x.png"; sourceTree = "<group>"; };
		52C22CB124C57948008DEA1E /* Icon-76x76@2x.png */ = {isa = PBXFileReference; lastKnownFileType = image.png; path = "Icon-76x76@2x.png"; sourceTree = "<group>"; };
		52C22CB224C57948008DEA1E /* Icon-60x60@3x.png */ = {isa = PBXFileReference; lastKnownFileType = image.png; path = "Icon-60x60@3x.png"; sourceTree = "<group>"; };
		52C22CB324C57948008DEA1E /* Icon-40x40@2x.png */ = {isa = PBXFileReference; lastKnownFileType = image.png; path = "Icon-40x40@2x.png"; sourceTree = "<group>"; };
		52C22CB424C57948008DEA1E /* Icon-29x29@3x.png */ = {isa = PBXFileReference; lastKnownFileType = image.png; path = "Icon-29x29@3x.png"; sourceTree = "<group>"; };
		52C22CB524C57948008DEA1E /* Icon-29x29@2x.png */ = {isa = PBXFileReference; lastKnownFileType = image.png; path = "Icon-29x29@2x.png"; sourceTree = "<group>"; };
		52C22CB624C57948008DEA1E /* Icon-76x76@1x.png */ = {isa = PBXFileReference; lastKnownFileType = image.png; path = "Icon-76x76@1x.png"; sourceTree = "<group>"; };
		52C22CB724C57948008DEA1E /* Icon-40x40@3x.png */ = {isa = PBXFileReference; lastKnownFileType = image.png; path = "Icon-40x40@3x.png"; sourceTree = "<group>"; };
		52C22CB824C57948008DEA1E /* Contents.json */ = {isa = PBXFileReference; fileEncoding = 4; lastKnownFileType = text.json; path = Contents.json; sourceTree = "<group>"; };
		52C22CB924C57948008DEA1E /* Icon-60x60@2x.png */ = {isa = PBXFileReference; lastKnownFileType = image.png; path = "Icon-60x60@2x.png"; sourceTree = "<group>"; };
		52C22CBA24C57948008DEA1E /* Icon-20x20@3x.png */ = {isa = PBXFileReference; lastKnownFileType = image.png; path = "Icon-20x20@3x.png"; sourceTree = "<group>"; };
		52C22CBB24C57948008DEA1E /* Icon-20x20@2x.png */ = {isa = PBXFileReference; lastKnownFileType = image.png; path = "Icon-20x20@2x.png"; sourceTree = "<group>"; };
		52E9F29724D287FA00C0B729 /* splashscreen.png */ = {isa = PBXFileReference; lastKnownFileType = image.png; path = splashscreen.png; sourceTree = "<group>"; };
		52E9F2A124D289F800C0B729 /* Launch Screen.storyboard */ = {isa = PBXFileReference; lastKnownFileType = file.storyboard; path = "Launch Screen.storyboard"; sourceTree = "<group>"; };
		5494F0D60307CB8E423B290F /* Pods-mobileapp.debug.xcconfig */ = {isa = PBXFileReference; includeInIndex = 1; lastKnownFileType = text.xcconfig; name = "Pods-mobileapp.debug.xcconfig"; path = "Target Support Files/Pods-mobileapp/Pods-mobileapp.debug.xcconfig"; sourceTree = "<group>"; };
		592423154E88071FBAC4B79F /* Pods-mobileapp-mobileappTests.debug.xcconfig */ = {isa = PBXFileReference; includeInIndex = 1; lastKnownFileType = text.xcconfig; name = "Pods-mobileapp-mobileappTests.debug.xcconfig"; path = "Target Support Files/Pods-mobileapp-mobileappTests/Pods-mobileapp-mobileappTests.debug.xcconfig"; sourceTree = "<group>"; };
		64B7559665AF3261B0C036B0 /* Pods-mobileapp-tvOSTests.debug.xcconfig */ = {isa = PBXFileReference; includeInIndex = 1; lastKnownFileType = text.xcconfig; name = "Pods-mobileapp-tvOSTests.debug.xcconfig"; path = "Target Support Files/Pods-mobileapp-tvOSTests/Pods-mobileapp-tvOSTests.debug.xcconfig"; sourceTree = "<group>"; };
		662692EA225C9BEB18E08637 /* libPods-mobileapp-mobileappTests.a */ = {isa = PBXFileReference; explicitFileType = archive.ar; includeInIndex = 0; path = "libPods-mobileapp-mobileappTests.a"; sourceTree = BUILT_PRODUCTS_DIR; };
		7255AC4417705B571E8431C1 /* libPods-mobileapp.a */ = {isa = PBXFileReference; explicitFileType = archive.ar; includeInIndex = 0; path = "libPods-mobileapp.a"; sourceTree = BUILT_PRODUCTS_DIR; };
		A00959C53601ED2E82D06E02 /* libPods-mobileapp-tvOSTests.a */ = {isa = PBXFileReference; explicitFileType = archive.ar; includeInIndex = 0; path = "libPods-mobileapp-tvOSTests.a"; sourceTree = BUILT_PRODUCTS_DIR; };
		B5B0ECCB8A7030C98C3915A0 /* Pods-mobileapp-tvOS.release.xcconfig */ = {isa = PBXFileReference; includeInIndex = 1; lastKnownFileType = text.xcconfig; name = "Pods-mobileapp-tvOS.release.xcconfig"; path = "Target Support Files/Pods-mobileapp-tvOS/Pods-mobileapp-tvOS.release.xcconfig"; sourceTree = "<group>"; };
		ED297162215061F000B7C4FE /* JavaScriptCore.framework */ = {isa = PBXFileReference; lastKnownFileType = wrapper.framework; name = JavaScriptCore.framework; path = System/Library/Frameworks/JavaScriptCore.framework; sourceTree = SDKROOT; };
		ED2971642150620600B7C4FE /* JavaScriptCore.framework */ = {isa = PBXFileReference; lastKnownFileType = wrapper.framework; name = JavaScriptCore.framework; path = Platforms/AppleTVOS.platform/Developer/SDKs/AppleTVOS12.0.sdk/System/Library/Frameworks/JavaScriptCore.framework; sourceTree = DEVELOPER_DIR; };
		F344C86D9C38C03EEBAC5DAF /* Pods-mobileapp-mobileappTests.release.xcconfig */ = {isa = PBXFileReference; includeInIndex = 1; lastKnownFileType = text.xcconfig; name = "Pods-mobileapp-mobileappTests.release.xcconfig"; path = "Target Support Files/Pods-mobileapp-mobileappTests/Pods-mobileapp-mobileappTests.release.xcconfig"; sourceTree = "<group>"; };
/* End PBXFileReference section */

/* Begin PBXFrameworksBuildPhase section */
		00E356EB1AD99517003FC87E /* Frameworks */ = {
			isa = PBXFrameworksBuildPhase;
			buildActionMask = 2147483647;
			files = (
				848A8335CAB32D46E6C8E0E0 /* libPods-mobileapp-mobileappTests.a in Frameworks */,
			);
			runOnlyForDeploymentPostprocessing = 0;
		};
		13B07F8C1A680F5B00A75B9A /* Frameworks */ = {
			isa = PBXFrameworksBuildPhase;
			buildActionMask = 2147483647;
			files = (
				4E796C7D2279B5139B36782B /* libPods-mobileapp.a in Frameworks */,
			);
			runOnlyForDeploymentPostprocessing = 0;
		};
		2D02E4781E0B4A5D006451C7 /* Frameworks */ = {
			isa = PBXFrameworksBuildPhase;
			buildActionMask = 2147483647;
			files = (
				10F0410BC483D1BD76198746 /* libPods-mobileapp-tvOS.a in Frameworks */,
			);
			runOnlyForDeploymentPostprocessing = 0;
		};
		2D02E48D1E0B4A5D006451C7 /* Frameworks */ = {
			isa = PBXFrameworksBuildPhase;
			buildActionMask = 2147483647;
			files = (
				4FAB963A29142E9E7C322248 /* libPods-mobileapp-tvOSTests.a in Frameworks */,
			);
			runOnlyForDeploymentPostprocessing = 0;
		};
/* End PBXFrameworksBuildPhase section */

/* Begin PBXGroup section */
		00E356EF1AD99517003FC87E /* mobileappTests */ = {
			isa = PBXGroup;
			children = (
				00E356F21AD99517003FC87E /* mobileappTests.m */,
				00E356F01AD99517003FC87E /* Supporting Files */,
			);
			path = mobileappTests;
			sourceTree = "<group>";
		};
		00E356F01AD99517003FC87E /* Supporting Files */ = {
			isa = PBXGroup;
			children = (
				00E356F11AD99517003FC87E /* Info.plist */,
			);
			name = "Supporting Files";
			sourceTree = "<group>";
		};
		1017DAC1F79F12DD7EAA06AC /* Pods */ = {
			isa = PBXGroup;
			children = (
				5494F0D60307CB8E423B290F /* Pods-mobileapp.debug.xcconfig */,
				4858785A3DFC10940C4B273A /* Pods-mobileapp.release.xcconfig */,
				592423154E88071FBAC4B79F /* Pods-mobileapp-mobileappTests.debug.xcconfig */,
				F344C86D9C38C03EEBAC5DAF /* Pods-mobileapp-mobileappTests.release.xcconfig */,
				18725C7CD041B37446A6D618 /* Pods-mobileapp-tvOS.debug.xcconfig */,
				B5B0ECCB8A7030C98C3915A0 /* Pods-mobileapp-tvOS.release.xcconfig */,
				64B7559665AF3261B0C036B0 /* Pods-mobileapp-tvOSTests.debug.xcconfig */,
				2FDE0A7944F911BAE07103E6 /* Pods-mobileapp-tvOSTests.release.xcconfig */,
			);
			path = Pods;
			sourceTree = "<group>";
		};
		13B07FAE1A68108700A75B9A /* mobileapp */ = {
			isa = PBXGroup;
			children = (
				5200C5D124CC312700159F9E /* fonts */,
				52C22CAC24C57948008DEA1E /* AppIcon.appiconset */,
				52C22C7924C5793C008DEA1E /* icon */,
				5230939B24C29AD300C3FB9B /* mobileapp.entitlements */,
				008F07F21AC5B25A0029DE68 /* main.jsbundle */,
				13B07FAF1A68108700A75B9A /* AppDelegate.h */,
				13B07FB01A68108700A75B9A /* AppDelegate.m */,
				52E9F29724D287FA00C0B729 /* splashscreen.png */,
				13B07FB51A68108700A75B9A /* Images.xcassets */,
				13B07FB61A68108700A75B9A /* Info.plist */,
				13B07FB71A68108700A75B9A /* main.m */,
				52E9F2A124D289F800C0B729 /* Launch Screen.storyboard */,
			);
			name = mobileapp;
			sourceTree = "<group>";
		};
		2D16E6871FA4F8E400B85C8A /* Frameworks */ = {
			isa = PBXGroup;
			children = (
				ED297162215061F000B7C4FE /* JavaScriptCore.framework */,
				ED2971642150620600B7C4FE /* JavaScriptCore.framework */,
				7255AC4417705B571E8431C1 /* libPods-mobileapp.a */,
				662692EA225C9BEB18E08637 /* libPods-mobileapp-mobileappTests.a */,
				285F4E80D18A396292354EB1 /* libPods-mobileapp-tvOS.a */,
				A00959C53601ED2E82D06E02 /* libPods-mobileapp-tvOSTests.a */,
			);
			name = Frameworks;
			sourceTree = "<group>";
		};
		5200C5D124CC312700159F9E /* fonts */ = {
			isa = PBXGroup;
			children = (
				5200C5D224CC312700159F9E /* Rajdhani */,
			);
			name = fonts;
			path = ../assets/fonts;
			sourceTree = "<group>";
		};
		5200C5D224CC312700159F9E /* Rajdhani */ = {
			isa = PBXGroup;
			children = (
				5200C5D324CC312700159F9E /* Rajdhani-Medium.ttf */,
				5200C5D424CC312700159F9E /* Rajdhani-SemiBold.ttf */,
				5200C5D524CC312700159F9E /* Rajdhani-Light.ttf */,
				5200C5D624CC312700159F9E /* Rajdhani-Bold.ttf */,
				5200C5D724CC312700159F9E /* OFL.txt */,
				5200C5D824CC312700159F9E /* Rajdhani-Regular.ttf */,
			);
			path = Rajdhani;
			sourceTree = "<group>";
		};
		52C22C7924C5793C008DEA1E /* icon */ = {
			isa = PBXGroup;
			children = (
				52C22C7A24C5793C008DEA1E /* icon.png */,
				52C22C7B24C5793C008DEA1E /* icon-76@2x.png */,
				52C22C7C24C5793C008DEA1E /* icon-40@2x.png */,
				52C22C7D24C5793C008DEA1E /* icon-40@3x.png */,
				52C22C7E24C5793C008DEA1E /* icon-50@2x.png */,
				52C22C7F24C5793C008DEA1E /* icon-83.5@2x.png */,
				52C22C8024C5793C008DEA1E /* icon-small.png */,
				52C22C8124C5793C008DEA1E /* icon-60@3x.png */,
				52C22C8224C5793C008DEA1E /* icon-76.png */,
				52C22C8324C5793C008DEA1E /* icon-60.png */,
				52C22C8424C5793C008DEA1E /* icon-1024.png */,
				52C22C8524C5793C008DEA1E /* icon-72.png */,
				52C22C8624C5793C008DEA1E /* icon-44@2x.png */,
				52C22C8724C5793C008DEA1E /* icon-72@2x.png */,
				52C22C8824C5793C008DEA1E /* icon-60@2x.png */,
				52C22C8924C5793C008DEA1E /* icon@2x.png */,
				52C22C8A24C5793C008DEA1E /* icon-27.5@2x.png */,
				52C22C8B24C5793C008DEA1E /* icon-40.png */,
				52C22C8C24C5793C008DEA1E /* icon-50.png */,
				52C22C8D24C5793C008DEA1E /* icon-86@2x.png */,
				52C22C8E24C5793C008DEA1E /* icon-98@2x.png */,
				52C22C8F24C5793C008DEA1E /* icon-small@3x.png */,
				52C22C9024C5793C008DEA1E /* icon-20.png */,
				52C22C9124C5793C008DEA1E /* icon-24@2x.png */,
				52C22C9224C5793C008DEA1E /* icon-small@2x.png */,
			);
			name = icon;
			path = "../../../../../Downloads/bundle 5/ionic/resources/ios/icon";
			sourceTree = "<group>";
		};
		52C22CAC24C57948008DEA1E /* AppIcon.appiconset */ = {
			isa = PBXGroup;
			children = (
				52C22CAD24C57948008DEA1E /* Icon-marketing-1024x1024.png */,
				52C22CAE24C57948008DEA1E /* Icon-20x20@1x.png */,
				52C22CAF24C57948008DEA1E /* Icon-83.5@2x.png */,
				52C22CB024C57948008DEA1E /* Icon-29x29@1x.png */,
				52C22CB124C57948008DEA1E /* Icon-76x76@2x.png */,
				52C22CB224C57948008DEA1E /* Icon-60x60@3x.png */,
				52C22CB324C57948008DEA1E /* Icon-40x40@2x.png */,
				52C22CB424C57948008DEA1E /* Icon-29x29@3x.png */,
				52C22CB524C57948008DEA1E /* Icon-29x29@2x.png */,
				52C22CB624C57948008DEA1E /* Icon-76x76@1x.png */,
				52C22CB724C57948008DEA1E /* Icon-40x40@3x.png */,
				52C22CB824C57948008DEA1E /* Contents.json */,
				52C22CB924C57948008DEA1E /* Icon-60x60@2x.png */,
				52C22CBA24C57948008DEA1E /* Icon-20x20@3x.png */,
				52C22CBB24C57948008DEA1E /* Icon-20x20@2x.png */,
			);
			path = AppIcon.appiconset;
			sourceTree = "<group>";
		};
		832341AE1AAA6A7D00B99B32 /* Libraries */ = {
			isa = PBXGroup;
			children = (
			);
			name = Libraries;
			sourceTree = "<group>";
		};
		83CBB9F61A601CBA00E9B192 = {
			isa = PBXGroup;
			children = (
				5248FA4624C3F35C00BEA35E /* GoogleService-Info.plist */,
				13B07FAE1A68108700A75B9A /* mobileapp */,
				832341AE1AAA6A7D00B99B32 /* Libraries */,
				00E356EF1AD99517003FC87E /* mobileappTests */,
				83CBBA001A601CBA00E9B192 /* Products */,
				2D16E6871FA4F8E400B85C8A /* Frameworks */,
				1017DAC1F79F12DD7EAA06AC /* Pods */,
			);
			indentWidth = 2;
			sourceTree = "<group>";
			tabWidth = 2;
			usesTabs = 0;
		};
		83CBBA001A601CBA00E9B192 /* Products */ = {
			isa = PBXGroup;
			children = (
				13B07F961A680F5B00A75B9A /* trasa.app */,
				00E356EE1AD99517003FC87E /* mobileappTests.xctest */,
				2D02E47B1E0B4A5D006451C7 /* mobileapp-tvOS.app */,
				2D02E4901E0B4A5D006451C7 /* mobileapp-tvOSTests.xctest */,
			);
			name = Products;
			sourceTree = "<group>";
		};
/* End PBXGroup section */

/* Begin PBXNativeTarget section */
		00E356ED1AD99517003FC87E /* mobileappTests */ = {
			isa = PBXNativeTarget;
			buildConfigurationList = 00E357021AD99517003FC87E /* Build configuration list for PBXNativeTarget "mobileappTests" */;
			buildPhases = (
				5E2B7259A666531AFFFB91F3 /* [CP] Check Pods Manifest.lock */,
				00E356EA1AD99517003FC87E /* Sources */,
				00E356EB1AD99517003FC87E /* Frameworks */,
				00E356EC1AD99517003FC87E /* Resources */,
				CD33007D5E48D034AF52791A /* [CP] Copy Pods Resources */,
			);
			buildRules = (
			);
			dependencies = (
				00E356F51AD99517003FC87E /* PBXTargetDependency */,
			);
			name = mobileappTests;
			productName = mobileappTests;
			productReference = 00E356EE1AD99517003FC87E /* mobileappTests.xctest */;
			productType = "com.apple.product-type.bundle.unit-test";
		};
		13B07F861A680F5B00A75B9A /* mobileapp */ = {
			isa = PBXNativeTarget;
			buildConfigurationList = 13B07F931A680F5B00A75B9A /* Build configuration list for PBXNativeTarget "mobileapp" */;
			buildPhases = (
				9F5BCB1C0B58BBDC3DB46E88 /* [CP] Check Pods Manifest.lock */,
				FD10A7F022414F080027D42C /* Start Packager */,
				13B07F871A680F5B00A75B9A /* Sources */,
				13B07F8C1A680F5B00A75B9A /* Frameworks */,
				13B07F8E1A680F5B00A75B9A /* Resources */,
				00DD1BFF1BD5951E006B06BC /* Bundle React Native code and images */,
				4AFD4070292CDF6C25F3331A /* [CP] Copy Pods Resources */,
				1B1DE098EFF028C1A7661F4D /* [CP-User] [RNFB] Core Configuration */,
			);
			buildRules = (
			);
			dependencies = (
			);
			name = mobileapp;
			productName = mobileapp;
			productReference = 13B07F961A680F5B00A75B9A /* trasa.app */;
			productType = "com.apple.product-type.application";
		};
		2D02E47A1E0B4A5D006451C7 /* mobileapp-tvOS */ = {
			isa = PBXNativeTarget;
			buildConfigurationList = 2D02E4BA1E0B4A5E006451C7 /* Build configuration list for PBXNativeTarget "mobileapp-tvOS" */;
			buildPhases = (
				D3DF16AEB59ABAE5B1AD9DDA /* [CP] Check Pods Manifest.lock */,
				FD10A7F122414F3F0027D42C /* Start Packager */,
				2D02E4771E0B4A5D006451C7 /* Sources */,
				2D02E4781E0B4A5D006451C7 /* Frameworks */,
				2D02E4791E0B4A5D006451C7 /* Resources */,
				2D02E4CB1E0B4B27006451C7 /* Bundle React Native Code And Images */,
			);
			buildRules = (
			);
			dependencies = (
			);
			name = "mobileapp-tvOS";
			productName = "mobileapp-tvOS";
			productReference = 2D02E47B1E0B4A5D006451C7 /* mobileapp-tvOS.app */;
			productType = "com.apple.product-type.application";
		};
		2D02E48F1E0B4A5D006451C7 /* mobileapp-tvOSTests */ = {
			isa = PBXNativeTarget;
			buildConfigurationList = 2D02E4BB1E0B4A5E006451C7 /* Build configuration list for PBXNativeTarget "mobileapp-tvOSTests" */;
			buildPhases = (
				E95FAFA433EC89C2703EBF5F /* [CP] Check Pods Manifest.lock */,
				2D02E48C1E0B4A5D006451C7 /* Sources */,
				2D02E48D1E0B4A5D006451C7 /* Frameworks */,
				2D02E48E1E0B4A5D006451C7 /* Resources */,
			);
			buildRules = (
			);
			dependencies = (
				2D02E4921E0B4A5D006451C7 /* PBXTargetDependency */,
			);
			name = "mobileapp-tvOSTests";
			productName = "mobileapp-tvOSTests";
			productReference = 2D02E4901E0B4A5D006451C7 /* mobileapp-tvOSTests.xctest */;
			productType = "com.apple.product-type.bundle.unit-test";
		};
/* End PBXNativeTarget section */

/* Begin PBXProject section */
		83CBB9F71A601CBA00E9B192 /* Project object */ = {
			isa = PBXProject;
			attributes = {
				LastUpgradeCheck = 1130;
				TargetAttributes = {
					00E356ED1AD99517003FC87E = {
						CreatedOnToolsVersion = 6.2;
						TestTargetID = 13B07F861A680F5B00A75B9A;
					};
					13B07F861A680F5B00A75B9A = {
						DevelopmentTeam = QF253X5LF9;
						LastSwiftMigration = 1120;
						ProvisioningStyle = Automatic;
					};
					2D02E47A1E0B4A5D006451C7 = {
						CreatedOnToolsVersion = 8.2.1;
						ProvisioningStyle = Automatic;
					};
					2D02E48F1E0B4A5D006451C7 = {
						CreatedOnToolsVersion = 8.2.1;
						ProvisioningStyle = Automatic;
						TestTargetID = 2D02E47A1E0B4A5D006451C7;
					};
				};
			};
			buildConfigurationList = 83CBB9FA1A601CBA00E9B192 /* Build configuration list for PBXProject "mobileapp" */;
			compatibilityVersion = "Xcode 3.2";
			developmentRegion = en;
			hasScannedForEncodings = 0;
			knownRegions = (
				en,
				Base,
			);
			mainGroup = 83CBB9F61A601CBA00E9B192;
			productRefGroup = 83CBBA001A601CBA00E9B192 /* Products */;
			projectDirPath = "";
			projectRoot = "";
			targets = (
				13B07F861A680F5B00A75B9A /* mobileapp */,
				00E356ED1AD99517003FC87E /* mobileappTests */,
				2D02E47A1E0B4A5D006451C7 /* mobileapp-tvOS */,
				2D02E48F1E0B4A5D006451C7 /* mobileapp-tvOSTests */,
			);
		};
/* End PBXProject section */

/* Begin PBXResourcesBuildPhase section */
		00E356EC1AD99517003FC87E /* Resources */ = {
			isa = PBXResourcesBuildPhase;
			buildActionMask = 2147483647;
			files = (
			);
			runOnlyForDeploymentPostprocessing = 0;
		};
		13B07F8E1A680F5B00A75B9A /* Resources */ = {
			isa = PBXResourcesBuildPhase;
			buildActionMask = 2147483647;
			files = (
				5200C5DC24CC312700159F9E /* Rajdhani-Bold.ttf in Resources */,
				52C22C9624C5793C008DEA1E /* icon-40@3x.png in Resources */,
				52C22CA624C5793C008DEA1E /* icon-86@2x.png in Resources */,
				52C22CC924C57948008DEA1E /* Icon-20x20@3x.png in Resources */,
				5248FA4724C3F35C00BEA35E /* GoogleService-Info.plist in Resources */,
				52C22CAB24C5793C008DEA1E /* icon-small@2x.png in Resources */,
				52C22CC324C57948008DEA1E /* Icon-29x29@3x.png in Resources */,
				52E9F29824D287FA00C0B729 /* splashscreen.png in Resources */,
				52C22CBD24C57948008DEA1E /* Icon-20x20@1x.png in Resources */,
				5200C5DB24CC312700159F9E /* Rajdhani-Light.ttf in Resources */,
				52C22CA524C5793C008DEA1E /* icon-50.png in Resources */,
				5200C5DD24CC312700159F9E /* OFL.txt in Resources */,
				52C22CA324C5793C008DEA1E /* icon-27.5@2x.png in Resources */,
				52C22CCA24C57948008DEA1E /* Icon-20x20@2x.png in Resources */,
				52C22CA424C5793C008DEA1E /* icon-40.png in Resources */,
				52C22C9724C5793C008DEA1E /* icon-50@2x.png in Resources */,
				52C22CC024C57948008DEA1E /* Icon-76x76@2x.png in Resources */,
				52C22CA224C5793C008DEA1E /* icon@2x.png in Resources */,
				52C22C9324C5793C008DEA1E /* icon.png in Resources */,
				5200C5D924CC312700159F9E /* Rajdhani-Medium.ttf in Resources */,
				52C22CC224C57948008DEA1E /* Icon-40x40@2x.png in Resources */,
				52C22CAA24C5793C008DEA1E /* icon-24@2x.png in Resources */,
				52C22CC824C57948008DEA1E /* Icon-60x60@2x.png in Resources */,
				52C22CC524C57948008DEA1E /* Icon-76x76@1x.png in Resources */,
				52C22CA824C5793C008DEA1E /* icon-small@3x.png in Resources */,
				52C22CA724C5793C008DEA1E /* icon-98@2x.png in Resources */,
				52C22C9824C5793C008DEA1E /* icon-83.5@2x.png in Resources */,
				52C22CA124C5793C008DEA1E /* icon-60@2x.png in Resources */,
				52C22C9424C5793C008DEA1E /* icon-76@2x.png in Resources */,
				5200C5DE24CC312700159F9E /* Rajdhani-Regular.ttf in Resources */,
				52C22C9A24C5793C008DEA1E /* icon-60@3x.png in Resources */,
				52C22C9524C5793C008DEA1E /* icon-40@2x.png in Resources */,
				52C22CC624C57948008DEA1E /* Icon-40x40@3x.png in Resources */,
				13B07FBF1A68108700A75B9A /* Images.xcassets in Resources */,
				52C22CC724C57948008DEA1E /* Contents.json in Resources */,
				52C22C9E24C5793C008DEA1E /* icon-72.png in Resources */,
				5200C5DA24CC312700159F9E /* Rajdhani-SemiBold.ttf in Resources */,
				52C22CC124C57948008DEA1E /* Icon-60x60@3x.png in Resources */,
				52E9F2A224D289F800C0B729 /* Launch Screen.storyboard in Resources */,
				52C22CA024C5793C008DEA1E /* icon-72@2x.png in Resources */,
				52C22CC424C57948008DEA1E /* Icon-29x29@2x.png in Resources */,
				52C22CBF24C57948008DEA1E /* Icon-29x29@1x.png in Resources */,
				52C22C9C24C5793C008DEA1E /* icon-60.png in Resources */,
				52C22CA924C5793C008DEA1E /* icon-20.png in Resources */,
				52C22CBC24C57948008DEA1E /* Icon-marketing-1024x1024.png in Resources */,
				52C22CBE24C57948008DEA1E /* Icon-83.5@2x.png in Resources */,
				52C22C9924C5793C008DEA1E /* icon-small.png in Resources */,
				52C22C9D24C5793C008DEA1E /* icon-1024.png in Resources */,
				52C22C9F24C5793C008DEA1E /* icon-44@2x.png in Resources */,
				52C22C9B24C5793C008DEA1E /* icon-76.png in Resources */,
			);
			runOnlyForDeploymentPostprocessing = 0;
		};
		2D02E4791E0B4A5D006451C7 /* Resources */ = {
			isa = PBXResourcesBuildPhase;
			buildActionMask = 2147483647;
			files = (
				2D02E4BD1E0B4A84006451C7 /* Images.xcassets in Resources */,
			);
			runOnlyForDeploymentPostprocessing = 0;
		};
		2D02E48E1E0B4A5D006451C7 /* Resources */ = {
			isa = PBXResourcesBuildPhase;
			buildActionMask = 2147483647;
			files = (
			);
			runOnlyForDeploymentPostprocessing = 0;
		};
/* End PBXResourcesBuildPhase section */

/* Begin PBXShellScriptBuildPhase section */
		00DD1BFF1BD5951E006B06BC /* Bundle React Native code and images */ = {
			isa = PBXShellScriptBuildPhase;
			buildActionMask = 2147483647;
			files = (
			);
			inputPaths = (
			);
			name = "Bundle React Native code and images";
			outputPaths = (
			);
			runOnlyForDeploymentPostprocessing = 0;
			shellPath = /bin/sh;
			shellScript = "export NODE_BINARY=node\n../node_modules/react-native/scripts/react-native-xcode.sh";
		};
		1B1DE098EFF028C1A7661F4D /* [CP-User] [RNFB] Core Configuration */ = {
			isa = PBXShellScriptBuildPhase;
			buildActionMask = 2147483647;
			files = (
			);
			name = "[CP-User] [RNFB] Core Configuration";
			runOnlyForDeploymentPostprocessing = 0;
			shellPath = /bin/sh;
			shellScript = "#!/usr/bin/env bash\n#\n# Copyright (c) 2016-present Invertase Limited & Contributors\n#\n# Licensed under the Apache License, Version 2.0 (the \"License\");\n# you may not use this library except in compliance with the License.\n# You may obtain a copy of the License at\n#\n#   http://www.apache.org/licenses/LICENSE-2.0\n#\n# Unless required by applicable law or agreed to in writing, software\n# distributed under the License is distributed on an \"AS IS\" BASIS,\n# WITHOUT WARRANTIES OR CONDITIONS OF ANY KIND, either express or implied.\n# See the License for the specific language governing permissions and\n# limitations under the License.\n#\nset -e\n\n_MAX_LOOKUPS=2;\n_SEARCH_RESULT=''\n_RN_ROOT_EXISTS=''\n_CURRENT_LOOKUPS=1\n_JSON_ROOT=\"'react-native'\"\n_JSON_FILE_NAME='firebase.json'\n_JSON_OUTPUT_BASE64='e30=' # { }\n_CURRENT_SEARCH_DIR=${PROJECT_DIR}\n_PLIST_BUDDY=/usr/libexec/PlistBuddy\n_TARGET_PLIST=\"${BUILT_PRODUCTS_DIR}/${INFOPLIST_PATH}\"\n_DSYM_PLIST=\"${DWARF_DSYM_FOLDER_PATH}/${DWARF_DSYM_FILE_NAME}/Contents/Info.plist\"\n\n# plist arrays\n_PLIST_ENTRY_KEYS=()\n_PLIST_ENTRY_TYPES=()\n_PLIST_ENTRY_VALUES=()\n\nfunction setPlistValue {\n  echo \"info:      setting plist entry '$1' of type '$2' in file '$4'\"\n  ${_PLIST_BUDDY} -c \"Add :$1 $2 '$3'\" $4 || echo \"info:      '$1' already exists\"\n}\n\nfunction getFirebaseJsonKeyValue () {\n  if [[ ${_RN_ROOT_EXISTS} ]]; then\n    ruby -e \"require 'rubygems';require 'json'; output=JSON.parse('$1'); puts output[$_JSON_ROOT]['$2']\"\n  else\n    echo \"\"\n  fi;\n}\n\nfunction jsonBoolToYesNo () {\n  if [[ $1 == \"false\" ]]; then\n    echo \"NO\"\n  elif [[ $1 == \"true\" ]]; then\n    echo \"YES\"\n  else echo \"NO\"\n  fi\n}\n\necho \"info: -> RNFB build script started\"\necho \"info: 1) Locating ${_JSON_FILE_NAME} file:\"\n\nif [[ -z ${_CURRENT_SEARCH_DIR} ]]; then\n  _CURRENT_SEARCH_DIR=$(pwd)\nfi;\n\nwhile true; do\n  _CURRENT_SEARCH_DIR=$(dirname \"$_CURRENT_SEARCH_DIR\")\n  if [[ \"$_CURRENT_SEARCH_DIR\" == \"/\" ]] || [[ ${_CURRENT_LOOKUPS} -gt ${_MAX_LOOKUPS} ]]; then break; fi;\n  echo \"info:      ($_CURRENT_LOOKUPS of $_MAX_LOOKUPS) Searching in '$_CURRENT_SEARCH_DIR' for a ${_JSON_FILE_NAME} file.\"\n  _SEARCH_RESULT=$(find \"$_CURRENT_SEARCH_DIR\" -maxdepth 2 -name ${_JSON_FILE_NAME} -print | head -n 1)\n  if [[ ${_SEARCH_RESULT} ]]; then\n    echo \"info:      ${_JSON_FILE_NAME} found at $_SEARCH_RESULT\"\n    break;\n  fi;\n  _CURRENT_LOOKUPS=$((_CURRENT_LOOKUPS+1))\ndone\n\nif [[ ${_SEARCH_RESULT} ]]; then\n  _JSON_OUTPUT_RAW=$(cat \"${_SEARCH_RESULT}\")\n  _RN_ROOT_EXISTS=$(ruby -e \"require 'rubygems';require 'json'; output=JSON.parse('$_JSON_OUTPUT_RAW'); puts output[$_JSON_ROOT]\" || echo '')\n\n  if [[ ${_RN_ROOT_EXISTS} ]]; then\n    _JSON_OUTPUT_BASE64=$(python -c 'import json,sys,base64;print(base64.b64encode(json.dumps(json.loads(open('\"'${_SEARCH_RESULT}'\"').read())['${_JSON_ROOT}'])))' || echo \"e30=\")\n  fi\n\n  _PLIST_ENTRY_KEYS+=(\"firebase_json_raw\")\n  _PLIST_ENTRY_TYPES+=(\"string\")\n  _PLIST_ENTRY_VALUES+=(\"$_JSON_OUTPUT_BASE64\")\n\n  # config.messaging_auto_init_enabled\n  _MESSAGING_AUTO_INIT=$(getFirebaseJsonKeyValue \"$_JSON_OUTPUT_RAW\" \"messaging_auto_init_enabled\")\n  if [[ $_MESSAGING_AUTO_INIT ]]; then\n    _PLIST_ENTRY_KEYS+=(\"FirebaseMessagingAutoInitEnabled\")\n    _PLIST_ENTRY_TYPES+=(\"bool\")\n    _PLIST_ENTRY_VALUES+=(\"$(jsonBoolToYesNo \"$_MESSAGING_AUTO_INIT\")\")\n  fi\n\n  # config.crashlytics_disable_auto_disabler - undocumented for now - mainly for debugging, document if becomes usful\n  _CRASHLYTICS_AUTO_DISABLE_ENABLED=$(getFirebaseJsonKeyValue \"$_JSON_OUTPUT_RAW\" \"crashlytics_disable_auto_disabler\")\n  if [[ $_CRASHLYTICS_AUTO_DISABLE_ENABLED == \"true\" ]]; then\n    echo \"Disabled Crashlytics auto disabler.\" # do nothing\n  else\n    _PLIST_ENTRY_KEYS+=(\"FirebaseCrashlyticsCollectionEnabled\")\n    _PLIST_ENTRY_TYPES+=(\"bool\")\n    _PLIST_ENTRY_VALUES+=(\"NO\")\n  fi\n\n  # config.admob_delay_app_measurement_init\n  _ADMOB_DELAY_APP_MEASUREMENT=$(getFirebaseJsonKeyValue \"$_JSON_OUTPUT_RAW\" \"admob_delay_app_measurement_init\")\n  if [[ $_ADMOB_DELAY_APP_MEASUREMENT == \"true\" ]]; then\n    _PLIST_ENTRY_KEYS+=(\"GADDelayAppMeasurementInit\")\n    _PLIST_ENTRY_TYPES+=(\"bool\")\n    _PLIST_ENTRY_VALUES+=(\"YES\")\n  fi\n\n  # config.admob_ios_app_id\n  _ADMOB_IOS_APP_ID=$(getFirebaseJsonKeyValue \"$_JSON_OUTPUT_RAW\" \"admob_ios_app_id\")\n  if [[ $_ADMOB_IOS_APP_ID ]]; then\n    _PLIST_ENTRY_KEYS+=(\"GADApplicationIdentifier\")\n    _PLIST_ENTRY_TYPES+=(\"string\")\n    _PLIST_ENTRY_VALUES+=(\"$_ADMOB_IOS_APP_ID\")\n  fi\nelse\n  _PLIST_ENTRY_KEYS+=(\"firebase_json_raw\")\n  _PLIST_ENTRY_TYPES+=(\"string\")\n  _PLIST_ENTRY_VALUES+=(\"$_JSON_OUTPUT_BASE64\")\n  echo \"warning:   A firebase.json file was not found, whilst this file is optional it is recommended to include it to configure firebase services in React Native Firebase.\"\nfi;\n\necho \"info: 2) Injecting Info.plist entries: \"\n\n# Log out the keys we're adding\nfor i in \"${!_PLIST_ENTRY_KEYS[@]}\"; do\n  echo \"    ->  $i) ${_PLIST_ENTRY_KEYS[$i]}\" \"${_PLIST_ENTRY_TYPES[$i]}\" \"${_PLIST_ENTRY_VALUES[$i]}\"\ndone\n\nfor plist in \"${_TARGET_PLIST}\" \"${_DSYM_PLIST}\" ; do\n  if [[ -f \"${plist}\" ]]; then\n\n    # paths with spaces break the call to setPlistValue. temporarily modify\n    # the shell internal field separator variable (IFS), which normally \n    # includes spaces, to consist only of line breaks\n    oldifs=$IFS\n    IFS=\"\n\"\n\n    for i in \"${!_PLIST_ENTRY_KEYS[@]}\"; do\n      setPlistValue \"${_PLIST_ENTRY_KEYS[$i]}\" \"${_PLIST_ENTRY_TYPES[$i]}\" \"${_PLIST_ENTRY_VALUES[$i]}\" \"${plist}\"\n    done\n\n    # restore the original internal field separator value\n    IFS=$oldifs\n  else\n    echo \"warning:   A Info.plist build output file was not found (${plist})\"\n  fi\ndone\n\necho \"info: <- RNFB build script finished\"\n\n";
		};
		2D02E4CB1E0B4B27006451C7 /* Bundle React Native Code And Images */ = {
			isa = PBXShellScriptBuildPhase;
			buildActionMask = 2147483647;
			files = (
			);
			inputPaths = (
			);
			name = "Bundle React Native Code And Images";
			outputPaths = (
			);
			runOnlyForDeploymentPostprocessing = 0;
			shellPath = /bin/sh;
			shellScript = "export NODE_BINARY=node\n../node_modules/react-native/scripts/react-native-xcode.sh";
		};
		4AFD4070292CDF6C25F3331A /* [CP] Copy Pods Resources */ = {
			isa = PBXShellScriptBuildPhase;
			buildActionMask = 2147483647;
			files = (
			);
			inputPaths = (
				"${PODS_ROOT}/Target Support Files/Pods-mobileapp/Pods-mobileapp-resources.sh",
				"${PODS_CONFIGURATION_BUILD_DIR}/FirebaseMLVisionFaceModel/GoogleMVFaceDetectorResources.bundle",
				"${PODS_ROOT}/../../node_modules/react-native-vector-icons/Fonts/AntDesign.ttf",
				"${PODS_ROOT}/../../node_modules/react-native-vector-icons/Fonts/Entypo.ttf",
				"${PODS_ROOT}/../../node_modules/react-native-vector-icons/Fonts/EvilIcons.ttf",
				"${PODS_ROOT}/../../node_modules/react-native-vector-icons/Fonts/Feather.ttf",
				"${PODS_ROOT}/../../node_modules/react-native-vector-icons/Fonts/FontAwesome.ttf",
				"${PODS_ROOT}/../../node_modules/react-native-vector-icons/Fonts/FontAwesome5_Brands.ttf",
				"${PODS_ROOT}/../../node_modules/react-native-vector-icons/Fonts/FontAwesome5_Regular.ttf",
				"${PODS_ROOT}/../../node_modules/react-native-vector-icons/Fonts/FontAwesome5_Solid.ttf",
				"${PODS_ROOT}/../../node_modules/react-native-vector-icons/Fonts/Fontisto.ttf",
				"${PODS_ROOT}/../../node_modules/react-native-vector-icons/Fonts/Foundation.ttf",
				"${PODS_ROOT}/../../node_modules/react-native-vector-icons/Fonts/Ionicons.ttf",
				"${PODS_ROOT}/../../node_modules/react-native-vector-icons/Fonts/MaterialCommunityIcons.ttf",
				"${PODS_ROOT}/../../node_modules/react-native-vector-icons/Fonts/MaterialIcons.ttf",
				"${PODS_ROOT}/../../node_modules/react-native-vector-icons/Fonts/Octicons.ttf",
				"${PODS_ROOT}/../../node_modules/react-native-vector-icons/Fonts/SimpleLineIcons.ttf",
				"${PODS_ROOT}/../../node_modules/react-native-vector-icons/Fonts/Zocial.ttf",
				"${PODS_CONFIGURATION_BUILD_DIR}/React-Core/AccessibilityResources.bundle",
			);
			name = "[CP] Copy Pods Resources";
			outputPaths = (
				"${TARGET_BUILD_DIR}/${UNLOCALIZED_RESOURCES_FOLDER_PATH}/GoogleMVFaceDetectorResources.bundle",
				"${TARGET_BUILD_DIR}/${UNLOCALIZED_RESOURCES_FOLDER_PATH}/AntDesign.ttf",
				"${TARGET_BUILD_DIR}/${UNLOCALIZED_RESOURCES_FOLDER_PATH}/Entypo.ttf",
				"${TARGET_BUILD_DIR}/${UNLOCALIZED_RESOURCES_FOLDER_PATH}/EvilIcons.ttf",
				"${TARGET_BUILD_DIR}/${UNLOCALIZED_RESOURCES_FOLDER_PATH}/Feather.ttf",
				"${TARGET_BUILD_DIR}/${UNLOCALIZED_RESOURCES_FOLDER_PATH}/FontAwesome.ttf",
				"${TARGET_BUILD_DIR}/${UNLOCALIZED_RESOURCES_FOLDER_PATH}/FontAwesome5_Brands.ttf",
				"${TARGET_BUILD_DIR}/${UNLOCALIZED_RESOURCES_FOLDER_PATH}/FontAwesome5_Regular.ttf",
				"${TARGET_BUILD_DIR}/${UNLOCALIZED_RESOURCES_FOLDER_PATH}/FontAwesome5_Solid.ttf",
				"${TARGET_BUILD_DIR}/${UNLOCALIZED_RESOURCES_FOLDER_PATH}/Fontisto.ttf",
				"${TARGET_BUILD_DIR}/${UNLOCALIZED_RESOURCES_FOLDER_PATH}/Foundation.ttf",
				"${TARGET_BUILD_DIR}/${UNLOCALIZED_RESOURCES_FOLDER_PATH}/Ionicons.ttf",
				"${TARGET_BUILD_DIR}/${UNLOCALIZED_RESOURCES_FOLDER_PATH}/MaterialCommunityIcons.ttf",
				"${TARGET_BUILD_DIR}/${UNLOCALIZED_RESOURCES_FOLDER_PATH}/MaterialIcons.ttf",
				"${TARGET_BUILD_DIR}/${UNLOCALIZED_RESOURCES_FOLDER_PATH}/Octicons.ttf",
				"${TARGET_BUILD_DIR}/${UNLOCALIZED_RESOURCES_FOLDER_PATH}/SimpleLineIcons.ttf",
				"${TARGET_BUILD_DIR}/${UNLOCALIZED_RESOURCES_FOLDER_PATH}/Zocial.ttf",
				"${TARGET_BUILD_DIR}/${UNLOCALIZED_RESOURCES_FOLDER_PATH}/AccessibilityResources.bundle",
			);
			runOnlyForDeploymentPostprocessing = 0;
			shellPath = /bin/sh;
			shellScript = "\"${PODS_ROOT}/Target Support Files/Pods-mobileapp/Pods-mobileapp-resources.sh\"\n";
			showEnvVarsInLog = 0;
		};
		5E2B7259A666531AFFFB91F3 /* [CP] Check Pods Manifest.lock */ = {
			isa = PBXShellScriptBuildPhase;
			buildActionMask = 2147483647;
			files = (
			);
			inputFileListPaths = (
			);
			inputPaths = (
				"${PODS_PODFILE_DIR_PATH}/Podfile.lock",
				"${PODS_ROOT}/Manifest.lock",
			);
			name = "[CP] Check Pods Manifest.lock";
			outputFileListPaths = (
			);
			outputPaths = (
				"$(DERIVED_FILE_DIR)/Pods-mobileapp-mobileappTests-checkManifestLockResult.txt",
			);
			runOnlyForDeploymentPostprocessing = 0;
			shellPath = /bin/sh;
			shellScript = "diff \"${PODS_PODFILE_DIR_PATH}/Podfile.lock\" \"${PODS_ROOT}/Manifest.lock\" > /dev/null\nif [ $? != 0 ] ; then\n    # print error to STDERR\n    echo \"error: The sandbox is not in sync with the Podfile.lock. Run 'pod install' or update your CocoaPods installation.\" >&2\n    exit 1\nfi\n# This output is used by Xcode 'outputs' to avoid re-running this script phase.\necho \"SUCCESS\" > \"${SCRIPT_OUTPUT_FILE_0}\"\n";
			showEnvVarsInLog = 0;
		};
		9F5BCB1C0B58BBDC3DB46E88 /* [CP] Check Pods Manifest.lock */ = {
			isa = PBXShellScriptBuildPhase;
			buildActionMask = 2147483647;
			files = (
			);
			inputFileListPaths = (
			);
			inputPaths = (
				"${PODS_PODFILE_DIR_PATH}/Podfile.lock",
				"${PODS_ROOT}/Manifest.lock",
			);
			name = "[CP] Check Pods Manifest.lock";
			outputFileListPaths = (
			);
			outputPaths = (
				"$(DERIVED_FILE_DIR)/Pods-mobileapp-checkManifestLockResult.txt",
			);
			runOnlyForDeploymentPostprocessing = 0;
			shellPath = /bin/sh;
			shellScript = "diff \"${PODS_PODFILE_DIR_PATH}/Podfile.lock\" \"${PODS_ROOT}/Manifest.lock\" > /dev/null\nif [ $? != 0 ] ; then\n    # print error to STDERR\n    echo \"error: The sandbox is not in sync with the Podfile.lock. Run 'pod install' or update your CocoaPods installation.\" >&2\n    exit 1\nfi\n# This output is used by Xcode 'outputs' to avoid re-running this script phase.\necho \"SUCCESS\" > \"${SCRIPT_OUTPUT_FILE_0}\"\n";
			showEnvVarsInLog = 0;
		};
		CD33007D5E48D034AF52791A /* [CP] Copy Pods Resources */ = {
			isa = PBXShellScriptBuildPhase;
			buildActionMask = 2147483647;
			files = (
			);
			inputPaths = (
				"${PODS_ROOT}/Target Support Files/Pods-mobileapp-mobileappTests/Pods-mobileapp-mobileappTests-resources.sh",
				"${PODS_CONFIGURATION_BUILD_DIR}/FirebaseMLVisionFaceModel/GoogleMVFaceDetectorResources.bundle",
				"${PODS_ROOT}/../../node_modules/react-native-vector-icons/Fonts/AntDesign.ttf",
				"${PODS_ROOT}/../../node_modules/react-native-vector-icons/Fonts/Entypo.ttf",
				"${PODS_ROOT}/../../node_modules/react-native-vector-icons/Fonts/EvilIcons.ttf",
				"${PODS_ROOT}/../../node_modules/react-native-vector-icons/Fonts/Feather.ttf",
				"${PODS_ROOT}/../../node_modules/react-native-vector-icons/Fonts/FontAwesome.ttf",
				"${PODS_ROOT}/../../node_modules/react-native-vector-icons/Fonts/FontAwesome5_Brands.ttf",
				"${PODS_ROOT}/../../node_modules/react-native-vector-icons/Fonts/FontAwesome5_Regular.ttf",
				"${PODS_ROOT}/../../node_modules/react-native-vector-icons/Fonts/FontAwesome5_Solid.ttf",
				"${PODS_ROOT}/../../node_modules/react-native-vector-icons/Fonts/Fontisto.ttf",
				"${PODS_ROOT}/../../node_modules/react-native-vector-icons/Fonts/Foundation.ttf",
				"${PODS_ROOT}/../../node_modules/react-native-vector-icons/Fonts/Ionicons.ttf",
				"${PODS_ROOT}/../../node_modules/react-native-vector-icons/Fonts/MaterialCommunityIcons.ttf",
				"${PODS_ROOT}/../../node_modules/react-native-vector-icons/Fonts/MaterialIcons.ttf",
				"${PODS_ROOT}/../../node_modules/react-native-vector-icons/Fonts/Octicons.ttf",
				"${PODS_ROOT}/../../node_modules/react-native-vector-icons/Fonts/SimpleLineIcons.ttf",
				"${PODS_ROOT}/../../node_modules/react-native-vector-icons/Fonts/Zocial.ttf",
				"${PODS_CONFIGURATION_BUILD_DIR}/React-Core/AccessibilityResources.bundle",
			);
			name = "[CP] Copy Pods Resources";
			outputPaths = (
				"${TARGET_BUILD_DIR}/${UNLOCALIZED_RESOURCES_FOLDER_PATH}/GoogleMVFaceDetectorResources.bundle",
				"${TARGET_BUILD_DIR}/${UNLOCALIZED_RESOURCES_FOLDER_PATH}/AntDesign.ttf",
				"${TARGET_BUILD_DIR}/${UNLOCALIZED_RESOURCES_FOLDER_PATH}/Entypo.ttf",
				"${TARGET_BUILD_DIR}/${UNLOCALIZED_RESOURCES_FOLDER_PATH}/EvilIcons.ttf",
				"${TARGET_BUILD_DIR}/${UNLOCALIZED_RESOURCES_FOLDER_PATH}/Feather.ttf",
				"${TARGET_BUILD_DIR}/${UNLOCALIZED_RESOURCES_FOLDER_PATH}/FontAwesome.ttf",
				"${TARGET_BUILD_DIR}/${UNLOCALIZED_RESOURCES_FOLDER_PATH}/FontAwesome5_Brands.ttf",
				"${TARGET_BUILD_DIR}/${UNLOCALIZED_RESOURCES_FOLDER_PATH}/FontAwesome5_Regular.ttf",
				"${TARGET_BUILD_DIR}/${UNLOCALIZED_RESOURCES_FOLDER_PATH}/FontAwesome5_Solid.ttf",
				"${TARGET_BUILD_DIR}/${UNLOCALIZED_RESOURCES_FOLDER_PATH}/Fontisto.ttf",
				"${TARGET_BUILD_DIR}/${UNLOCALIZED_RESOURCES_FOLDER_PATH}/Foundation.ttf",
				"${TARGET_BUILD_DIR}/${UNLOCALIZED_RESOURCES_FOLDER_PATH}/Ionicons.ttf",
				"${TARGET_BUILD_DIR}/${UNLOCALIZED_RESOURCES_FOLDER_PATH}/MaterialCommunityIcons.ttf",
				"${TARGET_BUILD_DIR}/${UNLOCALIZED_RESOURCES_FOLDER_PATH}/MaterialIcons.ttf",
				"${TARGET_BUILD_DIR}/${UNLOCALIZED_RESOURCES_FOLDER_PATH}/Octicons.ttf",
				"${TARGET_BUILD_DIR}/${UNLOCALIZED_RESOURCES_FOLDER_PATH}/SimpleLineIcons.ttf",
				"${TARGET_BUILD_DIR}/${UNLOCALIZED_RESOURCES_FOLDER_PATH}/Zocial.ttf",
				"${TARGET_BUILD_DIR}/${UNLOCALIZED_RESOURCES_FOLDER_PATH}/AccessibilityResources.bundle",
			);
			runOnlyForDeploymentPostprocessing = 0;
			shellPath = /bin/sh;
			shellScript = "\"${PODS_ROOT}/Target Support Files/Pods-mobileapp-mobileappTests/Pods-mobileapp-mobileappTests-resources.sh\"\n";
			showEnvVarsInLog = 0;
		};
		D3DF16AEB59ABAE5B1AD9DDA /* [CP] Check Pods Manifest.lock */ = {
			isa = PBXShellScriptBuildPhase;
			buildActionMask = 2147483647;
			files = (
			);
			inputFileListPaths = (
			);
			inputPaths = (
				"${PODS_PODFILE_DIR_PATH}/Podfile.lock",
				"${PODS_ROOT}/Manifest.lock",
			);
			name = "[CP] Check Pods Manifest.lock";
			outputFileListPaths = (
			);
			outputPaths = (
				"$(DERIVED_FILE_DIR)/Pods-mobileapp-tvOS-checkManifestLockResult.txt",
			);
			runOnlyForDeploymentPostprocessing = 0;
			shellPath = /bin/sh;
			shellScript = "diff \"${PODS_PODFILE_DIR_PATH}/Podfile.lock\" \"${PODS_ROOT}/Manifest.lock\" > /dev/null\nif [ $? != 0 ] ; then\n    # print error to STDERR\n    echo \"error: The sandbox is not in sync with the Podfile.lock. Run 'pod install' or update your CocoaPods installation.\" >&2\n    exit 1\nfi\n# This output is used by Xcode 'outputs' to avoid re-running this script phase.\necho \"SUCCESS\" > \"${SCRIPT_OUTPUT_FILE_0}\"\n";
			showEnvVarsInLog = 0;
		};
		E95FAFA433EC89C2703EBF5F /* [CP] Check Pods Manifest.lock */ = {
			isa = PBXShellScriptBuildPhase;
			buildActionMask = 2147483647;
			files = (
			);
			inputFileListPaths = (
			);
			inputPaths = (
				"${PODS_PODFILE_DIR_PATH}/Podfile.lock",
				"${PODS_ROOT}/Manifest.lock",
			);
			name = "[CP] Check Pods Manifest.lock";
			outputFileListPaths = (
			);
			outputPaths = (
				"$(DERIVED_FILE_DIR)/Pods-mobileapp-tvOSTests-checkManifestLockResult.txt",
			);
			runOnlyForDeploymentPostprocessing = 0;
			shellPath = /bin/sh;
			shellScript = "diff \"${PODS_PODFILE_DIR_PATH}/Podfile.lock\" \"${PODS_ROOT}/Manifest.lock\" > /dev/null\nif [ $? != 0 ] ; then\n    # print error to STDERR\n    echo \"error: The sandbox is not in sync with the Podfile.lock. Run 'pod install' or update your CocoaPods installation.\" >&2\n    exit 1\nfi\n# This output is used by Xcode 'outputs' to avoid re-running this script phase.\necho \"SUCCESS\" > \"${SCRIPT_OUTPUT_FILE_0}\"\n";
			showEnvVarsInLog = 0;
		};
		FD10A7F022414F080027D42C /* Start Packager */ = {
			isa = PBXShellScriptBuildPhase;
			buildActionMask = 2147483647;
			files = (
			);
			inputFileListPaths = (
			);
			inputPaths = (
			);
			name = "Start Packager";
			outputFileListPaths = (
			);
			outputPaths = (
			);
			runOnlyForDeploymentPostprocessing = 0;
			shellPath = /bin/sh;
			shellScript = "export RCT_METRO_PORT=\"${RCT_METRO_PORT:=8081}\"\necho \"export RCT_METRO_PORT=${RCT_METRO_PORT}\" > \"${SRCROOT}/../node_modules/react-native/scripts/.packager.env\"\nif [ -z \"${RCT_NO_LAUNCH_PACKAGER+xxx}\" ] ; then\n  if nc -w 5 -z localhost ${RCT_METRO_PORT} ; then\n    if ! curl -s \"http://localhost:${RCT_METRO_PORT}/status\" | grep -q \"packager-status:running\" ; then\n      echo \"Port ${RCT_METRO_PORT} already in use, packager is either not running or not running correctly\"\n      exit 2\n    fi\n  else\n    open \"$SRCROOT/../node_modules/react-native/scripts/launchPackager.command\" || echo \"Can't start packager automatically\"\n  fi\nfi\n";
			showEnvVarsInLog = 0;
		};
		FD10A7F122414F3F0027D42C /* Start Packager */ = {
			isa = PBXShellScriptBuildPhase;
			buildActionMask = 2147483647;
			files = (
			);
			inputFileListPaths = (
			);
			inputPaths = (
			);
			name = "Start Packager";
			outputFileListPaths = (
			);
			outputPaths = (
			);
			runOnlyForDeploymentPostprocessing = 0;
			shellPath = /bin/sh;
			shellScript = "export RCT_METRO_PORT=\"${RCT_METRO_PORT:=8081}\"\necho \"export RCT_METRO_PORT=${RCT_METRO_PORT}\" > \"${SRCROOT}/../node_modules/react-native/scripts/.packager.env\"\nif [ -z \"${RCT_NO_LAUNCH_PACKAGER+xxx}\" ] ; then\n  if nc -w 5 -z localhost ${RCT_METRO_PORT} ; then\n    if ! curl -s \"http://localhost:${RCT_METRO_PORT}/status\" | grep -q \"packager-status:running\" ; then\n      echo \"Port ${RCT_METRO_PORT} already in use, packager is either not running or not running correctly\"\n      exit 2\n    fi\n  else\n    open \"$SRCROOT/../node_modules/react-native/scripts/launchPackager.command\" || echo \"Can't start packager automatically\"\n  fi\nfi\n";
			showEnvVarsInLog = 0;
		};
/* End PBXShellScriptBuildPhase section */

/* Begin PBXSourcesBuildPhase section */
		00E356EA1AD99517003FC87E /* Sources */ = {
			isa = PBXSourcesBuildPhase;
			buildActionMask = 2147483647;
			files = (
				00E356F31AD99517003FC87E /* mobileappTests.m in Sources */,
			);
			runOnlyForDeploymentPostprocessing = 0;
		};
		13B07F871A680F5B00A75B9A /* Sources */ = {
			isa = PBXSourcesBuildPhase;
			buildActionMask = 2147483647;
			files = (
				13B07FBC1A68108700A75B9A /* AppDelegate.m in Sources */,
				13B07FC11A68108700A75B9A /* main.m in Sources */,
			);
			runOnlyForDeploymentPostprocessing = 0;
		};
		2D02E4771E0B4A5D006451C7 /* Sources */ = {
			isa = PBXSourcesBuildPhase;
			buildActionMask = 2147483647;
			files = (
				2D02E4BF1E0B4AB3006451C7 /* main.m in Sources */,
				2D02E4BC1E0B4A80006451C7 /* AppDelegate.m in Sources */,
			);
			runOnlyForDeploymentPostprocessing = 0;
		};
		2D02E48C1E0B4A5D006451C7 /* Sources */ = {
			isa = PBXSourcesBuildPhase;
			buildActionMask = 2147483647;
			files = (
				2DCD954D1E0B4F2C00145EB5 /* mobileappTests.m in Sources */,
			);
			runOnlyForDeploymentPostprocessing = 0;
		};
/* End PBXSourcesBuildPhase section */

/* Begin PBXTargetDependency section */
		00E356F51AD99517003FC87E /* PBXTargetDependency */ = {
			isa = PBXTargetDependency;
			target = 13B07F861A680F5B00A75B9A /* mobileapp */;
			targetProxy = 00E356F41AD99517003FC87E /* PBXContainerItemProxy */;
		};
		2D02E4921E0B4A5D006451C7 /* PBXTargetDependency */ = {
			isa = PBXTargetDependency;
			target = 2D02E47A1E0B4A5D006451C7 /* mobileapp-tvOS */;
			targetProxy = 2D02E4911E0B4A5D006451C7 /* PBXContainerItemProxy */;
		};
/* End PBXTargetDependency section */

/* Begin XCBuildConfiguration section */
		00E356F61AD99517003FC87E /* Debug */ = {
			isa = XCBuildConfiguration;
			baseConfigurationReference = 592423154E88071FBAC4B79F /* Pods-mobileapp-mobileappTests.debug.xcconfig */;
			buildSettings = {
				BUNDLE_LOADER = "$(TEST_HOST)";
				GCC_PREPROCESSOR_DEFINITIONS = (
					"DEBUG=1",
					"$(inherited)",
				);
				INFOPLIST_FILE = mobileappTests/Info.plist;
				IPHONEOS_DEPLOYMENT_TARGET = 10.0;
				LD_RUNPATH_SEARCH_PATHS = "$(inherited) @executable_path/Frameworks @loader_path/Frameworks";
				OTHER_LDFLAGS = (
					"-ObjC",
					"-lc++",
					"$(inherited)",
				);
				PRODUCT_BUNDLE_IDENTIFIER = "org.reactjs.native.example.$(PRODUCT_NAME:rfc1034identifier)";
				PRODUCT_NAME = "$(TARGET_NAME)";
				TEST_HOST = "$(BUILT_PRODUCTS_DIR)/mobileapp.app/mobileapp";
			};
			name = Debug;
		};
		00E356F71AD99517003FC87E /* Release */ = {
			isa = XCBuildConfiguration;
			baseConfigurationReference = F344C86D9C38C03EEBAC5DAF /* Pods-mobileapp-mobileappTests.release.xcconfig */;
			buildSettings = {
				BUNDLE_LOADER = "$(TEST_HOST)";
				COPY_PHASE_STRIP = NO;
				INFOPLIST_FILE = mobileappTests/Info.plist;
				IPHONEOS_DEPLOYMENT_TARGET = 10.0;
				LD_RUNPATH_SEARCH_PATHS = "$(inherited) @executable_path/Frameworks @loader_path/Frameworks";
				OTHER_LDFLAGS = (
					"-ObjC",
					"-lc++",
					"$(inherited)",
				);
				PRODUCT_BUNDLE_IDENTIFIER = "org.reactjs.native.example.$(PRODUCT_NAME:rfc1034identifier)";
				PRODUCT_NAME = "$(TARGET_NAME)";
				TEST_HOST = "$(BUILT_PRODUCTS_DIR)/mobileapp.app/mobileapp";
			};
			name = Release;
		};
		13B07F941A680F5B00A75B9A /* Debug */ = {
			isa = XCBuildConfiguration;
			baseConfigurationReference = 5494F0D60307CB8E423B290F /* Pods-mobileapp.debug.xcconfig */;
			buildSettings = {
				ASSETCATALOG_COMPILER_APPICON_NAME = AppIcon;
				CLANG_ENABLE_MODULES = YES;
				CODE_SIGN_ENTITLEMENTS = mobileapp/mobileapp.entitlements;
				CODE_SIGN_IDENTITY = "Apple Development";
				CODE_SIGN_STYLE = Automatic;
				CURRENT_PROJECT_VERSION = 36;
				DEVELOPMENT_TEAM = QF253X5LF9;
				ENABLE_BITCODE = NO;
				INFOPLIST_FILE = mobileapp/Info.plist;
				LD_RUNPATH_SEARCH_PATHS = "$(inherited) @executable_path/Frameworks";
				MARKETING_VERSION = 3.2.1;
				OTHER_LDFLAGS = (
					"$(inherited)",
					"-ObjC",
					"-lc++",
				);
				PRODUCT_BUNDLE_IDENTIFIER = io.trasa.ios;
				PRODUCT_NAME = trasa;
				PROVISIONING_PROFILE_SPECIFIER = "";
				SWIFT_OPTIMIZATION_LEVEL = "-Onone";
				SWIFT_VERSION = 5.0;
				VERSIONING_SYSTEM = "apple-generic";
			};
			name = Debug;
		};
		13B07F951A680F5B00A75B9A /* Release */ = {
			isa = XCBuildConfiguration;
			baseConfigurationReference = 4858785A3DFC10940C4B273A /* Pods-mobileapp.release.xcconfig */;
			buildSettings = {
				ASSETCATALOG_COMPILER_APPICON_NAME = AppIcon;
				CLANG_ENABLE_MODULES = YES;
				CODE_SIGN_ENTITLEMENTS = mobileapp/mobileapp.entitlements;
				CODE_SIGN_IDENTITY = "Apple Development";
				CODE_SIGN_STYLE = Automatic;
				CURRENT_PROJECT_VERSION = 36;
				DEVELOPMENT_TEAM = QF253X5LF9;
				INFOPLIST_FILE = mobileapp/Info.plist;
				LD_RUNPATH_SEARCH_PATHS = "$(inherited) @executable_path/Frameworks";
				MARKETING_VERSION = 3.2.1;
				OTHER_LDFLAGS = (
					"$(inherited)",
					"-ObjC",
					"-lc++",
				);
				PRODUCT_BUNDLE_IDENTIFIER = io.trasa.ios;
				PRODUCT_NAME = trasa;
				PROVISIONING_PROFILE_SPECIFIER = "";
				SWIFT_VERSION = 5.0;
				VERSIONING_SYSTEM = "apple-generic";
			};
			name = Release;
		};
		2D02E4971E0B4A5E006451C7 /* Debug */ = {
			isa = XCBuildConfiguration;
			baseConfigurationReference = 18725C7CD041B37446A6D618 /* Pods-mobileapp-tvOS.debug.xcconfig */;
			buildSettings = {
				ASSETCATALOG_COMPILER_APPICON_NAME = "App Icon & Top Shelf Image";
				ASSETCATALOG_COMPILER_LAUNCHIMAGE_NAME = LaunchImage;
				CLANG_ANALYZER_NONNULL = YES;
				CLANG_WARN_DOCUMENTATION_COMMENTS = YES;
				CLANG_WARN_INFINITE_RECURSION = YES;
				CLANG_WARN_SUSPICIOUS_MOVE = YES;
				DEBUG_INFORMATION_FORMAT = dwarf;
				ENABLE_TESTABILITY = YES;
				GCC_NO_COMMON_BLOCKS = YES;
				INFOPLIST_FILE = "mobileapp-tvOS/Info.plist";
				LD_RUNPATH_SEARCH_PATHS = "$(inherited) @executable_path/Frameworks";
				OTHER_LDFLAGS = (
					"$(inherited)",
					"-ObjC",
					"-lc++",
				);
				PRODUCT_BUNDLE_IDENTIFIER = "org.reactjs.native.example.mobileapp-tvOS";
				PRODUCT_NAME = "$(TARGET_NAME)";
				SDKROOT = appletvos;
				TARGETED_DEVICE_FAMILY = 3;
				TVOS_DEPLOYMENT_TARGET = 10.0;
			};
			name = Debug;
		};
		2D02E4981E0B4A5E006451C7 /* Release */ = {
			isa = XCBuildConfiguration;
			baseConfigurationReference = B5B0ECCB8A7030C98C3915A0 /* Pods-mobileapp-tvOS.release.xcconfig */;
			buildSettings = {
				ASSETCATALOG_COMPILER_APPICON_NAME = "App Icon & Top Shelf Image";
				ASSETCATALOG_COMPILER_LAUNCHIMAGE_NAME = LaunchImage;
				CLANG_ANALYZER_NONNULL = YES;
				CLANG_WARN_DOCUMENTATION_COMMENTS = YES;
				CLANG_WARN_INFINITE_RECURSION = YES;
				CLANG_WARN_SUSPICIOUS_MOVE = YES;
				COPY_PHASE_STRIP = NO;
				DEBUG_INFORMATION_FORMAT = "dwarf-with-dsym";
				GCC_NO_COMMON_BLOCKS = YES;
				INFOPLIST_FILE = "mobileapp-tvOS/Info.plist";
				LD_RUNPATH_SEARCH_PATHS = "$(inherited) @executable_path/Frameworks";
				OTHER_LDFLAGS = (
					"$(inherited)",
					"-ObjC",
					"-lc++",
				);
				PRODUCT_BUNDLE_IDENTIFIER = "org.reactjs.native.example.mobileapp-tvOS";
				PRODUCT_NAME = "$(TARGET_NAME)";
				SDKROOT = appletvos;
				TARGETED_DEVICE_FAMILY = 3;
				TVOS_DEPLOYMENT_TARGET = 10.0;
			};
			name = Release;
		};
		2D02E4991E0B4A5E006451C7 /* Debug */ = {
			isa = XCBuildConfiguration;
			baseConfigurationReference = 64B7559665AF3261B0C036B0 /* Pods-mobileapp-tvOSTests.debug.xcconfig */;
			buildSettings = {
				BUNDLE_LOADER = "$(TEST_HOST)";
				CLANG_ANALYZER_NONNULL = YES;
				CLANG_WARN_DOCUMENTATION_COMMENTS = YES;
				CLANG_WARN_INFINITE_RECURSION = YES;
				CLANG_WARN_SUSPICIOUS_MOVE = YES;
				DEBUG_INFORMATION_FORMAT = dwarf;
				ENABLE_TESTABILITY = YES;
				GCC_NO_COMMON_BLOCKS = YES;
				INFOPLIST_FILE = "mobileapp-tvOSTests/Info.plist";
				LD_RUNPATH_SEARCH_PATHS = "$(inherited) @executable_path/Frameworks @loader_path/Frameworks";
				OTHER_LDFLAGS = (
					"$(inherited)",
					"-ObjC",
					"-lc++",
				);
				PRODUCT_BUNDLE_IDENTIFIER = "org.reactjs.native.example.mobileapp-tvOSTests";
				PRODUCT_NAME = "$(TARGET_NAME)";
				SDKROOT = appletvos;
				TEST_HOST = "$(BUILT_PRODUCTS_DIR)/mobileapp-tvOS.app/mobileapp-tvOS";
				TVOS_DEPLOYMENT_TARGET = 10.1;
			};
			name = Debug;
		};
		2D02E49A1E0B4A5E006451C7 /* Release */ = {
			isa = XCBuildConfiguration;
			baseConfigurationReference = 2FDE0A7944F911BAE07103E6 /* Pods-mobileapp-tvOSTests.release.xcconfig */;
			buildSettings = {
				BUNDLE_LOADER = "$(TEST_HOST)";
				CLANG_ANALYZER_NONNULL = YES;
				CLANG_WARN_DOCUMENTATION_COMMENTS = YES;
				CLANG_WARN_INFINITE_RECURSION = YES;
				CLANG_WARN_SUSPICIOUS_MOVE = YES;
				COPY_PHASE_STRIP = NO;
				DEBUG_INFORMATION_FORMAT = "dwarf-with-dsym";
				GCC_NO_COMMON_BLOCKS = YES;
				INFOPLIST_FILE = "mobileapp-tvOSTests/Info.plist";
				LD_RUNPATH_SEARCH_PATHS = "$(inherited) @executable_path/Frameworks @loader_path/Frameworks";
				OTHER_LDFLAGS = (
					"$(inherited)",
					"-ObjC",
					"-lc++",
				);
				PRODUCT_BUNDLE_IDENTIFIER = "org.reactjs.native.example.mobileapp-tvOSTests";
				PRODUCT_NAME = "$(TARGET_NAME)";
				SDKROOT = appletvos;
				TEST_HOST = "$(BUILT_PRODUCTS_DIR)/mobileapp-tvOS.app/mobileapp-tvOS";
				TVOS_DEPLOYMENT_TARGET = 10.1;
			};
			name = Release;
		};
		83CBBA201A601CBA00E9B192 /* Debug */ = {
			isa = XCBuildConfiguration;
			buildSettings = {
				ALWAYS_SEARCH_USER_PATHS = NO;
				CLANG_ANALYZER_LOCALIZABILITY_NONLOCALIZED = YES;
				CLANG_CXX_LANGUAGE_STANDARD = "gnu++0x";
				CLANG_CXX_LIBRARY = "libc++";
				CLANG_ENABLE_MODULES = YES;
				CLANG_ENABLE_OBJC_ARC = YES;
				CLANG_WARN_BLOCK_CAPTURE_AUTORELEASING = YES;
				CLANG_WARN_BOOL_CONVERSION = YES;
				CLANG_WARN_COMMA = YES;
				CLANG_WARN_CONSTANT_CONVERSION = YES;
				CLANG_WARN_DEPRECATED_OBJC_IMPLEMENTATIONS = YES;
				CLANG_WARN_DIRECT_OBJC_ISA_USAGE = YES_ERROR;
				CLANG_WARN_EMPTY_BODY = YES;
				CLANG_WARN_ENUM_CONVERSION = YES;
				CLANG_WARN_INFINITE_RECURSION = YES;
				CLANG_WARN_INT_CONVERSION = YES;
				CLANG_WARN_NON_LITERAL_NULL_CONVERSION = YES;
				CLANG_WARN_OBJC_IMPLICIT_RETAIN_SELF = YES;
				CLANG_WARN_OBJC_LITERAL_CONVERSION = YES;
				CLANG_WARN_OBJC_ROOT_CLASS = YES_ERROR;
				CLANG_WARN_RANGE_LOOP_ANALYSIS = YES;
				CLANG_WARN_STRICT_PROTOTYPES = YES;
				CLANG_WARN_SUSPICIOUS_MOVE = YES;
				CLANG_WARN_UNREACHABLE_CODE = YES;
				CLANG_WARN__DUPLICATE_METHOD_MATCH = YES;
				"CODE_SIGN_IDENTITY[sdk=iphoneos*]" = "iPhone Developer";
				COPY_PHASE_STRIP = NO;
				ENABLE_STRICT_OBJC_MSGSEND = YES;
				ENABLE_TESTABILITY = YES;
				GCC_C_LANGUAGE_STANDARD = gnu99;
				GCC_DYNAMIC_NO_PIC = NO;
				GCC_NO_COMMON_BLOCKS = YES;
				GCC_OPTIMIZATION_LEVEL = 0;
				GCC_PREPROCESSOR_DEFINITIONS = (
					"DEBUG=1",
					"$(inherited)",
				);
				GCC_SYMBOLS_PRIVATE_EXTERN = NO;
				GCC_WARN_64_TO_32_BIT_CONVERSION = YES;
				GCC_WARN_ABOUT_RETURN_TYPE = YES_ERROR;
				GCC_WARN_UNDECLARED_SELECTOR = YES;
				GCC_WARN_UNINITIALIZED_AUTOS = YES_AGGRESSIVE;
				GCC_WARN_UNUSED_FUNCTION = YES;
				GCC_WARN_UNUSED_VARIABLE = YES;
				IPHONEOS_DEPLOYMENT_TARGET = 10.0;
				LD_RUNPATH_SEARCH_PATHS = "/usr/lib/swift $(inherited)";
				LIBRARY_SEARCH_PATHS = (
					"\"$(TOOLCHAIN_DIR)/usr/lib/swift/$(PLATFORM_NAME)\"",
					"\"$(TOOLCHAIN_DIR)/usr/lib/swift-5.0/$(PLATFORM_NAME)\"",
					"\"$(inherited)\"",
				);
				MTL_ENABLE_DEBUG_INFO = YES;
				ONLY_ACTIVE_ARCH = YES;
				SDKROOT = iphoneos;
			};
			name = Debug;
		};
		83CBBA211A601CBA00E9B192 /* Release */ = {
			isa = XCBuildConfiguration;
			buildSettings = {
				ALWAYS_SEARCH_USER_PATHS = NO;
				CLANG_ANALYZER_LOCALIZABILITY_NONLOCALIZED = YES;
				CLANG_CXX_LANGUAGE_STANDARD = "gnu++0x";
				CLANG_CXX_LIBRARY = "libc++";
				CLANG_ENABLE_MODULES = YES;
				CLANG_ENABLE_OBJC_ARC = YES;
				CLANG_WARN_BLOCK_CAPTURE_AUTORELEASING = YES;
				CLANG_WARN_BOOL_CONVERSION = YES;
				CLANG_WARN_COMMA = YES;
				CLANG_WARN_CONSTANT_CONVERSION = YES;
				CLANG_WARN_DEPRECATED_OBJC_IMPLEMENTATIONS = YES;
				CLANG_WARN_DIRECT_OBJC_ISA_USAGE = YES_ERROR;
				CLANG_WARN_EMPTY_BODY = YES;
				CLANG_WARN_ENUM_CONVERSION = YES;
				CLANG_WARN_INFINITE_RECURSION = YES;
				CLANG_WARN_INT_CONVERSION = YES;
				CLANG_WARN_NON_LITERAL_NULL_CONVERSION = YES;
				CLANG_WARN_OBJC_IMPLICIT_RETAIN_SELF = YES;
				CLANG_WARN_OBJC_LITERAL_CONVERSION = YES;
				CLANG_WARN_OBJC_ROOT_CLASS = YES_ERROR;
				CLANG_WARN_RANGE_LOOP_ANALYSIS = YES;
				CLANG_WARN_STRICT_PROTOTYPES = YES;
				CLANG_WARN_SUSPICIOUS_MOVE = YES;
				CLANG_WARN_UNREACHABLE_CODE = YES;
				CLANG_WARN__DUPLICATE_METHOD_MATCH = YES;
				"CODE_SIGN_IDENTITY[sdk=iphoneos*]" = "iPhone Developer";
				COPY_PHASE_STRIP = YES;
				ENABLE_NS_ASSERTIONS = NO;
				ENABLE_STRICT_OBJC_MSGSEND = YES;
				GCC_C_LANGUAGE_STANDARD = gnu99;
				GCC_NO_COMMON_BLOCKS = YES;
				GCC_WARN_64_TO_32_BIT_CONVERSION = YES;
				GCC_WARN_ABOUT_RETURN_TYPE = YES_ERROR;
				GCC_WARN_UNDECLARED_SELECTOR = YES;
				GCC_WARN_UNINITIALIZED_AUTOS = YES_AGGRESSIVE;
				GCC_WARN_UNUSED_FUNCTION = YES;
				GCC_WARN_UNUSED_VARIABLE = YES;
				IPHONEOS_DEPLOYMENT_TARGET = 10.0;
				LD_RUNPATH_SEARCH_PATHS = "/usr/lib/swift $(inherited)";
				LIBRARY_SEARCH_PATHS = (
					"\"$(TOOLCHAIN_DIR)/usr/lib/swift/$(PLATFORM_NAME)\"",
					"\"$(TOOLCHAIN_DIR)/usr/lib/swift-5.0/$(PLATFORM_NAME)\"",
					"\"$(inherited)\"",
				);
				MTL_ENABLE_DEBUG_INFO = NO;
				SDKROOT = iphoneos;
				VALIDATE_PRODUCT = YES;
			};
			name = Release;
		};
/* End XCBuildConfiguration section */

/* Begin XCConfigurationList section */
		00E357021AD99517003FC87E /* Build configuration list for PBXNativeTarget "mobileappTests" */ = {
			isa = XCConfigurationList;
			buildConfigurations = (
				00E356F61AD99517003FC87E /* Debug */,
				00E356F71AD99517003FC87E /* Release */,
			);
			defaultConfigurationIsVisible = 0;
			defaultConfigurationName = Release;
		};
		13B07F931A680F5B00A75B9A /* Build configuration list for PBXNativeTarget "mobileapp" */ = {
			isa = XCConfigurationList;
			buildConfigurations = (
				13B07F941A680F5B00A75B9A /* Debug */,
				13B07F951A680F5B00A75B9A /* Release */,
			);
			defaultConfigurationIsVisible = 0;
			defaultConfigurationName = Release;
		};
		2D02E4BA1E0B4A5E006451C7 /* Build configuration list for PBXNativeTarget "mobileapp-tvOS" */ = {
			isa = XCConfigurationList;
			buildConfigurations = (
				2D02E4971E0B4A5E006451C7 /* Debug */,
				2D02E4981E0B4A5E006451C7 /* Release */,
			);
			defaultConfigurationIsVisible = 0;
			defaultConfigurationName = Release;
		};
		2D02E4BB1E0B4A5E006451C7 /* Build configuration list for PBXNativeTarget "mobileapp-tvOSTests" */ = {
			isa = XCConfigurationList;
			buildConfigurations = (
				2D02E4991E0B4A5E006451C7 /* Debug */,
				2D02E49A1E0B4A5E006451C7 /* Release */,
			);
			defaultConfigurationIsVisible = 0;
			defaultConfigurationName = Release;
		};
		83CBB9FA1A601CBA00E9B192 /* Build configuration list for PBXProject "mobileapp" */ = {
			isa = XCConfigurationList;
			buildConfigurations = (
				83CBBA201A601CBA00E9B192 /* Debug */,
				83CBBA211A601CBA00E9B192 /* Release */,
			);
			defaultConfigurationIsVisible = 0;
			defaultConfigurationName = Release;
		};
/* End XCConfigurationList section */
	};
	rootObject = 83CBB9F71A601CBA00E9B192 /* Project object */;
}
